// !$*UTF8*$!
{
	archiveVersion = 1;
	classes = {
	};
	objectVersion = 50;
	objects = {

/* Begin PBXBuildFile section */
		4210C463A6A18BA4DDE78173 /* Pods_MangaReader.framework in Frameworks */ = {isa = PBXBuildFile; fileRef = 0FD908038762DEE3A978F955 /* Pods_MangaReader.framework */; };
		6B3FC32AFC97A3EEBF5989C6 /* Pods_MangaReaderUITests.framework in Frameworks */ = {isa = PBXBuildFile; fileRef = 5F13E9F51127395F4C02644A /* Pods_MangaReaderUITests.framework */; };
		840944DA22249E82002183D6 /* PageDetailViewController.swift in Sources */ = {isa = PBXBuildFile; fileRef = 840944D822249E82002183D6 /* PageDetailViewController.swift */; };
		840944DB22249E82002183D6 /* PageDetailViewController.xib in Resources */ = {isa = PBXBuildFile; fileRef = 840944D922249E82002183D6 /* PageDetailViewController.xib */; };
		84186960222474EC00C689DC /* LibraryCollectionViewLayout.swift in Sources */ = {isa = PBXBuildFile; fileRef = 8418695F222474EC00C689DC /* LibraryCollectionViewLayout.swift */; };
		8418696D222495FE00C689DC /* Manga.swift in Sources */ = {isa = PBXBuildFile; fileRef = 8418696B222495FD00C689DC /* Manga.swift */; };
		8418696E222495FE00C689DC /* Manga+CoreDataProperties.swift in Sources */ = {isa = PBXBuildFile; fileRef = 8418696C222495FE00C689DC /* Manga+CoreDataProperties.swift */; };
		841B795C221F305A00659FA2 /* MangaDataSource.swift in Sources */ = {isa = PBXBuildFile; fileRef = 841B795B221F305A00659FA2 /* MangaDataSource.swift */; };
		841B795E221F6DF400659FA2 /* FullScreenPageViewController.swift in Sources */ = {isa = PBXBuildFile; fileRef = 841B795D221F6DF400659FA2 /* FullScreenPageViewController.swift */; };
		843FA7DF221DEDDF00B86B52 /* AddMangasCoordinator.swift in Sources */ = {isa = PBXBuildFile; fileRef = 843FA7DE221DEDDF00B86B52 /* AddMangasCoordinator.swift */; };
		843FA7E2221DF0C300B86B52 /* WebServerViewController.swift in Sources */ = {isa = PBXBuildFile; fileRef = 843FA7E0221DF0C300B86B52 /* WebServerViewController.swift */; };
		843FA7E3221DF0C300B86B52 /* WebServerViewController.xib in Resources */ = {isa = PBXBuildFile; fileRef = 843FA7E1221DF0C300B86B52 /* WebServerViewController.xib */; };
		843FA7E9221DFE9E00B86B52 /* CBZReader.swift in Sources */ = {isa = PBXBuildFile; fileRef = 843FA7E8221DFE9E00B86B52 /* CBZReader.swift */; };
		843FA7EC221E0BE900B86B52 /* PageViewController.swift in Sources */ = {isa = PBXBuildFile; fileRef = 843FA7EA221E0BE900B86B52 /* PageViewController.swift */; };
		843FA7ED221E0BE900B86B52 /* PageViewController.xib in Resources */ = {isa = PBXBuildFile; fileRef = 843FA7EB221E0BE900B86B52 /* PageViewController.xib */; };
		84A831E7221D90CA00CEE1C9 /* AppDelegate.swift in Sources */ = {isa = PBXBuildFile; fileRef = 84A831E6221D90CA00CEE1C9 /* AppDelegate.swift */; };
		84A831EF221D90CA00CEE1C9 /* MangaReader.xcdatamodeld in Sources */ = {isa = PBXBuildFile; fileRef = 84A831ED221D90CA00CEE1C9 /* MangaReader.xcdatamodeld */; };
		84A831F1221D90CC00CEE1C9 /* Assets.xcassets in Resources */ = {isa = PBXBuildFile; fileRef = 84A831F0221D90CC00CEE1C9 /* Assets.xcassets */; };
		84A831F4221D90CC00CEE1C9 /* LaunchScreen.storyboard in Resources */ = {isa = PBXBuildFile; fileRef = 84A831F2221D90CC00CEE1C9 /* LaunchScreen.storyboard */; };
		84A831FF221D90CC00CEE1C9 /* MangaReaderTests.swift in Sources */ = {isa = PBXBuildFile; fileRef = 84A831FE221D90CC00CEE1C9 /* MangaReaderTests.swift */; };
		84A8320A221D90CC00CEE1C9 /* MangaReaderUITests.swift in Sources */ = {isa = PBXBuildFile; fileRef = 84A83209221D90CC00CEE1C9 /* MangaReaderUITests.swift */; };
		84A83219221D923800CEE1C9 /* AppCoordinator.swift in Sources */ = {isa = PBXBuildFile; fileRef = 84A83218221D923800CEE1C9 /* AppCoordinator.swift */; };
		84A8321D221D951500CEE1C9 /* LibraryViewController.swift in Sources */ = {isa = PBXBuildFile; fileRef = 84A8321B221D951500CEE1C9 /* LibraryViewController.swift */; };
		84A8321E221D951500CEE1C9 /* LibraryViewController.xib in Resources */ = {isa = PBXBuildFile; fileRef = 84A8321C221D951500CEE1C9 /* LibraryViewController.xib */; };
		84A83221221D9F7000CEE1C9 /* CoreDataManager.swift in Sources */ = {isa = PBXBuildFile; fileRef = 84A83220221D9F7000CEE1C9 /* CoreDataManager.swift */; };
		84A83224221DB10400CEE1C9 /* MangaCollectionViewCell.swift in Sources */ = {isa = PBXBuildFile; fileRef = 84A83222221DB10400CEE1C9 /* MangaCollectionViewCell.swift */; };
		84A83225221DB10400CEE1C9 /* MangaCollectionViewCell.xib in Resources */ = {isa = PBXBuildFile; fileRef = 84A83223221DB10400CEE1C9 /* MangaCollectionViewCell.xib */; };
		C236795ADDD5F8B005824580 /* Pods_MangaReaderTests.framework in Frameworks */ = {isa = PBXBuildFile; fileRef = F9CF3EF06DC7DAF652B13D2F /* Pods_MangaReaderTests.framework */; };
/* End PBXBuildFile section */

/* Begin PBXContainerItemProxy section */
		84A831FB221D90CC00CEE1C9 /* PBXContainerItemProxy */ = {
			isa = PBXContainerItemProxy;
			containerPortal = 84A831DB221D90CA00CEE1C9 /* Project object */;
			proxyType = 1;
			remoteGlobalIDString = 84A831E2221D90CA00CEE1C9;
			remoteInfo = MangaReader;
		};
		84A83206221D90CC00CEE1C9 /* PBXContainerItemProxy */ = {
			isa = PBXContainerItemProxy;
			containerPortal = 84A831DB221D90CA00CEE1C9 /* Project object */;
			proxyType = 1;
			remoteGlobalIDString = 84A831E2221D90CA00CEE1C9;
			remoteInfo = MangaReader;
		};
/* End PBXContainerItemProxy section */

/* Begin PBXFileReference section */
		06DADBF3922C1A6DDC6C798A /* Pods-MangaReaderUITests.release.xcconfig */ = {isa = PBXFileReference; includeInIndex = 1; lastKnownFileType = text.xcconfig; name = "Pods-MangaReaderUITests.release.xcconfig"; path = "Pods/Target Support Files/Pods-MangaReaderUITests/Pods-MangaReaderUITests.release.xcconfig"; sourceTree = "<group>"; };
		0FD908038762DEE3A978F955 /* Pods_MangaReader.framework */ = {isa = PBXFileReference; explicitFileType = wrapper.framework; includeInIndex = 0; path = Pods_MangaReader.framework; sourceTree = BUILT_PRODUCTS_DIR; };
		5F13E9F51127395F4C02644A /* Pods_MangaReaderUITests.framework */ = {isa = PBXFileReference; explicitFileType = wrapper.framework; includeInIndex = 0; path = Pods_MangaReaderUITests.framework; sourceTree = BUILT_PRODUCTS_DIR; };
		840944D822249E82002183D6 /* PageDetailViewController.swift */ = {isa = PBXFileReference; lastKnownFileType = sourcecode.swift; path = PageDetailViewController.swift; sourceTree = "<group>"; };
		840944D922249E82002183D6 /* PageDetailViewController.xib */ = {isa = PBXFileReference; lastKnownFileType = file.xib; path = PageDetailViewController.xib; sourceTree = "<group>"; };
		8418695F222474EC00C689DC /* LibraryCollectionViewLayout.swift */ = {isa = PBXFileReference; lastKnownFileType = sourcecode.swift; path = LibraryCollectionViewLayout.swift; sourceTree = "<group>"; };
		8418696B222495FD00C689DC /* Manga.swift */ = {isa = PBXFileReference; lastKnownFileType = sourcecode.swift; path = Manga.swift; sourceTree = "<group>"; };
		8418696C222495FE00C689DC /* Manga+CoreDataProperties.swift */ = {isa = PBXFileReference; lastKnownFileType = sourcecode.swift; path = "Manga+CoreDataProperties.swift"; sourceTree = "<group>"; };
		841B795B221F305A00659FA2 /* MangaDataSource.swift */ = {isa = PBXFileReference; lastKnownFileType = sourcecode.swift; path = MangaDataSource.swift; sourceTree = "<group>"; };
		841B795D221F6DF400659FA2 /* FullScreenPageViewController.swift */ = {isa = PBXFileReference; lastKnownFileType = sourcecode.swift; path = FullScreenPageViewController.swift; sourceTree = "<group>"; };
		843FA7DA221DE69200B86B52 /* MangaReader-Bridging-Header.h */ = {isa = PBXFileReference; lastKnownFileType = sourcecode.c.h; path = "MangaReader-Bridging-Header.h"; sourceTree = "<group>"; };
		843FA7DE221DEDDF00B86B52 /* AddMangasCoordinator.swift */ = {isa = PBXFileReference; lastKnownFileType = sourcecode.swift; path = AddMangasCoordinator.swift; sourceTree = "<group>"; };
		843FA7E0221DF0C300B86B52 /* WebServerViewController.swift */ = {isa = PBXFileReference; lastKnownFileType = sourcecode.swift; path = WebServerViewController.swift; sourceTree = "<group>"; };
		843FA7E1221DF0C300B86B52 /* WebServerViewController.xib */ = {isa = PBXFileReference; lastKnownFileType = file.xib; path = WebServerViewController.xib; sourceTree = "<group>"; };
		843FA7E8221DFE9E00B86B52 /* CBZReader.swift */ = {isa = PBXFileReference; lastKnownFileType = sourcecode.swift; path = CBZReader.swift; sourceTree = "<group>"; };
		843FA7EA221E0BE900B86B52 /* PageViewController.swift */ = {isa = PBXFileReference; lastKnownFileType = sourcecode.swift; path = PageViewController.swift; sourceTree = "<group>"; };
		843FA7EB221E0BE900B86B52 /* PageViewController.xib */ = {isa = PBXFileReference; lastKnownFileType = file.xib; path = PageViewController.xib; sourceTree = "<group>"; };
		84A831E3221D90CA00CEE1C9 /* MangaReader.app */ = {isa = PBXFileReference; explicitFileType = wrapper.application; includeInIndex = 0; path = MangaReader.app; sourceTree = BUILT_PRODUCTS_DIR; };
		84A831E6221D90CA00CEE1C9 /* AppDelegate.swift */ = {isa = PBXFileReference; lastKnownFileType = sourcecode.swift; path = AppDelegate.swift; sourceTree = "<group>"; };
		84A831EE221D90CA00CEE1C9 /* MangaReader.xcdatamodel */ = {isa = PBXFileReference; lastKnownFileType = wrapper.xcdatamodel; path = MangaReader.xcdatamodel; sourceTree = "<group>"; };
		84A831F0221D90CC00CEE1C9 /* Assets.xcassets */ = {isa = PBXFileReference; lastKnownFileType = folder.assetcatalog; path = Assets.xcassets; sourceTree = "<group>"; };
		84A831F3221D90CC00CEE1C9 /* Base */ = {isa = PBXFileReference; lastKnownFileType = file.storyboard; name = Base; path = Base.lproj/LaunchScreen.storyboard; sourceTree = "<group>"; };
		84A831F5221D90CC00CEE1C9 /* Info.plist */ = {isa = PBXFileReference; lastKnownFileType = text.plist.xml; path = Info.plist; sourceTree = "<group>"; };
		84A831FA221D90CC00CEE1C9 /* MangaReaderTests.xctest */ = {isa = PBXFileReference; explicitFileType = wrapper.cfbundle; includeInIndex = 0; path = MangaReaderTests.xctest; sourceTree = BUILT_PRODUCTS_DIR; };
		84A831FE221D90CC00CEE1C9 /* MangaReaderTests.swift */ = {isa = PBXFileReference; lastKnownFileType = sourcecode.swift; path = MangaReaderTests.swift; sourceTree = "<group>"; };
		84A83200221D90CC00CEE1C9 /* Info.plist */ = {isa = PBXFileReference; lastKnownFileType = text.plist.xml; path = Info.plist; sourceTree = "<group>"; };
		84A83205221D90CC00CEE1C9 /* MangaReaderUITests.xctest */ = {isa = PBXFileReference; explicitFileType = wrapper.cfbundle; includeInIndex = 0; path = MangaReaderUITests.xctest; sourceTree = BUILT_PRODUCTS_DIR; };
		84A83209221D90CC00CEE1C9 /* MangaReaderUITests.swift */ = {isa = PBXFileReference; lastKnownFileType = sourcecode.swift; path = MangaReaderUITests.swift; sourceTree = "<group>"; };
		84A8320B221D90CC00CEE1C9 /* Info.plist */ = {isa = PBXFileReference; lastKnownFileType = text.plist.xml; path = Info.plist; sourceTree = "<group>"; };
		84A83218221D923800CEE1C9 /* AppCoordinator.swift */ = {isa = PBXFileReference; lastKnownFileType = sourcecode.swift; path = AppCoordinator.swift; sourceTree = "<group>"; };
		84A8321B221D951500CEE1C9 /* LibraryViewController.swift */ = {isa = PBXFileReference; lastKnownFileType = sourcecode.swift; path = LibraryViewController.swift; sourceTree = "<group>"; };
		84A8321C221D951500CEE1C9 /* LibraryViewController.xib */ = {isa = PBXFileReference; lastKnownFileType = file.xib; path = LibraryViewController.xib; sourceTree = "<group>"; };
		84A83220221D9F7000CEE1C9 /* CoreDataManager.swift */ = {isa = PBXFileReference; lastKnownFileType = sourcecode.swift; path = CoreDataManager.swift; sourceTree = "<group>"; };
		84A83222221DB10400CEE1C9 /* MangaCollectionViewCell.swift */ = {isa = PBXFileReference; lastKnownFileType = sourcecode.swift; path = MangaCollectionViewCell.swift; sourceTree = "<group>"; };
		84A83223221DB10400CEE1C9 /* MangaCollectionViewCell.xib */ = {isa = PBXFileReference; lastKnownFileType = file.xib; path = MangaCollectionViewCell.xib; sourceTree = "<group>"; };
		8B52D48335DF1FCD9AF209A0 /* Pods-MangaReader.release.xcconfig */ = {isa = PBXFileReference; includeInIndex = 1; lastKnownFileType = text.xcconfig; name = "Pods-MangaReader.release.xcconfig"; path = "Pods/Target Support Files/Pods-MangaReader/Pods-MangaReader.release.xcconfig"; sourceTree = "<group>"; };
		B5312D435FC7B69256070F18 /* Pods-MangaReaderUITests.debug.xcconfig */ = {isa = PBXFileReference; includeInIndex = 1; lastKnownFileType = text.xcconfig; name = "Pods-MangaReaderUITests.debug.xcconfig"; path = "Pods/Target Support Files/Pods-MangaReaderUITests/Pods-MangaReaderUITests.debug.xcconfig"; sourceTree = "<group>"; };
		BA8018811D3665B1CC081AAA /* Pods-MangaReader.debug.xcconfig */ = {isa = PBXFileReference; includeInIndex = 1; lastKnownFileType = text.xcconfig; name = "Pods-MangaReader.debug.xcconfig"; path = "Pods/Target Support Files/Pods-MangaReader/Pods-MangaReader.debug.xcconfig"; sourceTree = "<group>"; };
		C94EFCDFF019ADD087B49048 /* Pods-MangaReaderTests.debug.xcconfig */ = {isa = PBXFileReference; includeInIndex = 1; lastKnownFileType = text.xcconfig; name = "Pods-MangaReaderTests.debug.xcconfig"; path = "Pods/Target Support Files/Pods-MangaReaderTests/Pods-MangaReaderTests.debug.xcconfig"; sourceTree = "<group>"; };
		DAAD206ACD0500040A70A9EB /* Pods-MangaReaderTests.release.xcconfig */ = {isa = PBXFileReference; includeInIndex = 1; lastKnownFileType = text.xcconfig; name = "Pods-MangaReaderTests.release.xcconfig"; path = "Pods/Target Support Files/Pods-MangaReaderTests/Pods-MangaReaderTests.release.xcconfig"; sourceTree = "<group>"; };
		F9CF3EF06DC7DAF652B13D2F /* Pods_MangaReaderTests.framework */ = {isa = PBXFileReference; explicitFileType = wrapper.framework; includeInIndex = 0; path = Pods_MangaReaderTests.framework; sourceTree = BUILT_PRODUCTS_DIR; };
/* End PBXFileReference section */

/* Begin PBXFrameworksBuildPhase section */
		84A831E0221D90CA00CEE1C9 /* Frameworks */ = {
			isa = PBXFrameworksBuildPhase;
			buildActionMask = 2147483647;
			files = (
				4210C463A6A18BA4DDE78173 /* Pods_MangaReader.framework in Frameworks */,
			);
			runOnlyForDeploymentPostprocessing = 0;
		};
		84A831F7221D90CC00CEE1C9 /* Frameworks */ = {
			isa = PBXFrameworksBuildPhase;
			buildActionMask = 2147483647;
			files = (
				C236795ADDD5F8B005824580 /* Pods_MangaReaderTests.framework in Frameworks */,
			);
			runOnlyForDeploymentPostprocessing = 0;
		};
		84A83202221D90CC00CEE1C9 /* Frameworks */ = {
			isa = PBXFrameworksBuildPhase;
			buildActionMask = 2147483647;
			files = (
				6B3FC32AFC97A3EEBF5989C6 /* Pods_MangaReaderUITests.framework in Frameworks */,
			);
			runOnlyForDeploymentPostprocessing = 0;
		};
/* End PBXFrameworksBuildPhase section */

/* Begin PBXGroup section */
		7EAAD1907EAA228FF69A9323 /* Frameworks */ = {
			isa = PBXGroup;
			children = (
				0FD908038762DEE3A978F955 /* Pods_MangaReader.framework */,
				F9CF3EF06DC7DAF652B13D2F /* Pods_MangaReaderTests.framework */,
				5F13E9F51127395F4C02644A /* Pods_MangaReaderUITests.framework */,
			);
			name = Frameworks;
			sourceTree = "<group>";
		};
		841B795A221F303900659FA2 /* Other */ = {
			isa = PBXGroup;
			children = (
				843FA7E8221DFE9E00B86B52 /* CBZReader.swift */,
				841B795B221F305A00659FA2 /* MangaDataSource.swift */,
				841B795D221F6DF400659FA2 /* FullScreenPageViewController.swift */,
				8418695F222474EC00C689DC /* LibraryCollectionViewLayout.swift */,
			);
			path = Other;
			sourceTree = "<group>";
		};
		84A831DA221D90CA00CEE1C9 = {
			isa = PBXGroup;
			children = (
				84A831E5221D90CA00CEE1C9 /* MangaReader */,
				84A831FD221D90CC00CEE1C9 /* MangaReaderTests */,
				84A83208221D90CC00CEE1C9 /* MangaReaderUITests */,
				84A831E4221D90CA00CEE1C9 /* Products */,
				93D8060B8DF929B1DE48D612 /* Pods */,
				7EAAD1907EAA228FF69A9323 /* Frameworks */,
				843FA7DA221DE69200B86B52 /* MangaReader-Bridging-Header.h */,
			);
			sourceTree = "<group>";
		};
		84A831E4221D90CA00CEE1C9 /* Products */ = {
			isa = PBXGroup;
			children = (
				84A831E3221D90CA00CEE1C9 /* MangaReader.app */,
				84A831FA221D90CC00CEE1C9 /* MangaReaderTests.xctest */,
				84A83205221D90CC00CEE1C9 /* MangaReaderUITests.xctest */,
			);
			name = Products;
			sourceTree = "<group>";
		};
		84A831E5221D90CA00CEE1C9 /* MangaReader */ = {
			isa = PBXGroup;
			children = (
				84A8321F221D9F5700CEE1C9 /* Model */,
				84A8321A221D94D400CEE1C9 /* Views */,
				84A83217221D922200CEE1C9 /* Coordinators */,
				841B795A221F303900659FA2 /* Other */,
				84A831E6221D90CA00CEE1C9 /* AppDelegate.swift */,
				84A831F0221D90CC00CEE1C9 /* Assets.xcassets */,
				84A831F2221D90CC00CEE1C9 /* LaunchScreen.storyboard */,
				84A831F5221D90CC00CEE1C9 /* Info.plist */,
			);
			path = MangaReader;
			sourceTree = "<group>";
		};
		84A831FD221D90CC00CEE1C9 /* MangaReaderTests */ = {
			isa = PBXGroup;
			children = (
				84A831FE221D90CC00CEE1C9 /* MangaReaderTests.swift */,
				84A83200221D90CC00CEE1C9 /* Info.plist */,
			);
			path = MangaReaderTests;
			sourceTree = "<group>";
		};
		84A83208221D90CC00CEE1C9 /* MangaReaderUITests */ = {
			isa = PBXGroup;
			children = (
				84A83209221D90CC00CEE1C9 /* MangaReaderUITests.swift */,
				84A8320B221D90CC00CEE1C9 /* Info.plist */,
			);
			path = MangaReaderUITests;
			sourceTree = "<group>";
		};
		84A83217221D922200CEE1C9 /* Coordinators */ = {
			isa = PBXGroup;
			children = (
				84A83218221D923800CEE1C9 /* AppCoordinator.swift */,
				843FA7DE221DEDDF00B86B52 /* AddMangasCoordinator.swift */,
			);
			path = Coordinators;
			sourceTree = "<group>";
		};
		84A8321A221D94D400CEE1C9 /* Views */ = {
			isa = PBXGroup;
			children = (
				84A8321B221D951500CEE1C9 /* LibraryViewController.swift */,
				84A8321C221D951500CEE1C9 /* LibraryViewController.xib */,
				84A83222221DB10400CEE1C9 /* MangaCollectionViewCell.swift */,
				84A83223221DB10400CEE1C9 /* MangaCollectionViewCell.xib */,
				843FA7E0221DF0C300B86B52 /* WebServerViewController.swift */,
				843FA7E1221DF0C300B86B52 /* WebServerViewController.xib */,
				843FA7EA221E0BE900B86B52 /* PageViewController.swift */,
				843FA7EB221E0BE900B86B52 /* PageViewController.xib */,
				840944D822249E82002183D6 /* PageDetailViewController.swift */,
				840944D922249E82002183D6 /* PageDetailViewController.xib */,
			);
			path = Views;
			sourceTree = "<group>";
		};
		84A8321F221D9F5700CEE1C9 /* Model */ = {
			isa = PBXGroup;
			children = (
				84A831ED221D90CA00CEE1C9 /* MangaReader.xcdatamodeld */,
				84A83220221D9F7000CEE1C9 /* CoreDataManager.swift */,
				8418696B222495FD00C689DC /* Manga.swift */,
				8418696C222495FE00C689DC /* Manga+CoreDataProperties.swift */,
			);
			path = Model;
			sourceTree = "<group>";
		};
		93D8060B8DF929B1DE48D612 /* Pods */ = {
			isa = PBXGroup;
			children = (
				BA8018811D3665B1CC081AAA /* Pods-MangaReader.debug.xcconfig */,
				8B52D48335DF1FCD9AF209A0 /* Pods-MangaReader.release.xcconfig */,
				C94EFCDFF019ADD087B49048 /* Pods-MangaReaderTests.debug.xcconfig */,
				DAAD206ACD0500040A70A9EB /* Pods-MangaReaderTests.release.xcconfig */,
				B5312D435FC7B69256070F18 /* Pods-MangaReaderUITests.debug.xcconfig */,
				06DADBF3922C1A6DDC6C798A /* Pods-MangaReaderUITests.release.xcconfig */,
			);
			name = Pods;
			sourceTree = "<group>";
		};
/* End PBXGroup section */

/* Begin PBXNativeTarget section */
		84A831E2221D90CA00CEE1C9 /* MangaReader */ = {
			isa = PBXNativeTarget;
			buildConfigurationList = 84A8320E221D90CC00CEE1C9 /* Build configuration list for PBXNativeTarget "MangaReader" */;
			buildPhases = (
				47EC031D6820EED60E125F73 /* [CP] Check Pods Manifest.lock */,
				84A831DF221D90CA00CEE1C9 /* Sources */,
				84A831E0221D90CA00CEE1C9 /* Frameworks */,
				84A831E1221D90CA00CEE1C9 /* Resources */,
				D1FBAE1E0464DE3A1AB9215B /* [CP] Embed Pods Frameworks */,
				8418695E222346F000C689DC /* ShellScript */,
			);
			buildRules = (
			);
			dependencies = (
			);
			name = MangaReader;
			productName = MangaReader;
			productReference = 84A831E3221D90CA00CEE1C9 /* MangaReader.app */;
			productType = "com.apple.product-type.application";
		};
		84A831F9221D90CC00CEE1C9 /* MangaReaderTests */ = {
			isa = PBXNativeTarget;
			buildConfigurationList = 84A83211221D90CC00CEE1C9 /* Build configuration list for PBXNativeTarget "MangaReaderTests" */;
			buildPhases = (
				EA039F059F557E0A6B94B376 /* [CP] Check Pods Manifest.lock */,
				84A831F6221D90CC00CEE1C9 /* Sources */,
				84A831F7221D90CC00CEE1C9 /* Frameworks */,
				84A831F8221D90CC00CEE1C9 /* Resources */,
			);
			buildRules = (
			);
			dependencies = (
				84A831FC221D90CC00CEE1C9 /* PBXTargetDependency */,
			);
			name = MangaReaderTests;
			productName = MangaReaderTests;
			productReference = 84A831FA221D90CC00CEE1C9 /* MangaReaderTests.xctest */;
			productType = "com.apple.product-type.bundle.unit-test";
		};
		84A83204221D90CC00CEE1C9 /* MangaReaderUITests */ = {
			isa = PBXNativeTarget;
			buildConfigurationList = 84A83214221D90CC00CEE1C9 /* Build configuration list for PBXNativeTarget "MangaReaderUITests" */;
			buildPhases = (
				1E148B4D9991442BC6BF10E8 /* [CP] Check Pods Manifest.lock */,
				84A83201221D90CC00CEE1C9 /* Sources */,
				84A83202221D90CC00CEE1C9 /* Frameworks */,
				84A83203221D90CC00CEE1C9 /* Resources */,
			);
			buildRules = (
			);
			dependencies = (
				84A83207221D90CC00CEE1C9 /* PBXTargetDependency */,
			);
			name = MangaReaderUITests;
			productName = MangaReaderUITests;
			productReference = 84A83205221D90CC00CEE1C9 /* MangaReaderUITests.xctest */;
			productType = "com.apple.product-type.bundle.ui-testing";
		};
/* End PBXNativeTarget section */

/* Begin PBXProject section */
		84A831DB221D90CA00CEE1C9 /* Project object */ = {
			isa = PBXProject;
			attributes = {
				LastSwiftUpdateCheck = 1010;
				LastUpgradeCheck = 1010;
				ORGANIZATIONNAME = Bakura;
				TargetAttributes = {
					84A831E2221D90CA00CEE1C9 = {
						CreatedOnToolsVersion = 10.1;
						LastSwiftMigration = 1010;
					};
					84A831F9221D90CC00CEE1C9 = {
						CreatedOnToolsVersion = 10.1;
						TestTargetID = 84A831E2221D90CA00CEE1C9;
					};
					84A83204221D90CC00CEE1C9 = {
						CreatedOnToolsVersion = 10.1;
						TestTargetID = 84A831E2221D90CA00CEE1C9;
					};
				};
			};
			buildConfigurationList = 84A831DE221D90CA00CEE1C9 /* Build configuration list for PBXProject "MangaReader" */;
			compatibilityVersion = "Xcode 9.3";
			developmentRegion = en;
			hasScannedForEncodings = 0;
			knownRegions = (
				en,
				Base,
			);
			mainGroup = 84A831DA221D90CA00CEE1C9;
			productRefGroup = 84A831E4221D90CA00CEE1C9 /* Products */;
			projectDirPath = "";
			projectRoot = "";
			targets = (
				84A831E2221D90CA00CEE1C9 /* MangaReader */,
				84A831F9221D90CC00CEE1C9 /* MangaReaderTests */,
				84A83204221D90CC00CEE1C9 /* MangaReaderUITests */,
			);
		};
/* End PBXProject section */

/* Begin PBXResourcesBuildPhase section */
		84A831E1221D90CA00CEE1C9 /* Resources */ = {
			isa = PBXResourcesBuildPhase;
			buildActionMask = 2147483647;
			files = (
				84A831F4221D90CC00CEE1C9 /* LaunchScreen.storyboard in Resources */,
				840944DB22249E82002183D6 /* PageDetailViewController.xib in Resources */,
				84A831F1221D90CC00CEE1C9 /* Assets.xcassets in Resources */,
				84A8321E221D951500CEE1C9 /* LibraryViewController.xib in Resources */,
				843FA7ED221E0BE900B86B52 /* PageViewController.xib in Resources */,
				843FA7E3221DF0C300B86B52 /* WebServerViewController.xib in Resources */,
				84A83225221DB10400CEE1C9 /* MangaCollectionViewCell.xib in Resources */,
			);
			runOnlyForDeploymentPostprocessing = 0;
		};
		84A831F8221D90CC00CEE1C9 /* Resources */ = {
			isa = PBXResourcesBuildPhase;
			buildActionMask = 2147483647;
			files = (
			);
			runOnlyForDeploymentPostprocessing = 0;
		};
		84A83203221D90CC00CEE1C9 /* Resources */ = {
			isa = PBXResourcesBuildPhase;
			buildActionMask = 2147483647;
			files = (
			);
			runOnlyForDeploymentPostprocessing = 0;
		};
/* End PBXResourcesBuildPhase section */

/* Begin PBXShellScriptBuildPhase section */
		1E148B4D9991442BC6BF10E8 /* [CP] Check Pods Manifest.lock */ = {
			isa = PBXShellScriptBuildPhase;
			buildActionMask = 2147483647;
			files = (
			);
			inputPaths = (
				"${PODS_PODFILE_DIR_PATH}/Podfile.lock",
				"${PODS_ROOT}/Manifest.lock",
			);
			name = "[CP] Check Pods Manifest.lock";
			outputPaths = (
				"$(DERIVED_FILE_DIR)/Pods-MangaReaderUITests-checkManifestLockResult.txt",
			);
			runOnlyForDeploymentPostprocessing = 0;
			shellPath = /bin/sh;
			shellScript = "diff \"${PODS_PODFILE_DIR_PATH}/Podfile.lock\" \"${PODS_ROOT}/Manifest.lock\" > /dev/null\nif [ $? != 0 ] ; then\n    # print error to STDERR\n    echo \"error: The sandbox is not in sync with the Podfile.lock. Run 'pod install' or update your CocoaPods installation.\" >&2\n    exit 1\nfi\n# This output is used by Xcode 'outputs' to avoid re-running this script phase.\necho \"SUCCESS\" > \"${SCRIPT_OUTPUT_FILE_0}\"\n";
			showEnvVarsInLog = 0;
		};
		47EC031D6820EED60E125F73 /* [CP] Check Pods Manifest.lock */ = {
			isa = PBXShellScriptBuildPhase;
			buildActionMask = 2147483647;
			files = (
			);
			inputPaths = (
				"${PODS_PODFILE_DIR_PATH}/Podfile.lock",
				"${PODS_ROOT}/Manifest.lock",
			);
			name = "[CP] Check Pods Manifest.lock";
			outputPaths = (
				"$(DERIVED_FILE_DIR)/Pods-MangaReader-checkManifestLockResult.txt",
			);
			runOnlyForDeploymentPostprocessing = 0;
			shellPath = /bin/sh;
			shellScript = "diff \"${PODS_PODFILE_DIR_PATH}/Podfile.lock\" \"${PODS_ROOT}/Manifest.lock\" > /dev/null\nif [ $? != 0 ] ; then\n    # print error to STDERR\n    echo \"error: The sandbox is not in sync with the Podfile.lock. Run 'pod install' or update your CocoaPods installation.\" >&2\n    exit 1\nfi\n# This output is used by Xcode 'outputs' to avoid re-running this script phase.\necho \"SUCCESS\" > \"${SCRIPT_OUTPUT_FILE_0}\"\n";
			showEnvVarsInLog = 0;
		};
		8418695E222346F000C689DC /* ShellScript */ = {
			isa = PBXShellScriptBuildPhase;
			buildActionMask = 2147483647;
			files = (
			);
			inputFileListPaths = (
			);
			inputPaths = (
			);
			outputFileListPaths = (
			);
			outputPaths = (
			);
			runOnlyForDeploymentPostprocessing = 0;
			shellPath = /bin/sh;
			shellScript = "if which swiftlint >/dev/null; then\nswiftlint\nelse\necho \"warning: SwiftLint not installed, download from https://github.com/realm/SwiftLint\"\nfi\n";
		};
		D1FBAE1E0464DE3A1AB9215B /* [CP] Embed Pods Frameworks */ = {
			isa = PBXShellScriptBuildPhase;
			buildActionMask = 2147483647;
			files = (
			);
			inputPaths = (
				"${SRCROOT}/Pods/Target Support Files/Pods-MangaReader/Pods-MangaReader-frameworks.sh",
				"${BUILT_PRODUCTS_DIR}/GCDWebServer/GCDWebServer.framework",
				"${BUILT_PRODUCTS_DIR}/UIImageViewAlignedSwift/UIImageViewAlignedSwift.framework",
				"${BUILT_PRODUCTS_DIR}/ZIPFoundation/ZIPFoundation.framework",
			);
			name = "[CP] Embed Pods Frameworks";
			outputPaths = (
				"${TARGET_BUILD_DIR}/${FRAMEWORKS_FOLDER_PATH}/GCDWebServer.framework",
				"${TARGET_BUILD_DIR}/${FRAMEWORKS_FOLDER_PATH}/UIImageViewAlignedSwift.framework",
				"${TARGET_BUILD_DIR}/${FRAMEWORKS_FOLDER_PATH}/ZIPFoundation.framework",
			);
			runOnlyForDeploymentPostprocessing = 0;
			shellPath = /bin/sh;
			shellScript = "\"${SRCROOT}/Pods/Target Support Files/Pods-MangaReader/Pods-MangaReader-frameworks.sh\"\n";
			showEnvVarsInLog = 0;
		};
		EA039F059F557E0A6B94B376 /* [CP] Check Pods Manifest.lock */ = {
			isa = PBXShellScriptBuildPhase;
			buildActionMask = 2147483647;
			files = (
			);
			inputPaths = (
				"${PODS_PODFILE_DIR_PATH}/Podfile.lock",
				"${PODS_ROOT}/Manifest.lock",
			);
			name = "[CP] Check Pods Manifest.lock";
			outputPaths = (
				"$(DERIVED_FILE_DIR)/Pods-MangaReaderTests-checkManifestLockResult.txt",
			);
			runOnlyForDeploymentPostprocessing = 0;
			shellPath = /bin/sh;
			shellScript = "diff \"${PODS_PODFILE_DIR_PATH}/Podfile.lock\" \"${PODS_ROOT}/Manifest.lock\" > /dev/null\nif [ $? != 0 ] ; then\n    # print error to STDERR\n    echo \"error: The sandbox is not in sync with the Podfile.lock. Run 'pod install' or update your CocoaPods installation.\" >&2\n    exit 1\nfi\n# This output is used by Xcode 'outputs' to avoid re-running this script phase.\necho \"SUCCESS\" > \"${SCRIPT_OUTPUT_FILE_0}\"\n";
			showEnvVarsInLog = 0;
		};
/* End PBXShellScriptBuildPhase section */

/* Begin PBXSourcesBuildPhase section */
		84A831DF221D90CA00CEE1C9 /* Sources */ = {
			isa = PBXSourcesBuildPhase;
			buildActionMask = 2147483647;
			files = (
				84A83219221D923800CEE1C9 /* AppCoordinator.swift in Sources */,
				843FA7EC221E0BE900B86B52 /* PageViewController.swift in Sources */,
				8418696D222495FE00C689DC /* Manga.swift in Sources */,
				843FA7DF221DEDDF00B86B52 /* AddMangasCoordinator.swift in Sources */,
				843FA7E9221DFE9E00B86B52 /* CBZReader.swift in Sources */,
				841B795E221F6DF400659FA2 /* FullScreenPageViewController.swift in Sources */,
				84186960222474EC00C689DC /* LibraryCollectionViewLayout.swift in Sources */,
				8418696E222495FE00C689DC /* Manga+CoreDataProperties.swift in Sources */,
				840944DA22249E82002183D6 /* PageDetailViewController.swift in Sources */,
				84A831E7221D90CA00CEE1C9 /* AppDelegate.swift in Sources */,
				84A8321D221D951500CEE1C9 /* LibraryViewController.swift in Sources */,
				843FA7E2221DF0C300B86B52 /* WebServerViewController.swift in Sources */,
				841B795C221F305A00659FA2 /* MangaDataSource.swift in Sources */,
				84A83224221DB10400CEE1C9 /* MangaCollectionViewCell.swift in Sources */,
				84A83221221D9F7000CEE1C9 /* CoreDataManager.swift in Sources */,
				84A831EF221D90CA00CEE1C9 /* MangaReader.xcdatamodeld in Sources */,
			);
			runOnlyForDeploymentPostprocessing = 0;
		};
		84A831F6221D90CC00CEE1C9 /* Sources */ = {
			isa = PBXSourcesBuildPhase;
			buildActionMask = 2147483647;
			files = (
				84A831FF221D90CC00CEE1C9 /* MangaReaderTests.swift in Sources */,
			);
			runOnlyForDeploymentPostprocessing = 0;
		};
		84A83201221D90CC00CEE1C9 /* Sources */ = {
			isa = PBXSourcesBuildPhase;
			buildActionMask = 2147483647;
			files = (
				84A8320A221D90CC00CEE1C9 /* MangaReaderUITests.swift in Sources */,
			);
			runOnlyForDeploymentPostprocessing = 0;
		};
/* End PBXSourcesBuildPhase section */

/* Begin PBXTargetDependency section */
		84A831FC221D90CC00CEE1C9 /* PBXTargetDependency */ = {
			isa = PBXTargetDependency;
			target = 84A831E2221D90CA00CEE1C9 /* MangaReader */;
			targetProxy = 84A831FB221D90CC00CEE1C9 /* PBXContainerItemProxy */;
		};
		84A83207221D90CC00CEE1C9 /* PBXTargetDependency */ = {
			isa = PBXTargetDependency;
			target = 84A831E2221D90CA00CEE1C9 /* MangaReader */;
			targetProxy = 84A83206221D90CC00CEE1C9 /* PBXContainerItemProxy */;
		};
/* End PBXTargetDependency section */

/* Begin PBXVariantGroup section */
		84A831F2221D90CC00CEE1C9 /* LaunchScreen.storyboard */ = {
			isa = PBXVariantGroup;
			children = (
				84A831F3221D90CC00CEE1C9 /* Base */,
			);
			name = LaunchScreen.storyboard;
			sourceTree = "<group>";
		};
/* End PBXVariantGroup section */

/* Begin XCBuildConfiguration section */
		84A8320C221D90CC00CEE1C9 /* Debug */ = {
			isa = XCBuildConfiguration;
			buildSettings = {
				ALWAYS_SEARCH_USER_PATHS = NO;
				CLANG_ANALYZER_NONNULL = YES;
				CLANG_ANALYZER_NUMBER_OBJECT_CONVERSION = YES_AGGRESSIVE;
				CLANG_CXX_LANGUAGE_STANDARD = "gnu++14";
				CLANG_CXX_LIBRARY = "libc++";
				CLANG_ENABLE_MODULES = YES;
				CLANG_ENABLE_OBJC_ARC = YES;
				CLANG_ENABLE_OBJC_WEAK = YES;
				CLANG_WARN_BLOCK_CAPTURE_AUTORELEASING = YES;
				CLANG_WARN_BOOL_CONVERSION = YES;
				CLANG_WARN_COMMA = YES;
				CLANG_WARN_CONSTANT_CONVERSION = YES;
				CLANG_WARN_DEPRECATED_OBJC_IMPLEMENTATIONS = YES;
				CLANG_WARN_DIRECT_OBJC_ISA_USAGE = YES_ERROR;
				CLANG_WARN_DOCUMENTATION_COMMENTS = YES;
				CLANG_WARN_EMPTY_BODY = YES;
				CLANG_WARN_ENUM_CONVERSION = YES;
				CLANG_WARN_INFINITE_RECURSION = YES;
				CLANG_WARN_INT_CONVERSION = YES;
				CLANG_WARN_NON_LITERAL_NULL_CONVERSION = YES;
				CLANG_WARN_OBJC_IMPLICIT_RETAIN_SELF = YES;
				CLANG_WARN_OBJC_LITERAL_CONVERSION = YES;
				CLANG_WARN_OBJC_ROOT_CLASS = YES_ERROR;
				CLANG_WARN_RANGE_LOOP_ANALYSIS = YES;
				CLANG_WARN_STRICT_PROTOTYPES = YES;
				CLANG_WARN_SUSPICIOUS_MOVE = YES;
				CLANG_WARN_UNGUARDED_AVAILABILITY = YES_AGGRESSIVE;
				CLANG_WARN_UNREACHABLE_CODE = YES;
				CLANG_WARN__DUPLICATE_METHOD_MATCH = YES;
				CODE_SIGN_IDENTITY = "iPhone Developer";
				COPY_PHASE_STRIP = NO;
				DEBUG_INFORMATION_FORMAT = dwarf;
				ENABLE_STRICT_OBJC_MSGSEND = YES;
				ENABLE_TESTABILITY = YES;
				GCC_C_LANGUAGE_STANDARD = gnu11;
				GCC_DYNAMIC_NO_PIC = NO;
				GCC_NO_COMMON_BLOCKS = YES;
				GCC_OPTIMIZATION_LEVEL = 0;
				GCC_PREPROCESSOR_DEFINITIONS = (
					"DEBUG=1",
					"$(inherited)",
				);
				GCC_WARN_64_TO_32_BIT_CONVERSION = YES;
				GCC_WARN_ABOUT_RETURN_TYPE = YES_ERROR;
				GCC_WARN_UNDECLARED_SELECTOR = YES;
				GCC_WARN_UNINITIALIZED_AUTOS = YES_AGGRESSIVE;
				GCC_WARN_UNUSED_FUNCTION = YES;
				GCC_WARN_UNUSED_VARIABLE = YES;
				IPHONEOS_DEPLOYMENT_TARGET = 12.1;
				MTL_ENABLE_DEBUG_INFO = INCLUDE_SOURCE;
				MTL_FAST_MATH = YES;
				ONLY_ACTIVE_ARCH = YES;
				SDKROOT = iphoneos;
				SWIFT_ACTIVE_COMPILATION_CONDITIONS = DEBUG;
				SWIFT_OPTIMIZATION_LEVEL = "-Onone";
			};
			name = Debug;
		};
		84A8320D221D90CC00CEE1C9 /* Release */ = {
			isa = XCBuildConfiguration;
			buildSettings = {
				ALWAYS_SEARCH_USER_PATHS = NO;
				CLANG_ANALYZER_NONNULL = YES;
				CLANG_ANALYZER_NUMBER_OBJECT_CONVERSION = YES_AGGRESSIVE;
				CLANG_CXX_LANGUAGE_STANDARD = "gnu++14";
				CLANG_CXX_LIBRARY = "libc++";
				CLANG_ENABLE_MODULES = YES;
				CLANG_ENABLE_OBJC_ARC = YES;
				CLANG_ENABLE_OBJC_WEAK = YES;
				CLANG_WARN_BLOCK_CAPTURE_AUTORELEASING = YES;
				CLANG_WARN_BOOL_CONVERSION = YES;
				CLANG_WARN_COMMA = YES;
				CLANG_WARN_CONSTANT_CONVERSION = YES;
				CLANG_WARN_DEPRECATED_OBJC_IMPLEMENTATIONS = YES;
				CLANG_WARN_DIRECT_OBJC_ISA_USAGE = YES_ERROR;
				CLANG_WARN_DOCUMENTATION_COMMENTS = YES;
				CLANG_WARN_EMPTY_BODY = YES;
				CLANG_WARN_ENUM_CONVERSION = YES;
				CLANG_WARN_INFINITE_RECURSION = YES;
				CLANG_WARN_INT_CONVERSION = YES;
				CLANG_WARN_NON_LITERAL_NULL_CONVERSION = YES;
				CLANG_WARN_OBJC_IMPLICIT_RETAIN_SELF = YES;
				CLANG_WARN_OBJC_LITERAL_CONVERSION = YES;
				CLANG_WARN_OBJC_ROOT_CLASS = YES_ERROR;
				CLANG_WARN_RANGE_LOOP_ANALYSIS = YES;
				CLANG_WARN_STRICT_PROTOTYPES = YES;
				CLANG_WARN_SUSPICIOUS_MOVE = YES;
				CLANG_WARN_UNGUARDED_AVAILABILITY = YES_AGGRESSIVE;
				CLANG_WARN_UNREACHABLE_CODE = YES;
				CLANG_WARN__DUPLICATE_METHOD_MATCH = YES;
				CODE_SIGN_IDENTITY = "iPhone Developer";
				COPY_PHASE_STRIP = NO;
				DEBUG_INFORMATION_FORMAT = "dwarf-with-dsym";
				ENABLE_NS_ASSERTIONS = NO;
				ENABLE_STRICT_OBJC_MSGSEND = YES;
				GCC_C_LANGUAGE_STANDARD = gnu11;
				GCC_NO_COMMON_BLOCKS = YES;
				GCC_WARN_64_TO_32_BIT_CONVERSION = YES;
				GCC_WARN_ABOUT_RETURN_TYPE = YES_ERROR;
				GCC_WARN_UNDECLARED_SELECTOR = YES;
				GCC_WARN_UNINITIALIZED_AUTOS = YES_AGGRESSIVE;
				GCC_WARN_UNUSED_FUNCTION = YES;
				GCC_WARN_UNUSED_VARIABLE = YES;
				IPHONEOS_DEPLOYMENT_TARGET = 12.1;
				MTL_ENABLE_DEBUG_INFO = NO;
				MTL_FAST_MATH = YES;
				SDKROOT = iphoneos;
				SWIFT_COMPILATION_MODE = wholemodule;
				SWIFT_OPTIMIZATION_LEVEL = "-O";
				VALIDATE_PRODUCT = YES;
			};
			name = Release;
		};
		84A8320F221D90CC00CEE1C9 /* Debug */ = {
			isa = XCBuildConfiguration;
			baseConfigurationReference = BA8018811D3665B1CC081AAA /* Pods-MangaReader.debug.xcconfig */;
			buildSettings = {
				ASSETCATALOG_COMPILER_APPICON_NAME = AppIcon;
				CLANG_ENABLE_MODULES = YES;
				CODE_SIGN_STYLE = Automatic;
				DEVELOPMENT_TEAM = 25JHVANVX3;
				INFOPLIST_FILE = MangaReader/Info.plist;
				LD_RUNPATH_SEARCH_PATHS = (
					"$(inherited)",
					"@executable_path/Frameworks",
				);
				PRODUCT_BUNDLE_IDENTIFIER = com.bakura.MangaReader;
				PRODUCT_NAME = "$(TARGET_NAME)";
				SWIFT_OBJC_BRIDGING_HEADER = "MangaReader-Bridging-Header.h";
				SWIFT_OPTIMIZATION_LEVEL = "-Onone";
				SWIFT_VERSION = 4.2;
				TARGETED_DEVICE_FAMILY = "1,2";
			};
			name = Debug;
		};
		84A83210221D90CC00CEE1C9 /* Release */ = {
			isa = XCBuildConfiguration;
			baseConfigurationReference = 8B52D48335DF1FCD9AF209A0 /* Pods-MangaReader.release.xcconfig */;
			buildSettings = {
				ASSETCATALOG_COMPILER_APPICON_NAME = AppIcon;
				CLANG_ENABLE_MODULES = YES;
				CODE_SIGN_STYLE = Automatic;
				DEVELOPMENT_TEAM = 25JHVANVX3;
				INFOPLIST_FILE = MangaReader/Info.plist;
				LD_RUNPATH_SEARCH_PATHS = (
					"$(inherited)",
					"@executable_path/Frameworks",
				);
				PRODUCT_BUNDLE_IDENTIFIER = com.bakura.MangaReader;
				PRODUCT_NAME = "$(TARGET_NAME)";
				SWIFT_OBJC_BRIDGING_HEADER = "MangaReader-Bridging-Header.h";
				SWIFT_VERSION = 4.2;
				TARGETED_DEVICE_FAMILY = "1,2";
			};
			name = Release;
		};
		84A83212221D90CC00CEE1C9 /* Debug */ = {
			isa = XCBuildConfiguration;
			baseConfigurationReference = C94EFCDFF019ADD087B49048 /* Pods-MangaReaderTests.debug.xcconfig */;
			buildSettings = {
				ALWAYS_EMBED_SWIFT_STANDARD_LIBRARIES = YES;
				BUNDLE_LOADER = "$(TEST_HOST)";
				CODE_SIGN_STYLE = Automatic;
				DEVELOPMENT_TEAM = 25JHVANVX3;
				INFOPLIST_FILE = MangaReaderTests/Info.plist;
				LD_RUNPATH_SEARCH_PATHS = (
					"$(inherited)",
					"@executable_path/Frameworks",
					"@loader_path/Frameworks",
				);
				PRODUCT_BUNDLE_IDENTIFIER = com.bakura.MangaReaderTests;
				PRODUCT_NAME = "$(TARGET_NAME)";
				SWIFT_VERSION = 4.2;
				TARGETED_DEVICE_FAMILY = "1,2";
				TEST_HOST = "$(BUILT_PRODUCTS_DIR)/MangaReader.app/MangaReader";
			};
			name = Debug;
		};
		84A83213221D90CC00CEE1C9 /* Release */ = {
			isa = XCBuildConfiguration;
			baseConfigurationReference = DAAD206ACD0500040A70A9EB /* Pods-MangaReaderTests.release.xcconfig */;
			buildSettings = {
				ALWAYS_EMBED_SWIFT_STANDARD_LIBRARIES = YES;
				BUNDLE_LOADER = "$(TEST_HOST)";
				CODE_SIGN_STYLE = Automatic;
				DEVELOPMENT_TEAM = 25JHVANVX3;
				INFOPLIST_FILE = MangaReaderTests/Info.plist;
				LD_RUNPATH_SEARCH_PATHS = (
					"$(inherited)",
					"@executable_path/Frameworks",
					"@loader_path/Frameworks",
				);
				PRODUCT_BUNDLE_IDENTIFIER = com.bakura.MangaReaderTests;
				PRODUCT_NAME = "$(TARGET_NAME)";
				SWIFT_VERSION = 4.2;
				TARGETED_DEVICE_FAMILY = "1,2";
				TEST_HOST = "$(BUILT_PRODUCTS_DIR)/MangaReader.app/MangaReader";
			};
			name = Release;
		};
		84A83215221D90CC00CEE1C9 /* Debug */ = {
			isa = XCBuildConfiguration;
			baseConfigurationReference = B5312D435FC7B69256070F18 /* Pods-MangaReaderUITests.debug.xcconfig */;
			buildSettings = {
				ALWAYS_EMBED_SWIFT_STANDARD_LIBRARIES = YES;
				CODE_SIGN_STYLE = Automatic;
				DEVELOPMENT_TEAM = 25JHVANVX3;
				INFOPLIST_FILE = MangaReaderUITests/Info.plist;
				LD_RUNPATH_SEARCH_PATHS = (
					"$(inherited)",
					"@executable_path/Frameworks",
					"@loader_path/Frameworks",
				);
				PRODUCT_BUNDLE_IDENTIFIER = com.bakura.MangaReaderUITests;
				PRODUCT_NAME = "$(TARGET_NAME)";
				SWIFT_VERSION = 4.2;
				TARGETED_DEVICE_FAMILY = "1,2";
				TEST_TARGET_NAME = MangaReader;
			};
			name = Debug;
		};
		84A83216221D90CC00CEE1C9 /* Release */ = {
			isa = XCBuildConfiguration;
			baseConfigurationReference = 06DADBF3922C1A6DDC6C798A /* Pods-MangaReaderUITests.release.xcconfig */;
			buildSettings = {
				ALWAYS_EMBED_SWIFT_STANDARD_LIBRARIES = YES;
				CODE_SIGN_STYLE = Automatic;
				DEVELOPMENT_TEAM = 25JHVANVX3;
				INFOPLIST_FILE = MangaReaderUITests/Info.plist;
				LD_RUNPATH_SEARCH_PATHS = (
					"$(inherited)",
					"@executable_path/Frameworks",
					"@loader_path/Frameworks",
				);
				PRODUCT_BUNDLE_IDENTIFIER = com.bakura.MangaReaderUITests;
				PRODUCT_NAME = "$(TARGET_NAME)";
				SWIFT_VERSION = 4.2;
				TARGETED_DEVICE_FAMILY = "1,2";
				TEST_TARGET_NAME = MangaReader;
			};
			name = Release;
		};
/* End XCBuildConfiguration section */

/* Begin XCConfigurationList section */
		84A831DE221D90CA00CEE1C9 /* Build configuration list for PBXProject "MangaReader" */ = {
			isa = XCConfigurationList;
			buildConfigurations = (
				84A8320C221D90CC00CEE1C9 /* Debug */,
				84A8320D221D90CC00CEE1C9 /* Release */,
			);
			defaultConfigurationIsVisible = 0;
			defaultConfigurationName = Release;
		};
		84A8320E221D90CC00CEE1C9 /* Build configuration list for PBXNativeTarget "MangaReader" */ = {
			isa = XCConfigurationList;
			buildConfigurations = (
				84A8320F221D90CC00CEE1C9 /* Debug */,
				84A83210221D90CC00CEE1C9 /* Release */,
			);
			defaultConfigurationIsVisible = 0;
			defaultConfigurationName = Release;
		};
		84A83211221D90CC00CEE1C9 /* Build configuration list for PBXNativeTarget "MangaReaderTests" */ = {
			isa = XCConfigurationList;
			buildConfigurations = (
				84A83212221D90CC00CEE1C9 /* Debug */,
				84A83213221D90CC00CEE1C9 /* Release */,
			);
			defaultConfigurationIsVisible = 0;
			defaultConfigurationName = Release;
		};
		84A83214221D90CC00CEE1C9 /* Build configuration list for PBXNativeTarget "MangaReaderUITests" */ = {
			isa = XCConfigurationList;
			buildConfigurations = (
				84A83215221D90CC00CEE1C9 /* Debug */,
				84A83216221D90CC00CEE1C9 /* Release */,
			);
			defaultConfigurationIsVisible = 0;
			defaultConfigurationName = Release;
		};
/* End XCConfigurationList section */

/* Begin XCVersionGroup section */
		84A831ED221D90CA00CEE1C9 /* MangaReader.xcdatamodeld */ = {
			isa = XCVersionGroup;
			children = (
				84A831EE221D90CA00CEE1C9 /* MangaReader.xcdatamodel */,
			);
			currentVersion = 84A831EE221D90CA00CEE1C9 /* MangaReader.xcdatamodel */;
			path = MangaReader.xcdatamodeld;
			sourceTree = "<group>";
			versionGroupType = wrapper.xcdatamodel;
		};
/* End XCVersionGroup section */
	};
	rootObject = 84A831DB221D90CA00CEE1C9 /* Project object */;
}
