// !$*UTF8*$!
{
	archiveVersion = 1;
	classes = {
	};
	objectVersion = 51;
	objects = {

/* Begin PBXBuildFile section */
		0D463D7222CA9B0D0020FD5A /* GoogleService-Info.plist in Resources */ = {isa = PBXBuildFile; fileRef = 0D463D7122CA9B0C0020FD5A /* GoogleService-Info.plist */; };
		320F276B23C2039100D9930F /* mecabrc in Resources */ = {isa = PBXBuildFile; fileRef = 320F276A23C2039100D9930F /* mecabrc */; };
		320F276E23C203E300D9930F /* mecab.framework in Frameworks */ = {isa = PBXBuildFile; fileRef = 320F276923C202FF00D9930F /* mecab.framework */; };
		320F276F23C203E300D9930F /* mecab.framework in Embed Frameworks */ = {isa = PBXBuildFile; fileRef = 320F276923C202FF00D9930F /* mecab.framework */; settings = {ATTRIBUTES = (CodeSignOnCopy, RemoveHeadersOnCopy, ); }; };
		320F277323C2046900D9930F /* Token.swift in Sources */ = {isa = PBXBuildFile; fileRef = 320F277123C2046900D9930F /* Token.swift */; };
		320F277423C2046900D9930F /* Tokenizer.swift in Sources */ = {isa = PBXBuildFile; fileRef = 320F277223C2046900D9930F /* Tokenizer.swift */; };
		323205AE238DBCE4009E8362 /* SelectionView.swift in Sources */ = {isa = PBXBuildFile; fileRef = 323205AD238DBCE4009E8362 /* SelectionView.swift */; };
		3259D1B423C4D9A2003BA7C2 /* FuriganaUtils.swift in Sources */ = {isa = PBXBuildFile; fileRef = 3259D1B323C4D9A2003BA7C2 /* FuriganaUtils.swift */; };
		3259D1E323C4E5CA003BA7C2 /* left-id.def in Resources */ = {isa = PBXBuildFile; fileRef = 3259D1DA23C4E5C9003BA7C2 /* left-id.def */; };
		3259D1E423C4E5CA003BA7C2 /* pos-id.def in Resources */ = {isa = PBXBuildFile; fileRef = 3259D1DB23C4E5C9003BA7C2 /* pos-id.def */; };
		3259D1E523C4E5CA003BA7C2 /* char.bin in Resources */ = {isa = PBXBuildFile; fileRef = 3259D1DC23C4E5C9003BA7C2 /* char.bin */; };
		3259D1E623C4E5CA003BA7C2 /* sys.dic in Resources */ = {isa = PBXBuildFile; fileRef = 3259D1DD23C4E5C9003BA7C2 /* sys.dic */; };
		3259D1E723C4E5CA003BA7C2 /* matrix.bin in Resources */ = {isa = PBXBuildFile; fileRef = 3259D1DE23C4E5CA003BA7C2 /* matrix.bin */; };
		3259D1E823C4E5CA003BA7C2 /* rewrite.def in Resources */ = {isa = PBXBuildFile; fileRef = 3259D1DF23C4E5CA003BA7C2 /* rewrite.def */; };
		3259D1E923C4E5CA003BA7C2 /* unk.dic in Resources */ = {isa = PBXBuildFile; fileRef = 3259D1E023C4E5CA003BA7C2 /* unk.dic */; };
		3259D1EA23C4E5CA003BA7C2 /* dicrc in Resources */ = {isa = PBXBuildFile; fileRef = 3259D1E123C4E5CA003BA7C2 /* dicrc */; };
		3259D1EB23C4E5CA003BA7C2 /* right-id.def in Resources */ = {isa = PBXBuildFile; fileRef = 3259D1E223C4E5CA003BA7C2 /* right-id.def */; };
		328DFB0A238D96300095CBAB /* MangaViewController.swift in Sources */ = {isa = PBXBuildFile; fileRef = 328DFB08238D96300095CBAB /* MangaViewController.swift */; };
		328DFB0B238D96300095CBAB /* MangaViewController.xib in Resources */ = {isa = PBXBuildFile; fileRef = 328DFB09238D96300095CBAB /* MangaViewController.xib */; };
		328DFB0D238D967C0095CBAB /* ViewMangaCoordinator.swift in Sources */ = {isa = PBXBuildFile; fileRef = 328DFB0C238D967C0095CBAB /* ViewMangaCoordinator.swift */; };
		3296EA5623C24C6700DA28D7 /* AnalyzeTextViewController.swift in Sources */ = {isa = PBXBuildFile; fileRef = 3296EA5523C24C6700DA28D7 /* AnalyzeTextViewController.swift */; };
		4210C463A6A18BA4DDE78173 /* Pods_MangaReader.framework in Frameworks */ = {isa = PBXBuildFile; fileRef = 0FD908038762DEE3A978F955 /* Pods_MangaReader.framework */; };
		6B3FC32AFC97A3EEBF5989C6 /* Pods_MangaReaderUITests.framework in Frameworks */ = {isa = PBXBuildFile; fileRef = 5F13E9F51127395F4C02644A /* Pods_MangaReaderUITests.framework */; };
		84186960222474EC00C689DC /* LibraryCollectionViewLayout.swift in Sources */ = {isa = PBXBuildFile; fileRef = 8418695F222474EC00C689DC /* LibraryCollectionViewLayout.swift */; };
		8418696D222495FE00C689DC /* Manga.swift in Sources */ = {isa = PBXBuildFile; fileRef = 8418696B222495FD00C689DC /* Manga.swift */; };
		8418696E222495FE00C689DC /* Manga+CoreDataProperties.swift in Sources */ = {isa = PBXBuildFile; fileRef = 8418696C222495FE00C689DC /* Manga+CoreDataProperties.swift */; };
		841B795C221F305A00659FA2 /* MangaDataSource.swift in Sources */ = {isa = PBXBuildFile; fileRef = 841B795B221F305A00659FA2 /* MangaDataSource.swift */; };
		843FA7DF221DEDDF00B86B52 /* AddMangasCoordinator.swift in Sources */ = {isa = PBXBuildFile; fileRef = 843FA7DE221DEDDF00B86B52 /* AddMangasCoordinator.swift */; };
		843FA7E2221DF0C300B86B52 /* WebServerViewController.swift in Sources */ = {isa = PBXBuildFile; fileRef = 843FA7E0221DF0C300B86B52 /* WebServerViewController.swift */; };
		843FA7E3221DF0C300B86B52 /* WebServerViewController.xib in Resources */ = {isa = PBXBuildFile; fileRef = 843FA7E1221DF0C300B86B52 /* WebServerViewController.xib */; };
		843FA7E9221DFE9E00B86B52 /* CBZReader.swift in Sources */ = {isa = PBXBuildFile; fileRef = 843FA7E8221DFE9E00B86B52 /* CBZReader.swift */; };
		843FA7EC221E0BE900B86B52 /* PageViewController.swift in Sources */ = {isa = PBXBuildFile; fileRef = 843FA7EA221E0BE900B86B52 /* PageViewController.swift */; };
		843FA7ED221E0BE900B86B52 /* PageViewController.xib in Resources */ = {isa = PBXBuildFile; fileRef = 843FA7EB221E0BE900B86B52 /* PageViewController.xib */; };
		84A831E7221D90CA00CEE1C9 /* AppDelegate.swift in Sources */ = {isa = PBXBuildFile; fileRef = 84A831E6221D90CA00CEE1C9 /* AppDelegate.swift */; };
		84A831EF221D90CA00CEE1C9 /* MangaReader.xcdatamodeld in Sources */ = {isa = PBXBuildFile; fileRef = 84A831ED221D90CA00CEE1C9 /* MangaReader.xcdatamodeld */; };
		84A831F1221D90CC00CEE1C9 /* Assets.xcassets in Resources */ = {isa = PBXBuildFile; fileRef = 84A831F0221D90CC00CEE1C9 /* Assets.xcassets */; };
		84A831F4221D90CC00CEE1C9 /* LaunchScreen.storyboard in Resources */ = {isa = PBXBuildFile; fileRef = 84A831F2221D90CC00CEE1C9 /* LaunchScreen.storyboard */; };
		84A831FF221D90CC00CEE1C9 /* MangaReaderTests.swift in Sources */ = {isa = PBXBuildFile; fileRef = 84A831FE221D90CC00CEE1C9 /* MangaReaderTests.swift */; };
		84A83219221D923800CEE1C9 /* AppCoordinator.swift in Sources */ = {isa = PBXBuildFile; fileRef = 84A83218221D923800CEE1C9 /* AppCoordinator.swift */; };
		84A8321D221D951500CEE1C9 /* LibraryViewController.swift in Sources */ = {isa = PBXBuildFile; fileRef = 84A8321B221D951500CEE1C9 /* LibraryViewController.swift */; };
		84A8321E221D951500CEE1C9 /* LibraryViewController.xib in Resources */ = {isa = PBXBuildFile; fileRef = 84A8321C221D951500CEE1C9 /* LibraryViewController.xib */; };
		84A83221221D9F7000CEE1C9 /* CoreDataManager.swift in Sources */ = {isa = PBXBuildFile; fileRef = 84A83220221D9F7000CEE1C9 /* CoreDataManager.swift */; };
		84A83224221DB10400CEE1C9 /* MangaCollectionViewCell.swift in Sources */ = {isa = PBXBuildFile; fileRef = 84A83222221DB10400CEE1C9 /* MangaCollectionViewCell.swift */; };
		84A83225221DB10400CEE1C9 /* MangaCollectionViewCell.xib in Resources */ = {isa = PBXBuildFile; fileRef = 84A83223221DB10400CEE1C9 /* MangaCollectionViewCell.xib */; };
		C236795ADDD5F8B005824580 /* Pods_MangaReaderTests.framework in Frameworks */ = {isa = PBXBuildFile; fileRef = F9CF3EF06DC7DAF652B13D2F /* Pods_MangaReaderTests.framework */; };
/* End PBXBuildFile section */

/* Begin PBXContainerItemProxy section */
		320F276823C202FF00D9930F /* PBXContainerItemProxy */ = {
			isa = PBXContainerItemProxy;
			containerPortal = 320F276423C202FF00D9930F /* mecab.xcodeproj */;
			proxyType = 2;
			remoteGlobalIDString = 44C74468207357D7008F46FD;
			remoteInfo = mecab;
		};
		84A831FB221D90CC00CEE1C9 /* PBXContainerItemProxy */ = {
			isa = PBXContainerItemProxy;
			containerPortal = 84A831DB221D90CA00CEE1C9 /* Project object */;
			proxyType = 1;
			remoteGlobalIDString = 84A831E2221D90CA00CEE1C9;
			remoteInfo = MangaReader;
		};
		84A83206221D90CC00CEE1C9 /* PBXContainerItemProxy */ = {
			isa = PBXContainerItemProxy;
			containerPortal = 84A831DB221D90CA00CEE1C9 /* Project object */;
			proxyType = 1;
			remoteGlobalIDString = 84A831E2221D90CA00CEE1C9;
			remoteInfo = MangaReader;
		};
/* End PBXContainerItemProxy section */

/* Begin PBXCopyFilesBuildPhase section */
		320F277023C203E300D9930F /* Embed Frameworks */ = {
			isa = PBXCopyFilesBuildPhase;
			buildActionMask = 2147483647;
			dstPath = "";
			dstSubfolderSpec = 10;
			files = (
				320F276F23C203E300D9930F /* mecab.framework in Embed Frameworks */,
			);
			name = "Embed Frameworks";
			runOnlyForDeploymentPostprocessing = 0;
		};
/* End PBXCopyFilesBuildPhase section */

/* Begin PBXFileReference section */
		06DADBF3922C1A6DDC6C798A /* Pods-MangaReaderUITests.release.xcconfig */ = {isa = PBXFileReference; includeInIndex = 1; lastKnownFileType = text.xcconfig; name = "Pods-MangaReaderUITests.release.xcconfig"; path = "Pods/Target Support Files/Pods-MangaReaderUITests/Pods-MangaReaderUITests.release.xcconfig"; sourceTree = "<group>"; };
		0D463D7122CA9B0C0020FD5A /* GoogleService-Info.plist */ = {isa = PBXFileReference; fileEncoding = 4; lastKnownFileType = text.plist.xml; path = "GoogleService-Info.plist"; sourceTree = "<group>"; };
		0FD908038762DEE3A978F955 /* Pods_MangaReader.framework */ = {isa = PBXFileReference; explicitFileType = wrapper.framework; includeInIndex = 0; path = Pods_MangaReader.framework; sourceTree = BUILT_PRODUCTS_DIR; };
		320F276423C202FF00D9930F /* mecab.xcodeproj */ = {isa = PBXFileReference; lastKnownFileType = "wrapper.pb-project"; name = mecab.xcodeproj; path = "mecab-ios/mecab.xcodeproj"; sourceTree = "<group>"; };
		320F276A23C2039100D9930F /* mecabrc */ = {isa = PBXFileReference; fileEncoding = 4; lastKnownFileType = text; path = mecabrc; sourceTree = "<group>"; };
		320F277123C2046900D9930F /* Token.swift */ = {isa = PBXFileReference; fileEncoding = 4; lastKnownFileType = sourcecode.swift; path = Token.swift; sourceTree = "<group>"; };
		320F277223C2046900D9930F /* Tokenizer.swift */ = {isa = PBXFileReference; fileEncoding = 4; lastKnownFileType = sourcecode.swift; path = Tokenizer.swift; sourceTree = "<group>"; };
		323205AD238DBCE4009E8362 /* SelectionView.swift */ = {isa = PBXFileReference; lastKnownFileType = sourcecode.swift; path = SelectionView.swift; sourceTree = "<group>"; };
		3259D1B323C4D9A2003BA7C2 /* FuriganaUtils.swift */ = {isa = PBXFileReference; lastKnownFileType = sourcecode.swift; path = FuriganaUtils.swift; sourceTree = "<group>"; };
		3259D1DA23C4E5C9003BA7C2 /* left-id.def */ = {isa = PBXFileReference; fileEncoding = 4; lastKnownFileType = text; path = "left-id.def"; sourceTree = "<group>"; };
		3259D1DB23C4E5C9003BA7C2 /* pos-id.def */ = {isa = PBXFileReference; fileEncoding = 4; lastKnownFileType = text; path = "pos-id.def"; sourceTree = "<group>"; };
		3259D1DC23C4E5C9003BA7C2 /* char.bin */ = {isa = PBXFileReference; lastKnownFileType = archive.macbinary; path = char.bin; sourceTree = "<group>"; };
		3259D1DD23C4E5C9003BA7C2 /* sys.dic */ = {isa = PBXFileReference; lastKnownFileType = file; path = sys.dic; sourceTree = "<group>"; };
		3259D1DE23C4E5CA003BA7C2 /* matrix.bin */ = {isa = PBXFileReference; lastKnownFileType = archive.macbinary; path = matrix.bin; sourceTree = "<group>"; };
		3259D1DF23C4E5CA003BA7C2 /* rewrite.def */ = {isa = PBXFileReference; fileEncoding = 4; lastKnownFileType = text; path = rewrite.def; sourceTree = "<group>"; };
		3259D1E023C4E5CA003BA7C2 /* unk.dic */ = {isa = PBXFileReference; lastKnownFileType = file; path = unk.dic; sourceTree = "<group>"; };
		3259D1E123C4E5CA003BA7C2 /* dicrc */ = {isa = PBXFileReference; fileEncoding = 4; lastKnownFileType = text; path = dicrc; sourceTree = "<group>"; };
		3259D1E223C4E5CA003BA7C2 /* right-id.def */ = {isa = PBXFileReference; fileEncoding = 4; lastKnownFileType = text; path = "right-id.def"; sourceTree = "<group>"; };
		328DFB08238D96300095CBAB /* MangaViewController.swift */ = {isa = PBXFileReference; lastKnownFileType = sourcecode.swift; path = MangaViewController.swift; sourceTree = "<group>"; };
		328DFB09238D96300095CBAB /* MangaViewController.xib */ = {isa = PBXFileReference; lastKnownFileType = file.xib; path = MangaViewController.xib; sourceTree = "<group>"; };
		328DFB0C238D967C0095CBAB /* ViewMangaCoordinator.swift */ = {isa = PBXFileReference; lastKnownFileType = sourcecode.swift; path = ViewMangaCoordinator.swift; sourceTree = "<group>"; };
		3296EA5523C24C6700DA28D7 /* AnalyzeTextViewController.swift */ = {isa = PBXFileReference; lastKnownFileType = sourcecode.swift; path = AnalyzeTextViewController.swift; sourceTree = "<group>"; };
		5F13E9F51127395F4C02644A /* Pods_MangaReaderUITests.framework */ = {isa = PBXFileReference; explicitFileType = wrapper.framework; includeInIndex = 0; path = Pods_MangaReaderUITests.framework; sourceTree = BUILT_PRODUCTS_DIR; };
		8418695F222474EC00C689DC /* LibraryCollectionViewLayout.swift */ = {isa = PBXFileReference; lastKnownFileType = sourcecode.swift; path = LibraryCollectionViewLayout.swift; sourceTree = "<group>"; };
		8418696B222495FD00C689DC /* Manga.swift */ = {isa = PBXFileReference; lastKnownFileType = sourcecode.swift; path = Manga.swift; sourceTree = "<group>"; };
		8418696C222495FE00C689DC /* Manga+CoreDataProperties.swift */ = {isa = PBXFileReference; lastKnownFileType = sourcecode.swift; path = "Manga+CoreDataProperties.swift"; sourceTree = "<group>"; };
		841B795B221F305A00659FA2 /* MangaDataSource.swift */ = {isa = PBXFileReference; lastKnownFileType = sourcecode.swift; path = MangaDataSource.swift; sourceTree = "<group>"; };
		843FA7DA221DE69200B86B52 /* MangaReader-Bridging-Header.h */ = {isa = PBXFileReference; lastKnownFileType = sourcecode.c.h; path = "MangaReader-Bridging-Header.h"; sourceTree = "<group>"; };
		843FA7DE221DEDDF00B86B52 /* AddMangasCoordinator.swift */ = {isa = PBXFileReference; lastKnownFileType = sourcecode.swift; path = AddMangasCoordinator.swift; sourceTree = "<group>"; };
		843FA7E0221DF0C300B86B52 /* WebServerViewController.swift */ = {isa = PBXFileReference; lastKnownFileType = sourcecode.swift; path = WebServerViewController.swift; sourceTree = "<group>"; };
		843FA7E1221DF0C300B86B52 /* WebServerViewController.xib */ = {isa = PBXFileReference; lastKnownFileType = file.xib; path = WebServerViewController.xib; sourceTree = "<group>"; };
		843FA7E8221DFE9E00B86B52 /* CBZReader.swift */ = {isa = PBXFileReference; lastKnownFileType = sourcecode.swift; path = CBZReader.swift; sourceTree = "<group>"; };
		843FA7EA221E0BE900B86B52 /* PageViewController.swift */ = {isa = PBXFileReference; lastKnownFileType = sourcecode.swift; path = PageViewController.swift; sourceTree = "<group>"; };
		843FA7EB221E0BE900B86B52 /* PageViewController.xib */ = {isa = PBXFileReference; lastKnownFileType = file.xib; path = PageViewController.xib; sourceTree = "<group>"; };
		84A831E3221D90CA00CEE1C9 /* MangaReader.app */ = {isa = PBXFileReference; explicitFileType = wrapper.application; includeInIndex = 0; path = MangaReader.app; sourceTree = BUILT_PRODUCTS_DIR; };
		84A831E6221D90CA00CEE1C9 /* AppDelegate.swift */ = {isa = PBXFileReference; lastKnownFileType = sourcecode.swift; path = AppDelegate.swift; sourceTree = "<group>"; };
		84A831EE221D90CA00CEE1C9 /* MangaReader.xcdatamodel */ = {isa = PBXFileReference; lastKnownFileType = wrapper.xcdatamodel; path = MangaReader.xcdatamodel; sourceTree = "<group>"; };
		84A831F0221D90CC00CEE1C9 /* Assets.xcassets */ = {isa = PBXFileReference; lastKnownFileType = folder.assetcatalog; path = Assets.xcassets; sourceTree = "<group>"; };
		84A831F3221D90CC00CEE1C9 /* Base */ = {isa = PBXFileReference; lastKnownFileType = file.storyboard; name = Base; path = Base.lproj/LaunchScreen.storyboard; sourceTree = "<group>"; };
		84A831F5221D90CC00CEE1C9 /* Info.plist */ = {isa = PBXFileReference; lastKnownFileType = text.plist.xml; path = Info.plist; sourceTree = "<group>"; };
		84A831FA221D90CC00CEE1C9 /* MangaReaderTests.xctest */ = {isa = PBXFileReference; explicitFileType = wrapper.cfbundle; includeInIndex = 0; path = MangaReaderTests.xctest; sourceTree = BUILT_PRODUCTS_DIR; };
		84A831FE221D90CC00CEE1C9 /* MangaReaderTests.swift */ = {isa = PBXFileReference; lastKnownFileType = sourcecode.swift; path = MangaReaderTests.swift; sourceTree = "<group>"; };
		84A83200221D90CC00CEE1C9 /* Info.plist */ = {isa = PBXFileReference; lastKnownFileType = text.plist.xml; path = Info.plist; sourceTree = "<group>"; };
		84A83205221D90CC00CEE1C9 /* MangaReaderUITests.xctest */ = {isa = PBXFileReference; explicitFileType = wrapper.cfbundle; includeInIndex = 0; path = MangaReaderUITests.xctest; sourceTree = BUILT_PRODUCTS_DIR; };
		84A83218221D923800CEE1C9 /* AppCoordinator.swift */ = {isa = PBXFileReference; lastKnownFileType = sourcecode.swift; path = AppCoordinator.swift; sourceTree = "<group>"; };
		84A8321B221D951500CEE1C9 /* LibraryViewController.swift */ = {isa = PBXFileReference; lastKnownFileType = sourcecode.swift; path = LibraryViewController.swift; sourceTree = "<group>"; };
		84A8321C221D951500CEE1C9 /* LibraryViewController.xib */ = {isa = PBXFileReference; lastKnownFileType = file.xib; path = LibraryViewController.xib; sourceTree = "<group>"; };
		84A83220221D9F7000CEE1C9 /* CoreDataManager.swift */ = {isa = PBXFileReference; lastKnownFileType = sourcecode.swift; path = CoreDataManager.swift; sourceTree = "<group>"; };
		84A83222221DB10400CEE1C9 /* MangaCollectionViewCell.swift */ = {isa = PBXFileReference; lastKnownFileType = sourcecode.swift; path = MangaCollectionViewCell.swift; sourceTree = "<group>"; };
		84A83223221DB10400CEE1C9 /* MangaCollectionViewCell.xib */ = {isa = PBXFileReference; lastKnownFileType = file.xib; path = MangaCollectionViewCell.xib; sourceTree = "<group>"; };
		8B52D48335DF1FCD9AF209A0 /* Pods-MangaReader.release.xcconfig */ = {isa = PBXFileReference; includeInIndex = 1; lastKnownFileType = text.xcconfig; name = "Pods-MangaReader.release.xcconfig"; path = "Pods/Target Support Files/Pods-MangaReader/Pods-MangaReader.release.xcconfig"; sourceTree = "<group>"; };
		B5312D435FC7B69256070F18 /* Pods-MangaReaderUITests.debug.xcconfig */ = {isa = PBXFileReference; includeInIndex = 1; lastKnownFileType = text.xcconfig; name = "Pods-MangaReaderUITests.debug.xcconfig"; path = "Pods/Target Support Files/Pods-MangaReaderUITests/Pods-MangaReaderUITests.debug.xcconfig"; sourceTree = "<group>"; };
		BA8018811D3665B1CC081AAA /* Pods-MangaReader.debug.xcconfig */ = {isa = PBXFileReference; includeInIndex = 1; lastKnownFileType = text.xcconfig; name = "Pods-MangaReader.debug.xcconfig"; path = "Pods/Target Support Files/Pods-MangaReader/Pods-MangaReader.debug.xcconfig"; sourceTree = "<group>"; };
		C94EFCDFF019ADD087B49048 /* Pods-MangaReaderTests.debug.xcconfig */ = {isa = PBXFileReference; includeInIndex = 1; lastKnownFileType = text.xcconfig; name = "Pods-MangaReaderTests.debug.xcconfig"; path = "Pods/Target Support Files/Pods-MangaReaderTests/Pods-MangaReaderTests.debug.xcconfig"; sourceTree = "<group>"; };
		DAAD206ACD0500040A70A9EB /* Pods-MangaReaderTests.release.xcconfig */ = {isa = PBXFileReference; includeInIndex = 1; lastKnownFileType = text.xcconfig; name = "Pods-MangaReaderTests.release.xcconfig"; path = "Pods/Target Support Files/Pods-MangaReaderTests/Pods-MangaReaderTests.release.xcconfig"; sourceTree = "<group>"; };
		F9CF3EF06DC7DAF652B13D2F /* Pods_MangaReaderTests.framework */ = {isa = PBXFileReference; explicitFileType = wrapper.framework; includeInIndex = 0; path = Pods_MangaReaderTests.framework; sourceTree = BUILT_PRODUCTS_DIR; };
/* End PBXFileReference section */

/* Begin PBXFrameworksBuildPhase section */
		84A831E0221D90CA00CEE1C9 /* Frameworks */ = {
			isa = PBXFrameworksBuildPhase;
			buildActionMask = 2147483647;
			files = (
				4210C463A6A18BA4DDE78173 /* Pods_MangaReader.framework in Frameworks */,
				320F276E23C203E300D9930F /* mecab.framework in Frameworks */,
			);
			runOnlyForDeploymentPostprocessing = 0;
		};
		84A831F7221D90CC00CEE1C9 /* Frameworks */ = {
			isa = PBXFrameworksBuildPhase;
			buildActionMask = 2147483647;
			files = (
				C236795ADDD5F8B005824580 /* Pods_MangaReaderTests.framework in Frameworks */,
			);
			runOnlyForDeploymentPostprocessing = 0;
		};
		84A83202221D90CC00CEE1C9 /* Frameworks */ = {
			isa = PBXFrameworksBuildPhase;
			buildActionMask = 2147483647;
			files = (
				6B3FC32AFC97A3EEBF5989C6 /* Pods_MangaReaderUITests.framework in Frameworks */,
			);
			runOnlyForDeploymentPostprocessing = 0;
		};
/* End PBXFrameworksBuildPhase section */

/* Begin PBXGroup section */
		320F276523C202FF00D9930F /* Products */ = {
			isa = PBXGroup;
			children = (
				320F276923C202FF00D9930F /* mecab.framework */,
			);
			name = Products;
			sourceTree = "<group>";
		};
		320F277523C2047800D9930F /* Mecab */ = {
			isa = PBXGroup;
			children = (
				320F277123C2046900D9930F /* Token.swift */,
				320F277223C2046900D9930F /* Tokenizer.swift */,
			);
			path = Mecab;
			sourceTree = "<group>";
		};
		320F277B23C208FB00D9930F /* Resources */ = {
			isa = PBXGroup;
			children = (
				320F278023C20A1500D9930F /* ipadic */,
				320F276A23C2039100D9930F /* mecabrc */,
			);
			name = Resources;
			sourceTree = "<group>";
		};
		320F278023C20A1500D9930F /* ipadic */ = {
			isa = PBXGroup;
			children = (
				3259D1DC23C4E5C9003BA7C2 /* char.bin */,
				3259D1E123C4E5CA003BA7C2 /* dicrc */,
				3259D1DA23C4E5C9003BA7C2 /* left-id.def */,
				3259D1DE23C4E5CA003BA7C2 /* matrix.bin */,
				3259D1DB23C4E5C9003BA7C2 /* pos-id.def */,
				3259D1DF23C4E5CA003BA7C2 /* rewrite.def */,
				3259D1E223C4E5CA003BA7C2 /* right-id.def */,
				3259D1DD23C4E5C9003BA7C2 /* sys.dic */,
				3259D1E023C4E5CA003BA7C2 /* unk.dic */,
			);
			name = ipadic;
			path = "mecab-ios/ipadic";
			sourceTree = "<group>";
		};
		7EAAD1907EAA228FF69A9323 /* Frameworks */ = {
			isa = PBXGroup;
			children = (
				0FD908038762DEE3A978F955 /* Pods_MangaReader.framework */,
				F9CF3EF06DC7DAF652B13D2F /* Pods_MangaReaderTests.framework */,
				5F13E9F51127395F4C02644A /* Pods_MangaReaderUITests.framework */,
			);
			name = Frameworks;
			sourceTree = "<group>";
		};
		841B795A221F303900659FA2 /* Other */ = {
			isa = PBXGroup;
			children = (
				320F277523C2047800D9930F /* Mecab */,
				843FA7E8221DFE9E00B86B52 /* CBZReader.swift */,
				841B795B221F305A00659FA2 /* MangaDataSource.swift */,
				8418695F222474EC00C689DC /* LibraryCollectionViewLayout.swift */,
				323205AD238DBCE4009E8362 /* SelectionView.swift */,
				3259D1B323C4D9A2003BA7C2 /* FuriganaUtils.swift */,
			);
			path = Other;
			sourceTree = "<group>";
		};
		84A831DA221D90CA00CEE1C9 = {
			isa = PBXGroup;
			children = (
				320F277B23C208FB00D9930F /* Resources */,
				320F276423C202FF00D9930F /* mecab.xcodeproj */,
				84A831E5221D90CA00CEE1C9 /* MangaReader */,
				84A831FD221D90CC00CEE1C9 /* MangaReaderTests */,
				84A831E4221D90CA00CEE1C9 /* Products */,
				93D8060B8DF929B1DE48D612 /* Pods */,
				7EAAD1907EAA228FF69A9323 /* Frameworks */,
				843FA7DA221DE69200B86B52 /* MangaReader-Bridging-Header.h */,
			);
			sourceTree = "<group>";
		};
		84A831E4221D90CA00CEE1C9 /* Products */ = {
			isa = PBXGroup;
			children = (
				84A831E3221D90CA00CEE1C9 /* MangaReader.app */,
				84A831FA221D90CC00CEE1C9 /* MangaReaderTests.xctest */,
				84A83205221D90CC00CEE1C9 /* MangaReaderUITests.xctest */,
			);
			name = Products;
			sourceTree = "<group>";
		};
		84A831E5221D90CA00CEE1C9 /* MangaReader */ = {
			isa = PBXGroup;
			children = (
				84A8321F221D9F5700CEE1C9 /* Model */,
				84A8321A221D94D400CEE1C9 /* Views */,
				84A83217221D922200CEE1C9 /* Coordinators */,
				841B795A221F303900659FA2 /* Other */,
				84A831E6221D90CA00CEE1C9 /* AppDelegate.swift */,
				84A831F0221D90CC00CEE1C9 /* Assets.xcassets */,
				84A831F2221D90CC00CEE1C9 /* LaunchScreen.storyboard */,
				84A831F5221D90CC00CEE1C9 /* Info.plist */,
				0D463D7122CA9B0C0020FD5A /* GoogleService-Info.plist */,
				3296EA5523C24C6700DA28D7 /* AnalyzeTextViewController.swift */,
			);
			path = MangaReader;
			sourceTree = "<group>";
		};
		84A831FD221D90CC00CEE1C9 /* MangaReaderTests */ = {
			isa = PBXGroup;
			children = (
				84A831FE221D90CC00CEE1C9 /* MangaReaderTests.swift */,
				84A83200221D90CC00CEE1C9 /* Info.plist */,
			);
			path = MangaReaderTests;
			sourceTree = "<group>";
		};
		84A83217221D922200CEE1C9 /* Coordinators */ = {
			isa = PBXGroup;
			children = (
				84A83218221D923800CEE1C9 /* AppCoordinator.swift */,
				843FA7DE221DEDDF00B86B52 /* AddMangasCoordinator.swift */,
				328DFB0C238D967C0095CBAB /* ViewMangaCoordinator.swift */,
			);
			path = Coordinators;
			sourceTree = "<group>";
		};
		84A8321A221D94D400CEE1C9 /* Views */ = {
			isa = PBXGroup;
			children = (
				84A8321B221D951500CEE1C9 /* LibraryViewController.swift */,
				84A8321C221D951500CEE1C9 /* LibraryViewController.xib */,
				84A83222221DB10400CEE1C9 /* MangaCollectionViewCell.swift */,
				84A83223221DB10400CEE1C9 /* MangaCollectionViewCell.xib */,
				843FA7E0221DF0C300B86B52 /* WebServerViewController.swift */,
				843FA7E1221DF0C300B86B52 /* WebServerViewController.xib */,
				843FA7EA221E0BE900B86B52 /* PageViewController.swift */,
				843FA7EB221E0BE900B86B52 /* PageViewController.xib */,
				328DFB08238D96300095CBAB /* MangaViewController.swift */,
				328DFB09238D96300095CBAB /* MangaViewController.xib */,
			);
			path = Views;
			sourceTree = "<group>";
		};
		84A8321F221D9F5700CEE1C9 /* Model */ = {
			isa = PBXGroup;
			children = (
				84A831ED221D90CA00CEE1C9 /* MangaReader.xcdatamodeld */,
				84A83220221D9F7000CEE1C9 /* CoreDataManager.swift */,
				8418696B222495FD00C689DC /* Manga.swift */,
				8418696C222495FE00C689DC /* Manga+CoreDataProperties.swift */,
			);
			path = Model;
			sourceTree = "<group>";
		};
		93D8060B8DF929B1DE48D612 /* Pods */ = {
			isa = PBXGroup;
			children = (
				BA8018811D3665B1CC081AAA /* Pods-MangaReader.debug.xcconfig */,
				8B52D48335DF1FCD9AF209A0 /* Pods-MangaReader.release.xcconfig */,
				C94EFCDFF019ADD087B49048 /* Pods-MangaReaderTests.debug.xcconfig */,
				DAAD206ACD0500040A70A9EB /* Pods-MangaReaderTests.release.xcconfig */,
				B5312D435FC7B69256070F18 /* Pods-MangaReaderUITests.debug.xcconfig */,
				06DADBF3922C1A6DDC6C798A /* Pods-MangaReaderUITests.release.xcconfig */,
			);
			name = Pods;
			sourceTree = "<group>";
		};
/* End PBXGroup section */

/* Begin PBXNativeTarget section */
		84A831E2221D90CA00CEE1C9 /* MangaReader */ = {
			isa = PBXNativeTarget;
			buildConfigurationList = 84A8320E221D90CC00CEE1C9 /* Build configuration list for PBXNativeTarget "MangaReader" */;
			buildPhases = (
				47EC031D6820EED60E125F73 /* [CP] Check Pods Manifest.lock */,
				84A831DF221D90CA00CEE1C9 /* Sources */,
				84A831E0221D90CA00CEE1C9 /* Frameworks */,
				84A831E1221D90CA00CEE1C9 /* Resources */,
				D1FBAE1E0464DE3A1AB9215B /* [CP] Embed Pods Frameworks */,
				8418695E222346F000C689DC /* ShellScript */,
				320F277023C203E300D9930F /* Embed Frameworks */,
			);
			buildRules = (
			);
			dependencies = (
			);
			name = MangaReader;
			productName = MangaReader;
			productReference = 84A831E3221D90CA00CEE1C9 /* MangaReader.app */;
			productType = "com.apple.product-type.application";
		};
		84A831F9221D90CC00CEE1C9 /* MangaReaderTests */ = {
			isa = PBXNativeTarget;
			buildConfigurationList = 84A83211221D90CC00CEE1C9 /* Build configuration list for PBXNativeTarget "MangaReaderTests" */;
			buildPhases = (
				EA039F059F557E0A6B94B376 /* [CP] Check Pods Manifest.lock */,
				84A831F6221D90CC00CEE1C9 /* Sources */,
				84A831F7221D90CC00CEE1C9 /* Frameworks */,
				84A831F8221D90CC00CEE1C9 /* Resources */,
			);
			buildRules = (
			);
			dependencies = (
				84A831FC221D90CC00CEE1C9 /* PBXTargetDependency */,
			);
			name = MangaReaderTests;
			productName = MangaReaderTests;
			productReference = 84A831FA221D90CC00CEE1C9 /* MangaReaderTests.xctest */;
			productType = "com.apple.product-type.bundle.unit-test";
		};
		84A83204221D90CC00CEE1C9 /* MangaReaderUITests */ = {
			isa = PBXNativeTarget;
			buildConfigurationList = 84A83214221D90CC00CEE1C9 /* Build configuration list for PBXNativeTarget "MangaReaderUITests" */;
			buildPhases = (
				1E148B4D9991442BC6BF10E8 /* [CP] Check Pods Manifest.lock */,
				84A83201221D90CC00CEE1C9 /* Sources */,
				84A83202221D90CC00CEE1C9 /* Frameworks */,
				84A83203221D90CC00CEE1C9 /* Resources */,
			);
			buildRules = (
			);
			dependencies = (
				84A83207221D90CC00CEE1C9 /* PBXTargetDependency */,
			);
			name = MangaReaderUITests;
			productName = MangaReaderUITests;
			productReference = 84A83205221D90CC00CEE1C9 /* MangaReaderUITests.xctest */;
			productType = "com.apple.product-type.bundle.ui-testing";
		};
/* End PBXNativeTarget section */

/* Begin PBXProject section */
		84A831DB221D90CA00CEE1C9 /* Project object */ = {
			isa = PBXProject;
			attributes = {
				LastSwiftUpdateCheck = 1010;
				LastUpgradeCheck = 1010;
				ORGANIZATIONNAME = Bakura;
				TargetAttributes = {
					84A831E2221D90CA00CEE1C9 = {
						CreatedOnToolsVersion = 10.1;
						LastSwiftMigration = 1100;
					};
					84A831F9221D90CC00CEE1C9 = {
						CreatedOnToolsVersion = 10.1;
						LastSwiftMigration = 1100;
						TestTargetID = 84A831E2221D90CA00CEE1C9;
					};
					84A83204221D90CC00CEE1C9 = {
						CreatedOnToolsVersion = 10.1;
						TestTargetID = 84A831E2221D90CA00CEE1C9;
					};
				};
			};
			buildConfigurationList = 84A831DE221D90CA00CEE1C9 /* Build configuration list for PBXProject "MangaReader" */;
			compatibilityVersion = "Xcode 9.3";
			developmentRegion = en;
			hasScannedForEncodings = 0;
			knownRegions = (
				en,
				Base,
			);
			mainGroup = 84A831DA221D90CA00CEE1C9;
			productRefGroup = 84A831E4221D90CA00CEE1C9 /* Products */;
			projectDirPath = "";
			projectReferences = (
				{
					ProductGroup = 320F276523C202FF00D9930F /* Products */;
					ProjectRef = 320F276423C202FF00D9930F /* mecab.xcodeproj */;
				},
			);
			projectRoot = "";
			targets = (
				84A831E2221D90CA00CEE1C9 /* MangaReader */,
				84A831F9221D90CC00CEE1C9 /* MangaReaderTests */,
				84A83204221D90CC00CEE1C9 /* MangaReaderUITests */,
			);
		};
/* End PBXProject section */

/* Begin PBXReferenceProxy section */
		320F276923C202FF00D9930F /* mecab.framework */ = {
			isa = PBXReferenceProxy;
			fileType = wrapper.framework;
			path = mecab.framework;
			remoteRef = 320F276823C202FF00D9930F /* PBXContainerItemProxy */;
			sourceTree = BUILT_PRODUCTS_DIR;
		};
/* End PBXReferenceProxy section */

/* Begin PBXResourcesBuildPhase section */
		84A831E1221D90CA00CEE1C9 /* Resources */ = {
			isa = PBXResourcesBuildPhase;
			buildActionMask = 2147483647;
			files = (
				320F276B23C2039100D9930F /* mecabrc in Resources */,
				3259D1EB23C4E5CA003BA7C2 /* right-id.def in Resources */,
				3259D1E623C4E5CA003BA7C2 /* sys.dic in Resources */,
				3259D1EA23C4E5CA003BA7C2 /* dicrc in Resources */,
				3259D1E523C4E5CA003BA7C2 /* char.bin in Resources */,
				3259D1E923C4E5CA003BA7C2 /* unk.dic in Resources */,
				84A831F4221D90CC00CEE1C9 /* LaunchScreen.storyboard in Resources */,
				0D463D7222CA9B0D0020FD5A /* GoogleService-Info.plist in Resources */,
				84A831F1221D90CC00CEE1C9 /* Assets.xcassets in Resources */,
				3259D1E723C4E5CA003BA7C2 /* matrix.bin in Resources */,
				328DFB0B238D96300095CBAB /* MangaViewController.xib in Resources */,
				3259D1E323C4E5CA003BA7C2 /* left-id.def in Resources */,
				84A8321E221D951500CEE1C9 /* LibraryViewController.xib in Resources */,
				843FA7ED221E0BE900B86B52 /* PageViewController.xib in Resources */,
				843FA7E3221DF0C300B86B52 /* WebServerViewController.xib in Resources */,
				3259D1E423C4E5CA003BA7C2 /* pos-id.def in Resources */,
				84A83225221DB10400CEE1C9 /* MangaCollectionViewCell.xib in Resources */,
				3259D1E823C4E5CA003BA7C2 /* rewrite.def in Resources */,
			);
			runOnlyForDeploymentPostprocessing = 0;
		};
		84A831F8221D90CC00CEE1C9 /* Resources */ = {
			isa = PBXResourcesBuildPhase;
			buildActionMask = 2147483647;
			files = (
			);
			runOnlyForDeploymentPostprocessing = 0;
		};
		84A83203221D90CC00CEE1C9 /* Resources */ = {
			isa = PBXResourcesBuildPhase;
			buildActionMask = 2147483647;
			files = (
			);
			runOnlyForDeploymentPostprocessing = 0;
		};
/* End PBXResourcesBuildPhase section */

/* Begin PBXShellScriptBuildPhase section */
		1E148B4D9991442BC6BF10E8 /* [CP] Check Pods Manifest.lock */ = {
			isa = PBXShellScriptBuildPhase;
			buildActionMask = 2147483647;
			files = (
			);
			inputPaths = (
				"${PODS_PODFILE_DIR_PATH}/Podfile.lock",
				"${PODS_ROOT}/Manifest.lock",
			);
			name = "[CP] Check Pods Manifest.lock";
			outputPaths = (
				"$(DERIVED_FILE_DIR)/Pods-MangaReaderUITests-checkManifestLockResult.txt",
			);
			runOnlyForDeploymentPostprocessing = 0;
			shellPath = /bin/sh;
			shellScript = "diff \"${PODS_PODFILE_DIR_PATH}/Podfile.lock\" \"${PODS_ROOT}/Manifest.lock\" > /dev/null\nif [ $? != 0 ] ; then\n    # print error to STDERR\n    echo \"error: The sandbox is not in sync with the Podfile.lock. Run 'pod install' or update your CocoaPods installation.\" >&2\n    exit 1\nfi\n# This output is used by Xcode 'outputs' to avoid re-running this script phase.\necho \"SUCCESS\" > \"${SCRIPT_OUTPUT_FILE_0}\"\n";
			showEnvVarsInLog = 0;
		};
		47EC031D6820EED60E125F73 /* [CP] Check Pods Manifest.lock */ = {
			isa = PBXShellScriptBuildPhase;
			buildActionMask = 2147483647;
			files = (
			);
			inputPaths = (
				"${PODS_PODFILE_DIR_PATH}/Podfile.lock",
				"${PODS_ROOT}/Manifest.lock",
			);
			name = "[CP] Check Pods Manifest.lock";
			outputPaths = (
				"$(DERIVED_FILE_DIR)/Pods-MangaReader-checkManifestLockResult.txt",
			);
			runOnlyForDeploymentPostprocessing = 0;
			shellPath = /bin/sh;
			shellScript = "diff \"${PODS_PODFILE_DIR_PATH}/Podfile.lock\" \"${PODS_ROOT}/Manifest.lock\" > /dev/null\nif [ $? != 0 ] ; then\n    # print error to STDERR\n    echo \"error: The sandbox is not in sync with the Podfile.lock. Run 'pod install' or update your CocoaPods installation.\" >&2\n    exit 1\nfi\n# This output is used by Xcode 'outputs' to avoid re-running this script phase.\necho \"SUCCESS\" > \"${SCRIPT_OUTPUT_FILE_0}\"\n";
			showEnvVarsInLog = 0;
		};
		8418695E222346F000C689DC /* ShellScript */ = {
			isa = PBXShellScriptBuildPhase;
			buildActionMask = 2147483647;
			files = (
			);
			inputFileListPaths = (
			);
			inputPaths = (
			);
			outputFileListPaths = (
			);
			outputPaths = (
			);
			runOnlyForDeploymentPostprocessing = 0;
			shellPath = /bin/sh;
			shellScript = "if which swiftlint >/dev/null; then\nswiftlint\nelse\necho \"warning: SwiftLint not installed, download from https://github.com/realm/SwiftLint\"\nfi\n";
		};
		D1FBAE1E0464DE3A1AB9215B /* [CP] Embed Pods Frameworks */ = {
			isa = PBXShellScriptBuildPhase;
			buildActionMask = 2147483647;
			files = (
			);
			inputFileListPaths = (
				"${PODS_ROOT}/Target Support Files/Pods-MangaReader/Pods-MangaReader-frameworks-${CONFIGURATION}-input-files.xcfilelist",
			);
			name = "[CP] Embed Pods Frameworks";
			outputFileListPaths = (
				"${PODS_ROOT}/Target Support Files/Pods-MangaReader/Pods-MangaReader-frameworks-${CONFIGURATION}-output-files.xcfilelist",
			);
			runOnlyForDeploymentPostprocessing = 0;
			shellPath = /bin/sh;
			shellScript = "\"${PODS_ROOT}/Target Support Files/Pods-MangaReader/Pods-MangaReader-frameworks.sh\"\n";
			showEnvVarsInLog = 0;
		};
		EA039F059F557E0A6B94B376 /* [CP] Check Pods Manifest.lock */ = {
			isa = PBXShellScriptBuildPhase;
			buildActionMask = 2147483647;
			files = (
			);
			inputPaths = (
				"${PODS_PODFILE_DIR_PATH}/Podfile.lock",
				"${PODS_ROOT}/Manifest.lock",
			);
			name = "[CP] Check Pods Manifest.lock";
			outputPaths = (
				"$(DERIVED_FILE_DIR)/Pods-MangaReaderTests-checkManifestLockResult.txt",
			);
			runOnlyForDeploymentPostprocessing = 0;
			shellPath = /bin/sh;
			shellScript = "diff \"${PODS_PODFILE_DIR_PATH}/Podfile.lock\" \"${PODS_ROOT}/Manifest.lock\" > /dev/null\nif [ $? != 0 ] ; then\n    # print error to STDERR\n    echo \"error: The sandbox is not in sync with the Podfile.lock. Run 'pod install' or update your CocoaPods installation.\" >&2\n    exit 1\nfi\n# This output is used by Xcode 'outputs' to avoid re-running this script phase.\necho \"SUCCESS\" > \"${SCRIPT_OUTPUT_FILE_0}\"\n";
			showEnvVarsInLog = 0;
		};
/* End PBXShellScriptBuildPhase section */

/* Begin PBXSourcesBuildPhase section */
		84A831DF221D90CA00CEE1C9 /* Sources */ = {
			isa = PBXSourcesBuildPhase;
			buildActionMask = 2147483647;
			files = (
				323205AE238DBCE4009E8362 /* SelectionView.swift in Sources */,
				320F277423C2046900D9930F /* Tokenizer.swift in Sources */,
				3296EA5623C24C6700DA28D7 /* AnalyzeTextViewController.swift in Sources */,
				84A83219221D923800CEE1C9 /* AppCoordinator.swift in Sources */,
				843FA7EC221E0BE900B86B52 /* PageViewController.swift in Sources */,
				8418696D222495FE00C689DC /* Manga.swift in Sources */,
				843FA7DF221DEDDF00B86B52 /* AddMangasCoordinator.swift in Sources */,
				843FA7E9221DFE9E00B86B52 /* CBZReader.swift in Sources */,
				84186960222474EC00C689DC /* LibraryCollectionViewLayout.swift in Sources */,
				8418696E222495FE00C689DC /* Manga+CoreDataProperties.swift in Sources */,
				328DFB0D238D967C0095CBAB /* ViewMangaCoordinator.swift in Sources */,
				320F277323C2046900D9930F /* Token.swift in Sources */,
				84A831E7221D90CA00CEE1C9 /* AppDelegate.swift in Sources */,
				3259D1B423C4D9A2003BA7C2 /* FuriganaUtils.swift in Sources */,
				328DFB0A238D96300095CBAB /* MangaViewController.swift in Sources */,
				84A8321D221D951500CEE1C9 /* LibraryViewController.swift in Sources */,
				843FA7E2221DF0C300B86B52 /* WebServerViewController.swift in Sources */,
				841B795C221F305A00659FA2 /* MangaDataSource.swift in Sources */,
				84A83224221DB10400CEE1C9 /* MangaCollectionViewCell.swift in Sources */,
				84A83221221D9F7000CEE1C9 /* CoreDataManager.swift in Sources */,
				84A831EF221D90CA00CEE1C9 /* MangaReader.xcdatamodeld in Sources */,
			);
			runOnlyForDeploymentPostprocessing = 0;
		};
		84A831F6221D90CC00CEE1C9 /* Sources */ = {
			isa = PBXSourcesBuildPhase;
			buildActionMask = 2147483647;
			files = (
				84A831FF221D90CC00CEE1C9 /* MangaReaderTests.swift in Sources */,
			);
			runOnlyForDeploymentPostprocessing = 0;
		};
		84A83201221D90CC00CEE1C9 /* Sources */ = {
			isa = PBXSourcesBuildPhase;
			buildActionMask = 2147483647;
			files = (
			);
			runOnlyForDeploymentPostprocessing = 0;
		};
/* End PBXSourcesBuildPhase section */

/* Begin PBXTargetDependency section */
		84A831FC221D90CC00CEE1C9 /* PBXTargetDependency */ = {
			isa = PBXTargetDependency;
			target = 84A831E2221D90CA00CEE1C9 /* MangaReader */;
			targetProxy = 84A831FB221D90CC00CEE1C9 /* PBXContainerItemProxy */;
		};
		84A83207221D90CC00CEE1C9 /* PBXTargetDependency */ = {
			isa = PBXTargetDependency;
			target = 84A831E2221D90CA00CEE1C9 /* MangaReader */;
			targetProxy = 84A83206221D90CC00CEE1C9 /* PBXContainerItemProxy */;
		};
/* End PBXTargetDependency section */

/* Begin PBXVariantGroup section */
		84A831F2221D90CC00CEE1C9 /* LaunchScreen.storyboard */ = {
			isa = PBXVariantGroup;
			children = (
				84A831F3221D90CC00CEE1C9 /* Base */,
			);
			name = LaunchScreen.storyboard;
			sourceTree = "<group>";
		};
/* End PBXVariantGroup section */

/* Begin XCBuildConfiguration section */
		84A8320C221D90CC00CEE1C9 /* Debug */ = {
			isa = XCBuildConfiguration;
			buildSettings = {
				ALWAYS_SEARCH_USER_PATHS = NO;
				CLANG_ANALYZER_NONNULL = YES;
				CLANG_ANALYZER_NUMBER_OBJECT_CONVERSION = YES_AGGRESSIVE;
				CLANG_CXX_LANGUAGE_STANDARD = "gnu++14";
				CLANG_CXX_LIBRARY = "libc++";
				CLANG_ENABLE_MODULES = YES;
				CLANG_ENABLE_OBJC_ARC = YES;
				CLANG_ENABLE_OBJC_WEAK = YES;
				CLANG_WARN_BLOCK_CAPTURE_AUTORELEASING = YES;
				CLANG_WARN_BOOL_CONVERSION = YES;
				CLANG_WARN_COMMA = YES;
				CLANG_WARN_CONSTANT_CONVERSION = YES;
				CLANG_WARN_DEPRECATED_OBJC_IMPLEMENTATIONS = YES;
				CLANG_WARN_DIRECT_OBJC_ISA_USAGE = YES_ERROR;
				CLANG_WARN_DOCUMENTATION_COMMENTS = YES;
				CLANG_WARN_EMPTY_BODY = YES;
				CLANG_WARN_ENUM_CONVERSION = YES;
				CLANG_WARN_INFINITE_RECURSION = YES;
				CLANG_WARN_INT_CONVERSION = YES;
				CLANG_WARN_NON_LITERAL_NULL_CONVERSION = YES;
				CLANG_WARN_OBJC_IMPLICIT_RETAIN_SELF = YES;
				CLANG_WARN_OBJC_LITERAL_CONVERSION = YES;
				CLANG_WARN_OBJC_ROOT_CLASS = YES_ERROR;
				CLANG_WARN_RANGE_LOOP_ANALYSIS = YES;
				CLANG_WARN_STRICT_PROTOTYPES = YES;
				CLANG_WARN_SUSPICIOUS_MOVE = YES;
				CLANG_WARN_UNGUARDED_AVAILABILITY = YES_AGGRESSIVE;
				CLANG_WARN_UNREACHABLE_CODE = YES;
				CLANG_WARN__DUPLICATE_METHOD_MATCH = YES;
				CODE_SIGN_IDENTITY = "iPhone Developer";
				COPY_PHASE_STRIP = NO;
				DEBUG_INFORMATION_FORMAT = dwarf;
				ENABLE_STRICT_OBJC_MSGSEND = YES;
				ENABLE_TESTABILITY = YES;
				GCC_C_LANGUAGE_STANDARD = gnu11;
				GCC_DYNAMIC_NO_PIC = NO;
				GCC_NO_COMMON_BLOCKS = YES;
				GCC_OPTIMIZATION_LEVEL = 0;
				GCC_PREPROCESSOR_DEFINITIONS = (
					"DEBUG=1",
					"$(inherited)",
				);
				GCC_WARN_64_TO_32_BIT_CONVERSION = YES;
				GCC_WARN_ABOUT_RETURN_TYPE = YES_ERROR;
				GCC_WARN_UNDECLARED_SELECTOR = YES;
				GCC_WARN_UNINITIALIZED_AUTOS = YES_AGGRESSIVE;
				GCC_WARN_UNUSED_FUNCTION = YES;
				GCC_WARN_UNUSED_VARIABLE = YES;
				IPHONEOS_DEPLOYMENT_TARGET = 13.0;
				MTL_ENABLE_DEBUG_INFO = INCLUDE_SOURCE;
				MTL_FAST_MATH = YES;
				ONLY_ACTIVE_ARCH = YES;
				SDKROOT = iphoneos;
				SWIFT_ACTIVE_COMPILATION_CONDITIONS = DEBUG;
				SWIFT_OPTIMIZATION_LEVEL = "-Onone";
			};
			name = Debug;
		};
		84A8320D221D90CC00CEE1C9 /* Release */ = {
			isa = XCBuildConfiguration;
			buildSettings = {
				ALWAYS_SEARCH_USER_PATHS = NO;
				CLANG_ANALYZER_NONNULL = YES;
				CLANG_ANALYZER_NUMBER_OBJECT_CONVERSION = YES_AGGRESSIVE;
				CLANG_CXX_LANGUAGE_STANDARD = "gnu++14";
				CLANG_CXX_LIBRARY = "libc++";
				CLANG_ENABLE_MODULES = YES;
				CLANG_ENABLE_OBJC_ARC = YES;
				CLANG_ENABLE_OBJC_WEAK = YES;
				CLANG_WARN_BLOCK_CAPTURE_AUTORELEASING = YES;
				CLANG_WARN_BOOL_CONVERSION = YES;
				CLANG_WARN_COMMA = YES;
				CLANG_WARN_CONSTANT_CONVERSION = YES;
				CLANG_WARN_DEPRECATED_OBJC_IMPLEMENTATIONS = YES;
				CLANG_WARN_DIRECT_OBJC_ISA_USAGE = YES_ERROR;
				CLANG_WARN_DOCUMENTATION_COMMENTS = YES;
				CLANG_WARN_EMPTY_BODY = YES;
				CLANG_WARN_ENUM_CONVERSION = YES;
				CLANG_WARN_INFINITE_RECURSION = YES;
				CLANG_WARN_INT_CONVERSION = YES;
				CLANG_WARN_NON_LITERAL_NULL_CONVERSION = YES;
				CLANG_WARN_OBJC_IMPLICIT_RETAIN_SELF = YES;
				CLANG_WARN_OBJC_LITERAL_CONVERSION = YES;
				CLANG_WARN_OBJC_ROOT_CLASS = YES_ERROR;
				CLANG_WARN_RANGE_LOOP_ANALYSIS = YES;
				CLANG_WARN_STRICT_PROTOTYPES = YES;
				CLANG_WARN_SUSPICIOUS_MOVE = YES;
				CLANG_WARN_UNGUARDED_AVAILABILITY = YES_AGGRESSIVE;
				CLANG_WARN_UNREACHABLE_CODE = YES;
				CLANG_WARN__DUPLICATE_METHOD_MATCH = YES;
				CODE_SIGN_IDENTITY = "iPhone Developer";
				COPY_PHASE_STRIP = NO;
				DEBUG_INFORMATION_FORMAT = "dwarf-with-dsym";
				ENABLE_NS_ASSERTIONS = NO;
				ENABLE_STRICT_OBJC_MSGSEND = YES;
				GCC_C_LANGUAGE_STANDARD = gnu11;
				GCC_NO_COMMON_BLOCKS = YES;
				GCC_WARN_64_TO_32_BIT_CONVERSION = YES;
				GCC_WARN_ABOUT_RETURN_TYPE = YES_ERROR;
				GCC_WARN_UNDECLARED_SELECTOR = YES;
				GCC_WARN_UNINITIALIZED_AUTOS = YES_AGGRESSIVE;
				GCC_WARN_UNUSED_FUNCTION = YES;
				GCC_WARN_UNUSED_VARIABLE = YES;
				IPHONEOS_DEPLOYMENT_TARGET = 13.0;
				MTL_ENABLE_DEBUG_INFO = NO;
				MTL_FAST_MATH = YES;
				SDKROOT = iphoneos;
				SWIFT_COMPILATION_MODE = wholemodule;
				SWIFT_OPTIMIZATION_LEVEL = "-O";
				VALIDATE_PRODUCT = YES;
			};
			name = Release;
		};
		84A8320F221D90CC00CEE1C9 /* Debug */ = {
			isa = XCBuildConfiguration;
			baseConfigurationReference = BA8018811D3665B1CC081AAA /* Pods-MangaReader.debug.xcconfig */;
			buildSettings = {
				ASSETCATALOG_COMPILER_APPICON_NAME = AppIcon;
				CLANG_ENABLE_MODULES = YES;
				CODE_SIGN_STYLE = Automatic;
				DEVELOPMENT_TEAM = 25JHVANVX3;
				INFOPLIST_FILE = MangaReader/Info.plist;
				LD_RUNPATH_SEARCH_PATHS = (
					"$(inherited)",
					"@executable_path/Frameworks",
				);
				PRODUCT_BUNDLE_IDENTIFIER = com.bakura.MangaReader;
				PRODUCT_NAME = "$(TARGET_NAME)";
				SWIFT_OBJC_BRIDGING_HEADER = "MangaReader-Bridging-Header.h";
				SWIFT_OPTIMIZATION_LEVEL = "-Onone";
				SWIFT_VERSION = 5.0;
				TARGETED_DEVICE_FAMILY = "1,2";
			};
			name = Debug;
		};
		84A83210221D90CC00CEE1C9 /* Release */ = {
			isa = XCBuildConfiguration;
			baseConfigurationReference = 8B52D48335DF1FCD9AF209A0 /* Pods-MangaReader.release.xcconfig */;
			buildSettings = {
				ASSETCATALOG_COMPILER_APPICON_NAME = AppIcon;
				CLANG_ENABLE_MODULES = YES;
				CODE_SIGN_STYLE = Automatic;
				DEVELOPMENT_TEAM = 25JHVANVX3;
				INFOPLIST_FILE = MangaReader/Info.plist;
				LD_RUNPATH_SEARCH_PATHS = (
					"$(inherited)",
					"@executable_path/Frameworks",
				);
				PRODUCT_BUNDLE_IDENTIFIER = com.bakura.MangaReader;
				PRODUCT_NAME = "$(TARGET_NAME)";
				SWIFT_OBJC_BRIDGING_HEADER = "MangaReader-Bridging-Header.h";
				SWIFT_VERSION = 5.0;
				TARGETED_DEVICE_FAMILY = "1,2";
			};
			name = Release;
		};
		84A83212221D90CC00CEE1C9 /* Debug */ = {
			isa = XCBuildConfiguration;
			baseConfigurationReference = C94EFCDFF019ADD087B49048 /* Pods-MangaReaderTests.debug.xcconfig */;
			buildSettings = {
				ALWAYS_EMBED_SWIFT_STANDARD_LIBRARIES = YES;
				BUNDLE_LOADER = "$(TEST_HOST)";
				CODE_SIGN_STYLE = Automatic;
				DEVELOPMENT_TEAM = 25JHVANVX3;
				INFOPLIST_FILE = MangaReaderTests/Info.plist;
				LD_RUNPATH_SEARCH_PATHS = (
					"$(inherited)",
					"@executable_path/Frameworks",
					"@loader_path/Frameworks",
				);
				PRODUCT_BUNDLE_IDENTIFIER = com.bakura.MangaReaderTests;
				PRODUCT_NAME = "$(TARGET_NAME)";
				SWIFT_VERSION = 5.0;
				TARGETED_DEVICE_FAMILY = "1,2";
				TEST_HOST = "$(BUILT_PRODUCTS_DIR)/MangaReader.app/MangaReader";
			};
			name = Debug;
		};
		84A83213221D90CC00CEE1C9 /* Release */ = {
			isa = XCBuildConfiguration;
			baseConfigurationReference = DAAD206ACD0500040A70A9EB /* Pods-MangaReaderTests.release.xcconfig */;
			buildSettings = {
				ALWAYS_EMBED_SWIFT_STANDARD_LIBRARIES = YES;
				BUNDLE_LOADER = "$(TEST_HOST)";
				CODE_SIGN_STYLE = Automatic;
				DEVELOPMENT_TEAM = 25JHVANVX3;
				INFOPLIST_FILE = MangaReaderTests/Info.plist;
				LD_RUNPATH_SEARCH_PATHS = (
					"$(inherited)",
					"@executable_path/Frameworks",
					"@loader_path/Frameworks",
				);
				PRODUCT_BUNDLE_IDENTIFIER = com.bakura.MangaReaderTests;
				PRODUCT_NAME = "$(TARGET_NAME)";
				SWIFT_VERSION = 5.0;
				TARGETED_DEVICE_FAMILY = "1,2";
				TEST_HOST = "$(BUILT_PRODUCTS_DIR)/MangaReader.app/MangaReader";
			};
			name = Release;
		};
		84A83215221D90CC00CEE1C9 /* Debug */ = {
			isa = XCBuildConfiguration;
			baseConfigurationReference = B5312D435FC7B69256070F18 /* Pods-MangaReaderUITests.debug.xcconfig */;
			buildSettings = {
				ALWAYS_EMBED_SWIFT_STANDARD_LIBRARIES = YES;
				CODE_SIGN_STYLE = Automatic;
				DEVELOPMENT_TEAM = 25JHVANVX3;
				INFOPLIST_FILE = MangaReaderUITests/Info.plist;
				LD_RUNPATH_SEARCH_PATHS = (
					"$(inherited)",
					"@executable_path/Frameworks",
					"@loader_path/Frameworks",
				);
				PRODUCT_BUNDLE_IDENTIFIER = com.bakura.MangaReaderUITests;
				PRODUCT_NAME = "$(TARGET_NAME)";
				SWIFT_VERSION = 4.2;
				TARGETED_DEVICE_FAMILY = "1,2";
				TEST_TARGET_NAME = MangaReader;
			};
			name = Debug;
		};
		84A83216221D90CC00CEE1C9 /* Release */ = {
			isa = XCBuildConfiguration;
			baseConfigurationReference = 06DADBF3922C1A6DDC6C798A /* Pods-MangaReaderUITests.release.xcconfig */;
			buildSettings = {
				ALWAYS_EMBED_SWIFT_STANDARD_LIBRARIES = YES;
				CODE_SIGN_STYLE = Automatic;
				DEVELOPMENT_TEAM = 25JHVANVX3;
				INFOPLIST_FILE = MangaReaderUITests/Info.plist;
				LD_RUNPATH_SEARCH_PATHS = (
					"$(inherited)",
					"@executable_path/Frameworks",
					"@loader_path/Frameworks",
				);
				PRODUCT_BUNDLE_IDENTIFIER = com.bakura.MangaReaderUITests;
				PRODUCT_NAME = "$(TARGET_NAME)";
				SWIFT_VERSION = 4.2;
				TARGETED_DEVICE_FAMILY = "1,2";
				TEST_TARGET_NAME = MangaReader;
			};
			name = Release;
		};
/* End XCBuildConfiguration section */

/* Begin XCConfigurationList section */
		84A831DE221D90CA00CEE1C9 /* Build configuration list for PBXProject "MangaReader" */ = {
			isa = XCConfigurationList;
			buildConfigurations = (
				84A8320C221D90CC00CEE1C9 /* Debug */,
				84A8320D221D90CC00CEE1C9 /* Release */,
			);
			defaultConfigurationIsVisible = 0;
			defaultConfigurationName = Release;
		};
		84A8320E221D90CC00CEE1C9 /* Build configuration list for PBXNativeTarget "MangaReader" */ = {
			isa = XCConfigurationList;
			buildConfigurations = (
				84A8320F221D90CC00CEE1C9 /* Debug */,
				84A83210221D90CC00CEE1C9 /* Release */,
			);
			defaultConfigurationIsVisible = 0;
			defaultConfigurationName = Release;
		};
		84A83211221D90CC00CEE1C9 /* Build configuration list for PBXNativeTarget "MangaReaderTests" */ = {
			isa = XCConfigurationList;
			buildConfigurations = (
				84A83212221D90CC00CEE1C9 /* Debug */,
				84A83213221D90CC00CEE1C9 /* Release */,
			);
			defaultConfigurationIsVisible = 0;
			defaultConfigurationName = Release;
		};
		84A83214221D90CC00CEE1C9 /* Build configuration list for PBXNativeTarget "MangaReaderUITests" */ = {
			isa = XCConfigurationList;
			buildConfigurations = (
				84A83215221D90CC00CEE1C9 /* Debug */,
				84A83216221D90CC00CEE1C9 /* Release */,
			);
			defaultConfigurationIsVisible = 0;
			defaultConfigurationName = Release;
		};
/* End XCConfigurationList section */

/* Begin XCVersionGroup section */
		84A831ED221D90CA00CEE1C9 /* MangaReader.xcdatamodeld */ = {
			isa = XCVersionGroup;
			children = (
				84A831EE221D90CA00CEE1C9 /* MangaReader.xcdatamodel */,
			);
			currentVersion = 84A831EE221D90CA00CEE1C9 /* MangaReader.xcdatamodel */;
			path = MangaReader.xcdatamodeld;
			sourceTree = "<group>";
			versionGroupType = wrapper.xcdatamodel;
		};
/* End XCVersionGroup section */
	};
	rootObject = 84A831DB221D90CA00CEE1C9 /* Project object */;
}
