PODS:
  - GCDWebServer/Core (3.5.2)
  - GCDWebServer/WebUploader (3.5.2):
    - GCDWebServer/Core
  - UIImageViewAlignedSwift (0.6.1)
  - ZIPFoundation (0.9.8)

DEPENDENCIES:
  - GCDWebServer/WebUploader (~> 3.0)
  - UIImageViewAlignedSwift
  - ZIPFoundation (~> 0.9)

SPEC REPOS:
  https://github.com/cocoapods/specs.git:
    - GCDWebServer
    - UIImageViewAlignedSwift
    - ZIPFoundation

SPEC CHECKSUMS:
  GCDWebServer: ead88cd14596dd4eae4f5830b8877c87c8728990
  UIImageViewAlignedSwift: 4f35dca94ad7a9d7160b38ea4a27423136248361
  ZIPFoundation: b1f07e4409baf1641f3fe5948b2a1c3f5c500cb1

PODFILE CHECKSUM: 87309973f22b915104d798b958d2b1083902829f

COCOAPODS: 1.6.1
