// !$*UTF8*$!
{
	archiveVersion = 1;
	classes = {
	};
	objectVersion = 51;
	objects = {

/* Begin PBXBuildFile section */
		1873712DF054B5A5B988EC0E /* Pods_Kantan_MangaTests.framework in Frameworks */ = {isa = PBXBuildFile; fileRef = 55D7326F35AB101E198FF621 /* Pods_Kantan_MangaTests.framework */; };
		2254E6DD7D38442ABE3EBB89 /* Pods_Kantan_MangaUITests.framework in Frameworks */ = {isa = PBXBuildFile; fileRef = 5534228050877F817D2A97BC /* Pods_Kantan_MangaUITests.framework */; };
		320ED4D32483178C00F5BECF /* DummyDelegates.swift in Sources */ = {isa = PBXBuildFile; fileRef = 320ED4D22483178C00F5BECF /* DummyDelegates.swift */; };
		320ED4D72483189F00F5BECF /* MockNavigationController.swift in Sources */ = {isa = PBXBuildFile; fileRef = 320ED4D62483189F00F5BECF /* MockNavigationController.swift */; };
		320ED4D924831D2900F5BECF /* MockUploadServer.swift in Sources */ = {isa = PBXBuildFile; fileRef = 320ED4D824831D2900F5BECF /* MockUploadServer.swift */; };
		320ED4DB248326F300F5BECF /* MockAddMangasCoordinatorDelegate.swift in Sources */ = {isa = PBXBuildFile; fileRef = 320ED4DA248326F300F5BECF /* MockAddMangasCoordinatorDelegate.swift */; };
		320ED4DD2483289D00F5BECF /* MockAddMangaViewControllerDelegate.swift in Sources */ = {isa = PBXBuildFile; fileRef = 320ED4DC2483289D00F5BECF /* MockAddMangaViewControllerDelegate.swift */; };
		320F277323C2046900D9930F /* Token.swift in Sources */ = {isa = PBXBuildFile; fileRef = 320F277123C2046900D9930F /* Token.swift */; };
		320F277423C2046900D9930F /* Tokenizer.swift in Sources */ = {isa = PBXBuildFile; fileRef = 320F277223C2046900D9930F /* Tokenizer.swift */; };
		3219C2A9251100D200915DE1 /* CollectionViewController.swift in Sources */ = {isa = PBXBuildFile; fileRef = 3219C2A7251100D200915DE1 /* CollectionViewController.swift */; };
		3219C2AA251100D200915DE1 /* CollectionViewController.xib in Resources */ = {isa = PBXBuildFile; fileRef = 3219C2A8251100D200915DE1 /* CollectionViewController.xib */; };
		3219C2B02511103600915DE1 /* MockCollectionViewControllerDelgate.swift in Sources */ = {isa = PBXBuildFile; fileRef = 3219C2AE25110E2900915DE1 /* MockCollectionViewControllerDelgate.swift */; };
		3219C2B22511103A00915DE1 /* MockCollectionViewController.swift in Sources */ = {isa = PBXBuildFile; fileRef = 3219C2AC25110D7D00915DE1 /* MockCollectionViewController.swift */; };
		322C5B5C24830C2500C0BAB1 /* MockLibraryViewController.swift in Sources */ = {isa = PBXBuildFile; fileRef = 322C5B5B24830C2500C0BAB1 /* MockLibraryViewController.swift */; };
		322C5B602483125A00C0BAB1 /* Coordinator.swift in Sources */ = {isa = PBXBuildFile; fileRef = 322C5B5F2483125A00C0BAB1 /* Coordinator.swift */; };
		322ECF3924FF280B0013FD21 /* Bool+Extension.swift in Sources */ = {isa = PBXBuildFile; fileRef = 322ECF3824FF280B0013FD21 /* Bool+Extension.swift */; };
		322EF655250FB05800F35E72 /* CGSize+Extension.swift in Sources */ = {isa = PBXBuildFile; fileRef = 322EF654250FB05800F35E72 /* CGSize+Extension.swift */; };
		322EF658250FB49700F35E72 /* AspectAlignImage.swift in Sources */ = {isa = PBXBuildFile; fileRef = 322EF657250FB49700F35E72 /* AspectAlignImage.swift */; };
		323205AE238DBCE4009E8362 /* SelectionView.swift in Sources */ = {isa = PBXBuildFile; fileRef = 323205AD238DBCE4009E8362 /* SelectionView.swift */; };
		32326F8624354ECC00FCE8E5 /* FileSourceViewController.swift in Sources */ = {isa = PBXBuildFile; fileRef = 32326F8424354ECC00FCE8E5 /* FileSourceViewController.swift */; };
		32326F8724354ECC00FCE8E5 /* FileSourceViewController.xib in Resources */ = {isa = PBXBuildFile; fileRef = 32326F8524354ECC00FCE8E5 /* FileSourceViewController.xib */; };
		32326F892435613E00FCE8E5 /* cbz.svg in Resources */ = {isa = PBXBuildFile; fileRef = 32326F882435613E00FCE8E5 /* cbz.svg */; };
		32326F8D243566FD00FCE8E5 /* cbz.png in Resources */ = {isa = PBXBuildFile; fileRef = 32326F8C243566FD00FCE8E5 /* cbz.png */; };
		3232F32525276DED00DA77B8 /* demo1.cbz in Resources */ = {isa = PBXBuildFile; fileRef = 3232F32325276DED00DA77B8 /* demo1.cbz */; };
		32350AA8247C723C002D100D /* WordParser.swift in Sources */ = {isa = PBXBuildFile; fileRef = 32350AA7247C723C002D100D /* WordParser.swift */; };
		3238DF3A24D7840200DE8782 /* WordButton.swift in Sources */ = {isa = PBXBuildFile; fileRef = 3238DF3924D7840200DE8782 /* WordButton.swift */; };
		323CD90A23CB7107007FFC58 /* jamdict.db in Resources */ = {isa = PBXBuildFile; fileRef = 323CD90923CB7107007FFC58 /* jamdict.db */; };
		3249F2D7250BBC18004C514E /* MangaCollectionCollectionViewCell.swift in Sources */ = {isa = PBXBuildFile; fileRef = 3249F2D5250BBC18004C514E /* MangaCollectionCollectionViewCell.swift */; };
		3249F2D8250BBC18004C514E /* MangaCollectionCollectionViewCell.xib in Resources */ = {isa = PBXBuildFile; fileRef = 3249F2D6250BBC18004C514E /* MangaCollectionCollectionViewCell.xib */; };
		324BB95A2498365E006241E8 /* mecabrc in Resources */ = {isa = PBXBuildFile; fileRef = 324BB9592498365E006241E8 /* mecabrc */; };
		324BB96E2498369B006241E8 /* mecab.framework in Frameworks */ = {isa = PBXBuildFile; fileRef = 324BB958249835DD006241E8 /* mecab.framework */; };
		324BB96F2498369B006241E8 /* mecab.framework in Embed Frameworks */ = {isa = PBXBuildFile; fileRef = 324BB958249835DD006241E8 /* mecab.framework */; settings = {ATTRIBUTES = (CodeSignOnCopy, RemoveHeadersOnCopy, ); }; };
		324BB99224983DF7006241E8 /* rewrite.def in Resources */ = {isa = PBXBuildFile; fileRef = 324BB98924983DF7006241E8 /* rewrite.def */; };
		324BB99324983DF7006241E8 /* left-id.def in Resources */ = {isa = PBXBuildFile; fileRef = 324BB98A24983DF7006241E8 /* left-id.def */; };
		324BB99424983DF7006241E8 /* pos-id.def in Resources */ = {isa = PBXBuildFile; fileRef = 324BB98B24983DF7006241E8 /* pos-id.def */; };
		324BB99524983DF7006241E8 /* matrix.bin in Resources */ = {isa = PBXBuildFile; fileRef = 324BB98C24983DF7006241E8 /* matrix.bin */; };
		324BB99624983DF7006241E8 /* unk.dic in Resources */ = {isa = PBXBuildFile; fileRef = 324BB98D24983DF7006241E8 /* unk.dic */; };
		324BB99724983DF7006241E8 /* sys.dic in Resources */ = {isa = PBXBuildFile; fileRef = 324BB98E24983DF7006241E8 /* sys.dic */; };
		324BB99824983DF7006241E8 /* dicrc in Resources */ = {isa = PBXBuildFile; fileRef = 324BB98F24983DF7006241E8 /* dicrc */; };
		324BB99924983DF7006241E8 /* right-id.def in Resources */ = {isa = PBXBuildFile; fileRef = 324BB99024983DF7006241E8 /* right-id.def */; };
		324BB99A24983DF7006241E8 /* char.bin in Resources */ = {isa = PBXBuildFile; fileRef = 324BB99124983DF7006241E8 /* char.bin */; };
		325199B42479D96400DA6908 /* ImageOCR.swift in Sources */ = {isa = PBXBuildFile; fileRef = 325199B32479D96400DA6908 /* ImageOCR.swift */; };
		325199B72479D9E000DA6908 /* GoogleVisionOCR.swift in Sources */ = {isa = PBXBuildFile; fileRef = 325199B62479D9E000DA6908 /* GoogleVisionOCR.swift */; };
		325199BB2479DE0D00DA6908 /* tessdata in Resources */ = {isa = PBXBuildFile; fileRef = 325199B92479DE0D00DA6908 /* tessdata */; };
		325199C42479E20700DA6908 /* TesseractOCR.swift in Sources */ = {isa = PBXBuildFile; fileRef = 325199C32479E20700DA6908 /* TesseractOCR.swift */; };
		325199CA2479E9B900DA6908 /* tessdata in Resources */ = {isa = PBXBuildFile; fileRef = 325199B92479DE0D00DA6908 /* tessdata */; };
		325199CC2479E9BC00DA6908 /* tessdata in Resources */ = {isa = PBXBuildFile; fileRef = 325199B92479DE0D00DA6908 /* tessdata */; };
		3259D1B423C4D9A2003BA7C2 /* FuriganaUtils.swift in Sources */ = {isa = PBXBuildFile; fileRef = 3259D1B323C4D9A2003BA7C2 /* FuriganaUtils.swift */; };
		325CFC1D2480582700110F31 /* DictionaryView.swift in Sources */ = {isa = PBXBuildFile; fileRef = 325CFC1C2480582700110F31 /* DictionaryView.swift */; };
		325CFC21248060AD00110F31 /* DictionaryEntryView.swift in Sources */ = {isa = PBXBuildFile; fileRef = 325CFC20248060AD00110F31 /* DictionaryEntryView.swift */; };
		325DA0B923C8F50700A627BD /* JapaneseDictionary.swift in Sources */ = {isa = PBXBuildFile; fileRef = 325DA0B823C8F50700A627BD /* JapaneseDictionary.swift */; };
		326344A3247DD98B00F683AB /* Reader.swift in Sources */ = {isa = PBXBuildFile; fileRef = 326344A2247DD98B00F683AB /* Reader.swift */; };
		326344A5247DDAF800F683AB /* CBRReader.swift in Sources */ = {isa = PBXBuildFile; fileRef = 326344A4247DDAF800F683AB /* CBRReader.swift */; };
		326FDE7924A7F8350042CB8A /* SettingsTableViewController.swift in Sources */ = {isa = PBXBuildFile; fileRef = 326FDE7824A7F8350042CB8A /* SettingsTableViewController.swift */; };
		326FDE7B24A7FBFB0042CB8A /* SettingsCoordinator.swift in Sources */ = {isa = PBXBuildFile; fileRef = 326FDE7A24A7FBFB0042CB8A /* SettingsCoordinator.swift */; };
		326FDE7F24A80BB20042CB8A /* AboutView.swift in Sources */ = {isa = PBXBuildFile; fileRef = 326FDE7E24A80BB20042CB8A /* AboutView.swift */; };
		32892C0A23E39FBC000B1C3E /* AddMangaViewController.swift in Sources */ = {isa = PBXBuildFile; fileRef = 32892C0823E39FBC000B1C3E /* AddMangaViewController.swift */; };
		32892C0B23E39FBC000B1C3E /* AddMangaViewController.xib in Resources */ = {isa = PBXBuildFile; fileRef = 32892C0923E39FBC000B1C3E /* AddMangaViewController.xib */; };
		328DFB0A238D96300095CBAB /* MangaViewController.swift in Sources */ = {isa = PBXBuildFile; fileRef = 328DFB08238D96300095CBAB /* MangaViewController.swift */; };
		328DFB0B238D96300095CBAB /* MangaViewController.xib in Resources */ = {isa = PBXBuildFile; fileRef = 328DFB09238D96300095CBAB /* MangaViewController.xib */; };
		328DFB0D238D967C0095CBAB /* ViewMangaCoordinator.swift in Sources */ = {isa = PBXBuildFile; fileRef = 328DFB0C238D967C0095CBAB /* ViewMangaCoordinator.swift */; };
		329E30E723E9CEE000AD13A3 /* MangaCollection.swift in Sources */ = {isa = PBXBuildFile; fileRef = 329E30E623E9CEE000AD13A3 /* MangaCollection.swift */; };
		329E30E923E9CFA100AD13A3 /* MangaCollection+CoreDataProperties.swift in Sources */ = {isa = PBXBuildFile; fileRef = 329E30E823E9CFA100AD13A3 /* MangaCollection+CoreDataProperties.swift */; };
		32A1516C253260C0002B3920 /* OnboardingViewController.swift in Sources */ = {isa = PBXBuildFile; fileRef = 32A1516A253260C0002B3920 /* OnboardingViewController.swift */; };
		32A1516D253260C0002B3920 /* OnboardingViewController.xib in Resources */ = {isa = PBXBuildFile; fileRef = 32A1516B253260C0002B3920 /* OnboardingViewController.xib */; };
		32A1517225326D76002B3920 /* CircleView.swift in Sources */ = {isa = PBXBuildFile; fileRef = 32A1517125326D76002B3920 /* CircleView.swift */; };
		32AF5BCE2512567900E96C9F /* MangaCollectionable.swift in Sources */ = {isa = PBXBuildFile; fileRef = 32AF5BCD2512567900E96C9F /* MangaCollectionable.swift */; };
		32AF5BD1251256E600E96C9F /* EmptyMangaCollection.swift in Sources */ = {isa = PBXBuildFile; fileRef = 32AF5BD0251256E600E96C9F /* EmptyMangaCollection.swift */; };
		32B67064252E09FF00F89D7A /* GoogleService-Info.plist in Resources */ = {isa = PBXBuildFile; fileRef = 32B67063252E09FE00F89D7A /* GoogleService-Info.plist */; };
		32C3512F24845D2800D1EB42 /* MockViewMangaCoordinatorDelegate.swift in Sources */ = {isa = PBXBuildFile; fileRef = 32C3512E24845D2800D1EB42 /* MockViewMangaCoordinatorDelegate.swift */; };
		32C351332484645700D1EB42 /* MockOCR.swift in Sources */ = {isa = PBXBuildFile; fileRef = 32C351322484645700D1EB42 /* MockOCR.swift */; };
		32C49CD725168A0F000A9607 /* OpenCollectionAnimationController.swift in Sources */ = {isa = PBXBuildFile; fileRef = 32C49CD625168A0F000A9607 /* OpenCollectionAnimationController.swift */; };
		32E322182481A531007BC017 /* ParsedInputField.swift in Sources */ = {isa = PBXBuildFile; fileRef = 32E322152481A531007BC017 /* ParsedInputField.swift */; };
		32E3221C2481A67D007BC017 /* JapaneseHelpViewController.swift in Sources */ = {isa = PBXBuildFile; fileRef = 32E3221B2481A67D007BC017 /* JapaneseHelpViewController.swift */; };
		32E322222481CD8D007BC017 /* CoordinatorsTest.swift in Sources */ = {isa = PBXBuildFile; fileRef = 32E322212481CD8D007BC017 /* CoordinatorsTest.swift */; };
		32E37987252A6A6000ED4BAC /* AcknowledgmentsView.swift in Sources */ = {isa = PBXBuildFile; fileRef = 32E37986252A6A6000ED4BAC /* AcknowledgmentsView.swift */; };
		32F1B9F3243685DC00AE367D /* SelectCollectionTableViewController.swift in Sources */ = {isa = PBXBuildFile; fileRef = 32F1B9F2243685DC00AE367D /* SelectCollectionTableViewController.swift */; };
		32F1B9F6243688EC00AE367D /* NewCollectionTableViewCell.swift in Sources */ = {isa = PBXBuildFile; fileRef = 32F1B9F4243688EC00AE367D /* NewCollectionTableViewCell.swift */; };
		32F1B9F7243688EC00AE367D /* NewCollectionTableViewCell.xib in Resources */ = {isa = PBXBuildFile; fileRef = 32F1B9F5243688EC00AE367D /* NewCollectionTableViewCell.xib */; };
		32F1B9FC24369E1100AE367D /* OpenMangaAnimationController.swift in Sources */ = {isa = PBXBuildFile; fileRef = 32F1B9FB24369E1100AE367D /* OpenMangaAnimationController.swift */; };
		32FA3C7C24367428001EB0DF /* String+Extension.swift in Sources */ = {isa = PBXBuildFile; fileRef = 32FA3C7B24367428001EB0DF /* String+Extension.swift */; };
		8418696D222495FE00C689DC /* Manga.swift in Sources */ = {isa = PBXBuildFile; fileRef = 8418696B222495FD00C689DC /* Manga.swift */; };
		8418696E222495FE00C689DC /* Manga+CoreDataProperties.swift in Sources */ = {isa = PBXBuildFile; fileRef = 8418696C222495FE00C689DC /* Manga+CoreDataProperties.swift */; };
		841B795C221F305A00659FA2 /* MangaDataSource.swift in Sources */ = {isa = PBXBuildFile; fileRef = 841B795B221F305A00659FA2 /* MangaDataSource.swift */; };
		843FA7DF221DEDDF00B86B52 /* AddMangasCoordinator.swift in Sources */ = {isa = PBXBuildFile; fileRef = 843FA7DE221DEDDF00B86B52 /* AddMangasCoordinator.swift */; };
		843FA7E2221DF0C300B86B52 /* WebServerViewController.swift in Sources */ = {isa = PBXBuildFile; fileRef = 843FA7E0221DF0C300B86B52 /* WebServerViewController.swift */; };
		843FA7E3221DF0C300B86B52 /* WebServerViewController.xib in Resources */ = {isa = PBXBuildFile; fileRef = 843FA7E1221DF0C300B86B52 /* WebServerViewController.xib */; };
		843FA7E9221DFE9E00B86B52 /* CBZReader.swift in Sources */ = {isa = PBXBuildFile; fileRef = 843FA7E8221DFE9E00B86B52 /* CBZReader.swift */; };
		843FA7EC221E0BE900B86B52 /* PageViewController.swift in Sources */ = {isa = PBXBuildFile; fileRef = 843FA7EA221E0BE900B86B52 /* PageViewController.swift */; };
		843FA7ED221E0BE900B86B52 /* PageViewController.xib in Resources */ = {isa = PBXBuildFile; fileRef = 843FA7EB221E0BE900B86B52 /* PageViewController.xib */; };
		84A831E7221D90CA00CEE1C9 /* AppDelegate.swift in Sources */ = {isa = PBXBuildFile; fileRef = 84A831E6221D90CA00CEE1C9 /* AppDelegate.swift */; };
		84A831EF221D90CA00CEE1C9 /* MangaReader.xcdatamodeld in Sources */ = {isa = PBXBuildFile; fileRef = 84A831ED221D90CA00CEE1C9 /* MangaReader.xcdatamodeld */; };
		84A831F1221D90CC00CEE1C9 /* Assets.xcassets in Resources */ = {isa = PBXBuildFile; fileRef = 84A831F0221D90CC00CEE1C9 /* Assets.xcassets */; };
		84A831F4221D90CC00CEE1C9 /* LaunchScreen.storyboard in Resources */ = {isa = PBXBuildFile; fileRef = 84A831F2221D90CC00CEE1C9 /* LaunchScreen.storyboard */; };
		84A831FF221D90CC00CEE1C9 /* MangaReaderTests.swift in Sources */ = {isa = PBXBuildFile; fileRef = 84A831FE221D90CC00CEE1C9 /* MangaReaderTests.swift */; };
		84A83219221D923800CEE1C9 /* AppCoordinator.swift in Sources */ = {isa = PBXBuildFile; fileRef = 84A83218221D923800CEE1C9 /* AppCoordinator.swift */; };
		84A8321D221D951500CEE1C9 /* LibraryViewController.swift in Sources */ = {isa = PBXBuildFile; fileRef = 84A8321B221D951500CEE1C9 /* LibraryViewController.swift */; };
		84A8321E221D951500CEE1C9 /* LibraryViewController.xib in Resources */ = {isa = PBXBuildFile; fileRef = 84A8321C221D951500CEE1C9 /* LibraryViewController.xib */; };
		84A83221221D9F7000CEE1C9 /* CoreDataManager.swift in Sources */ = {isa = PBXBuildFile; fileRef = 84A83220221D9F7000CEE1C9 /* CoreDataManager.swift */; };
		84A83224221DB10400CEE1C9 /* MangaCollectionViewCell.swift in Sources */ = {isa = PBXBuildFile; fileRef = 84A83222221DB10400CEE1C9 /* MangaCollectionViewCell.swift */; };
		84A83225221DB10400CEE1C9 /* MangaCollectionViewCell.xib in Resources */ = {isa = PBXBuildFile; fileRef = 84A83223221DB10400CEE1C9 /* MangaCollectionViewCell.xib */; };
		ED0C9C9A3BB0262753847EC3 /* Pods_Kantan_Manga.framework in Frameworks */ = {isa = PBXBuildFile; fileRef = DE4F6B672107D039F561AF88 /* Pods_Kantan_Manga.framework */; };
/* End PBXBuildFile section */

/* Begin PBXContainerItemProxy section */
		324BB957249835DD006241E8 /* PBXContainerItemProxy */ = {
			isa = PBXContainerItemProxy;
			containerPortal = 324BB953249835DD006241E8 /* mecab.xcodeproj */;
			proxyType = 2;
			remoteGlobalIDString = 44C74468207357D7008F46FD;
			remoteInfo = mecab;
		};
		84A831FB221D90CC00CEE1C9 /* PBXContainerItemProxy */ = {
			isa = PBXContainerItemProxy;
			containerPortal = 84A831DB221D90CA00CEE1C9 /* Project object */;
			proxyType = 1;
			remoteGlobalIDString = 84A831E2221D90CA00CEE1C9;
			remoteInfo = MangaReader;
		};
		84A83206221D90CC00CEE1C9 /* PBXContainerItemProxy */ = {
			isa = PBXContainerItemProxy;
			containerPortal = 84A831DB221D90CA00CEE1C9 /* Project object */;
			proxyType = 1;
			remoteGlobalIDString = 84A831E2221D90CA00CEE1C9;
			remoteInfo = MangaReader;
		};
/* End PBXContainerItemProxy section */

/* Begin PBXCopyFilesBuildPhase section */
		324BB9702498369B006241E8 /* Embed Frameworks */ = {
			isa = PBXCopyFilesBuildPhase;
			buildActionMask = 2147483647;
			dstPath = "";
			dstSubfolderSpec = 10;
			files = (
				324BB96F2498369B006241E8 /* mecab.framework in Embed Frameworks */,
			);
			name = "Embed Frameworks";
			runOnlyForDeploymentPostprocessing = 0;
		};
/* End PBXCopyFilesBuildPhase section */

/* Begin PBXFileReference section */
		06DADBF3922C1A6DDC6C798A /* Pods-MangaReaderUITests.release.xcconfig */ = {isa = PBXFileReference; includeInIndex = 1; lastKnownFileType = text.xcconfig; name = "Pods-MangaReaderUITests.release.xcconfig"; path = "Pods/Target Support Files/Pods-MangaReaderUITests/Pods-MangaReaderUITests.release.xcconfig"; sourceTree = "<group>"; };
		1CF76EB31FF2FE6AA0332A68 /* Pods-Kantan-Manga.release.xcconfig */ = {isa = PBXFileReference; includeInIndex = 1; lastKnownFileType = text.xcconfig; name = "Pods-Kantan-Manga.release.xcconfig"; path = "Pods/Target Support Files/Pods-Kantan-Manga/Pods-Kantan-Manga.release.xcconfig"; sourceTree = "<group>"; };
		242210AC34B74187B27CDD7A /* Pods-Kantan MangaUITests.release.xcconfig */ = {isa = PBXFileReference; includeInIndex = 1; lastKnownFileType = text.xcconfig; name = "Pods-Kantan MangaUITests.release.xcconfig"; path = "Pods/Target Support Files/Pods-Kantan MangaUITests/Pods-Kantan MangaUITests.release.xcconfig"; sourceTree = "<group>"; };
		320ED4D22483178C00F5BECF /* DummyDelegates.swift */ = {isa = PBXFileReference; lastKnownFileType = sourcecode.swift; path = DummyDelegates.swift; sourceTree = "<group>"; };
		320ED4D62483189F00F5BECF /* MockNavigationController.swift */ = {isa = PBXFileReference; lastKnownFileType = sourcecode.swift; path = MockNavigationController.swift; sourceTree = "<group>"; };
		320ED4D824831D2900F5BECF /* MockUploadServer.swift */ = {isa = PBXFileReference; lastKnownFileType = sourcecode.swift; path = MockUploadServer.swift; sourceTree = "<group>"; };
		320ED4DA248326F300F5BECF /* MockAddMangasCoordinatorDelegate.swift */ = {isa = PBXFileReference; lastKnownFileType = sourcecode.swift; path = MockAddMangasCoordinatorDelegate.swift; sourceTree = "<group>"; };
		320ED4DC2483289D00F5BECF /* MockAddMangaViewControllerDelegate.swift */ = {isa = PBXFileReference; lastKnownFileType = sourcecode.swift; path = MockAddMangaViewControllerDelegate.swift; sourceTree = "<group>"; };
		320F277123C2046900D9930F /* Token.swift */ = {isa = PBXFileReference; fileEncoding = 4; lastKnownFileType = sourcecode.swift; path = Token.swift; sourceTree = "<group>"; };
		320F277223C2046900D9930F /* Tokenizer.swift */ = {isa = PBXFileReference; fileEncoding = 4; lastKnownFileType = sourcecode.swift; path = Tokenizer.swift; sourceTree = "<group>"; };
		3219C2A7251100D200915DE1 /* CollectionViewController.swift */ = {isa = PBXFileReference; lastKnownFileType = sourcecode.swift; path = CollectionViewController.swift; sourceTree = "<group>"; };
		3219C2A8251100D200915DE1 /* CollectionViewController.xib */ = {isa = PBXFileReference; lastKnownFileType = file.xib; path = CollectionViewController.xib; sourceTree = "<group>"; };
		3219C2AC25110D7D00915DE1 /* MockCollectionViewController.swift */ = {isa = PBXFileReference; lastKnownFileType = sourcecode.swift; path = MockCollectionViewController.swift; sourceTree = "<group>"; };
		3219C2AE25110E2900915DE1 /* MockCollectionViewControllerDelgate.swift */ = {isa = PBXFileReference; lastKnownFileType = sourcecode.swift; path = MockCollectionViewControllerDelgate.swift; sourceTree = "<group>"; };
		322C5B5B24830C2500C0BAB1 /* MockLibraryViewController.swift */ = {isa = PBXFileReference; lastKnownFileType = sourcecode.swift; path = MockLibraryViewController.swift; sourceTree = "<group>"; };
		322C5B5F2483125A00C0BAB1 /* Coordinator.swift */ = {isa = PBXFileReference; lastKnownFileType = sourcecode.swift; path = Coordinator.swift; sourceTree = "<group>"; };
		322ECF3824FF280B0013FD21 /* Bool+Extension.swift */ = {isa = PBXFileReference; lastKnownFileType = sourcecode.swift; path = "Bool+Extension.swift"; sourceTree = "<group>"; };
		322EF654250FB05800F35E72 /* CGSize+Extension.swift */ = {isa = PBXFileReference; lastKnownFileType = sourcecode.swift; path = "CGSize+Extension.swift"; sourceTree = "<group>"; };
		322EF657250FB49700F35E72 /* AspectAlignImage.swift */ = {isa = PBXFileReference; lastKnownFileType = sourcecode.swift; path = AspectAlignImage.swift; sourceTree = "<group>"; };
		323205AD238DBCE4009E8362 /* SelectionView.swift */ = {isa = PBXFileReference; lastKnownFileType = sourcecode.swift; path = SelectionView.swift; sourceTree = "<group>"; };
		32326F8424354ECC00FCE8E5 /* FileSourceViewController.swift */ = {isa = PBXFileReference; lastKnownFileType = sourcecode.swift; path = FileSourceViewController.swift; sourceTree = "<group>"; };
		32326F8524354ECC00FCE8E5 /* FileSourceViewController.xib */ = {isa = PBXFileReference; lastKnownFileType = file.xib; path = FileSourceViewController.xib; sourceTree = "<group>"; };
		32326F882435613E00FCE8E5 /* cbz.svg */ = {isa = PBXFileReference; fileEncoding = 4; lastKnownFileType = text.xml; path = cbz.svg; sourceTree = "<group>"; };
		32326F8C243566FD00FCE8E5 /* cbz.png */ = {isa = PBXFileReference; lastKnownFileType = image.png; path = cbz.png; sourceTree = "<group>"; };
		3232F32325276DED00DA77B8 /* demo1.cbz */ = {isa = PBXFileReference; lastKnownFileType = file; path = demo1.cbz; sourceTree = "<group>"; };
		32350AA7247C723C002D100D /* WordParser.swift */ = {isa = PBXFileReference; lastKnownFileType = sourcecode.swift; path = WordParser.swift; sourceTree = "<group>"; };
		3238DF3924D7840200DE8782 /* WordButton.swift */ = {isa = PBXFileReference; lastKnownFileType = sourcecode.swift; path = WordButton.swift; sourceTree = "<group>"; };
		323CD90923CB7107007FFC58 /* jamdict.db */ = {isa = PBXFileReference; lastKnownFileType = file; path = jamdict.db; sourceTree = "<group>"; };
		3249F2D5250BBC18004C514E /* MangaCollectionCollectionViewCell.swift */ = {isa = PBXFileReference; lastKnownFileType = sourcecode.swift; path = MangaCollectionCollectionViewCell.swift; sourceTree = "<group>"; };
		3249F2D6250BBC18004C514E /* MangaCollectionCollectionViewCell.xib */ = {isa = PBXFileReference; lastKnownFileType = file.xib; path = MangaCollectionCollectionViewCell.xib; sourceTree = "<group>"; };
		324BB953249835DD006241E8 /* mecab.xcodeproj */ = {isa = PBXFileReference; lastKnownFileType = "wrapper.pb-project"; name = mecab.xcodeproj; path = "mecab-ios/mecab.xcodeproj"; sourceTree = SOURCE_ROOT; };
		324BB9592498365E006241E8 /* mecabrc */ = {isa = PBXFileReference; fileEncoding = 4; lastKnownFileType = text; path = mecabrc; sourceTree = SOURCE_ROOT; };
		324BB98924983DF7006241E8 /* rewrite.def */ = {isa = PBXFileReference; fileEncoding = 4; lastKnownFileType = text; path = rewrite.def; sourceTree = "<group>"; };
		324BB98A24983DF7006241E8 /* left-id.def */ = {isa = PBXFileReference; fileEncoding = 4; lastKnownFileType = text; path = "left-id.def"; sourceTree = "<group>"; };
		324BB98B24983DF7006241E8 /* pos-id.def */ = {isa = PBXFileReference; fileEncoding = 4; lastKnownFileType = text; path = "pos-id.def"; sourceTree = "<group>"; };
		324BB98C24983DF7006241E8 /* matrix.bin */ = {isa = PBXFileReference; lastKnownFileType = archive.macbinary; path = matrix.bin; sourceTree = "<group>"; };
		324BB98D24983DF7006241E8 /* unk.dic */ = {isa = PBXFileReference; lastKnownFileType = file; path = unk.dic; sourceTree = "<group>"; };
		324BB98E24983DF7006241E8 /* sys.dic */ = {isa = PBXFileReference; lastKnownFileType = file; path = sys.dic; sourceTree = "<group>"; };
		324BB98F24983DF7006241E8 /* dicrc */ = {isa = PBXFileReference; fileEncoding = 4; lastKnownFileType = text; path = dicrc; sourceTree = "<group>"; };
		324BB99024983DF7006241E8 /* right-id.def */ = {isa = PBXFileReference; fileEncoding = 4; lastKnownFileType = text; path = "right-id.def"; sourceTree = "<group>"; };
		324BB99124983DF7006241E8 /* char.bin */ = {isa = PBXFileReference; lastKnownFileType = archive.macbinary; path = char.bin; sourceTree = "<group>"; };
		325199B32479D96400DA6908 /* ImageOCR.swift */ = {isa = PBXFileReference; lastKnownFileType = sourcecode.swift; path = ImageOCR.swift; sourceTree = "<group>"; };
		325199B62479D9E000DA6908 /* GoogleVisionOCR.swift */ = {isa = PBXFileReference; lastKnownFileType = sourcecode.swift; path = GoogleVisionOCR.swift; sourceTree = "<group>"; };
		325199B92479DE0D00DA6908 /* tessdata */ = {isa = PBXFileReference; lastKnownFileType = folder; path = tessdata; sourceTree = "<group>"; };
		325199C32479E20700DA6908 /* TesseractOCR.swift */ = {isa = PBXFileReference; lastKnownFileType = sourcecode.swift; path = TesseractOCR.swift; sourceTree = "<group>"; };
		3258141023C5051A00C31E02 /* mecabrc */ = {isa = PBXFileReference; fileEncoding = 4; lastKnownFileType = text; name = mecabrc; path = /Users/juanjosemeneses/Documents/MangaReader/mecabrc; sourceTree = "<absolute>"; };
		3259D1B323C4D9A2003BA7C2 /* FuriganaUtils.swift */ = {isa = PBXFileReference; lastKnownFileType = sourcecode.swift; path = FuriganaUtils.swift; sourceTree = "<group>"; };
		325CFC1C2480582700110F31 /* DictionaryView.swift */ = {isa = PBXFileReference; lastKnownFileType = sourcecode.swift; path = DictionaryView.swift; sourceTree = "<group>"; };
		325CFC20248060AD00110F31 /* DictionaryEntryView.swift */ = {isa = PBXFileReference; lastKnownFileType = sourcecode.swift; path = DictionaryEntryView.swift; sourceTree = "<group>"; };
		325DA0B823C8F50700A627BD /* JapaneseDictionary.swift */ = {isa = PBXFileReference; lastKnownFileType = sourcecode.swift; path = JapaneseDictionary.swift; sourceTree = "<group>"; };
		326344A2247DD98B00F683AB /* Reader.swift */ = {isa = PBXFileReference; lastKnownFileType = sourcecode.swift; path = Reader.swift; sourceTree = "<group>"; };
		326344A4247DDAF800F683AB /* CBRReader.swift */ = {isa = PBXFileReference; lastKnownFileType = sourcecode.swift; path = CBRReader.swift; sourceTree = "<group>"; };
		326FDE7824A7F8350042CB8A /* SettingsTableViewController.swift */ = {isa = PBXFileReference; lastKnownFileType = sourcecode.swift; path = SettingsTableViewController.swift; sourceTree = "<group>"; };
		326FDE7A24A7FBFB0042CB8A /* SettingsCoordinator.swift */ = {isa = PBXFileReference; lastKnownFileType = sourcecode.swift; path = SettingsCoordinator.swift; sourceTree = "<group>"; };
		326FDE7E24A80BB20042CB8A /* AboutView.swift */ = {isa = PBXFileReference; lastKnownFileType = sourcecode.swift; path = AboutView.swift; sourceTree = "<group>"; };
		32892C0823E39FBC000B1C3E /* AddMangaViewController.swift */ = {isa = PBXFileReference; lastKnownFileType = sourcecode.swift; path = AddMangaViewController.swift; sourceTree = "<group>"; };
		32892C0923E39FBC000B1C3E /* AddMangaViewController.xib */ = {isa = PBXFileReference; lastKnownFileType = file.xib; path = AddMangaViewController.xib; sourceTree = "<group>"; };
		328DFB08238D96300095CBAB /* MangaViewController.swift */ = {isa = PBXFileReference; lastKnownFileType = sourcecode.swift; path = MangaViewController.swift; sourceTree = "<group>"; };
		328DFB09238D96300095CBAB /* MangaViewController.xib */ = {isa = PBXFileReference; lastKnownFileType = file.xib; path = MangaViewController.xib; sourceTree = "<group>"; };
		328DFB0C238D967C0095CBAB /* ViewMangaCoordinator.swift */ = {isa = PBXFileReference; lastKnownFileType = sourcecode.swift; path = ViewMangaCoordinator.swift; sourceTree = "<group>"; };
		329E30E623E9CEE000AD13A3 /* MangaCollection.swift */ = {isa = PBXFileReference; lastKnownFileType = sourcecode.swift; path = MangaCollection.swift; sourceTree = "<group>"; };
		329E30E823E9CFA100AD13A3 /* MangaCollection+CoreDataProperties.swift */ = {isa = PBXFileReference; lastKnownFileType = sourcecode.swift; path = "MangaCollection+CoreDataProperties.swift"; sourceTree = "<group>"; };
		32A1516A253260C0002B3920 /* OnboardingViewController.swift */ = {isa = PBXFileReference; lastKnownFileType = sourcecode.swift; path = OnboardingViewController.swift; sourceTree = "<group>"; };
		32A1516B253260C0002B3920 /* OnboardingViewController.xib */ = {isa = PBXFileReference; lastKnownFileType = file.xib; path = OnboardingViewController.xib; sourceTree = "<group>"; };
		32A1517125326D76002B3920 /* CircleView.swift */ = {isa = PBXFileReference; lastKnownFileType = sourcecode.swift; path = CircleView.swift; sourceTree = "<group>"; };
		32AF5BCD2512567900E96C9F /* MangaCollectionable.swift */ = {isa = PBXFileReference; lastKnownFileType = sourcecode.swift; path = MangaCollectionable.swift; sourceTree = "<group>"; };
		32AF5BD0251256E600E96C9F /* EmptyMangaCollection.swift */ = {isa = PBXFileReference; lastKnownFileType = sourcecode.swift; path = EmptyMangaCollection.swift; sourceTree = "<group>"; };
		32B67063252E09FE00F89D7A /* GoogleService-Info.plist */ = {isa = PBXFileReference; fileEncoding = 4; lastKnownFileType = text.plist.xml; path = "GoogleService-Info.plist"; sourceTree = "<group>"; };
		32C3512E24845D2800D1EB42 /* MockViewMangaCoordinatorDelegate.swift */ = {isa = PBXFileReference; lastKnownFileType = sourcecode.swift; path = MockViewMangaCoordinatorDelegate.swift; sourceTree = "<group>"; };
		32C351322484645700D1EB42 /* MockOCR.swift */ = {isa = PBXFileReference; lastKnownFileType = sourcecode.swift; path = MockOCR.swift; sourceTree = "<group>"; };
		32C49CD625168A0F000A9607 /* OpenCollectionAnimationController.swift */ = {isa = PBXFileReference; lastKnownFileType = sourcecode.swift; path = OpenCollectionAnimationController.swift; sourceTree = "<group>"; };
		32E322152481A531007BC017 /* ParsedInputField.swift */ = {isa = PBXFileReference; fileEncoding = 4; lastKnownFileType = sourcecode.swift; path = ParsedInputField.swift; sourceTree = "<group>"; };
		32E3221B2481A67D007BC017 /* JapaneseHelpViewController.swift */ = {isa = PBXFileReference; lastKnownFileType = sourcecode.swift; path = JapaneseHelpViewController.swift; sourceTree = "<group>"; };
		32E322212481CD8D007BC017 /* CoordinatorsTest.swift */ = {isa = PBXFileReference; lastKnownFileType = sourcecode.swift; path = CoordinatorsTest.swift; sourceTree = "<group>"; };
		32E37986252A6A6000ED4BAC /* AcknowledgmentsView.swift */ = {isa = PBXFileReference; lastKnownFileType = sourcecode.swift; path = AcknowledgmentsView.swift; sourceTree = "<group>"; };
		32F1B9F2243685DC00AE367D /* SelectCollectionTableViewController.swift */ = {isa = PBXFileReference; lastKnownFileType = sourcecode.swift; path = SelectCollectionTableViewController.swift; sourceTree = "<group>"; };
		32F1B9F4243688EC00AE367D /* NewCollectionTableViewCell.swift */ = {isa = PBXFileReference; lastKnownFileType = sourcecode.swift; path = NewCollectionTableViewCell.swift; sourceTree = "<group>"; };
		32F1B9F5243688EC00AE367D /* NewCollectionTableViewCell.xib */ = {isa = PBXFileReference; lastKnownFileType = file.xib; path = NewCollectionTableViewCell.xib; sourceTree = "<group>"; };
		32F1B9FB24369E1100AE367D /* OpenMangaAnimationController.swift */ = {isa = PBXFileReference; lastKnownFileType = sourcecode.swift; path = OpenMangaAnimationController.swift; sourceTree = "<group>"; };
		32FA3C7B24367428001EB0DF /* String+Extension.swift */ = {isa = PBXFileReference; lastKnownFileType = sourcecode.swift; path = "String+Extension.swift"; sourceTree = "<group>"; };
		5534228050877F817D2A97BC /* Pods_Kantan_MangaUITests.framework */ = {isa = PBXFileReference; explicitFileType = wrapper.framework; includeInIndex = 0; path = Pods_Kantan_MangaUITests.framework; sourceTree = BUILT_PRODUCTS_DIR; };
		55D7326F35AB101E198FF621 /* Pods_Kantan_MangaTests.framework */ = {isa = PBXFileReference; explicitFileType = wrapper.framework; includeInIndex = 0; path = Pods_Kantan_MangaTests.framework; sourceTree = BUILT_PRODUCTS_DIR; };
		617240BC1208769EA8C99836 /* Pods-Kantan-Manga.debug.xcconfig */ = {isa = PBXFileReference; includeInIndex = 1; lastKnownFileType = text.xcconfig; name = "Pods-Kantan-Manga.debug.xcconfig"; path = "Pods/Target Support Files/Pods-Kantan-Manga/Pods-Kantan-Manga.debug.xcconfig"; sourceTree = "<group>"; };
		8418696B222495FD00C689DC /* Manga.swift */ = {isa = PBXFileReference; lastKnownFileType = sourcecode.swift; path = Manga.swift; sourceTree = "<group>"; };
		8418696C222495FE00C689DC /* Manga+CoreDataProperties.swift */ = {isa = PBXFileReference; lastKnownFileType = sourcecode.swift; path = "Manga+CoreDataProperties.swift"; sourceTree = "<group>"; };
		841B795B221F305A00659FA2 /* MangaDataSource.swift */ = {isa = PBXFileReference; lastKnownFileType = sourcecode.swift; path = MangaDataSource.swift; sourceTree = "<group>"; };
		843FA7DA221DE69200B86B52 /* MangaReader-Bridging-Header.h */ = {isa = PBXFileReference; lastKnownFileType = sourcecode.c.h; path = "MangaReader-Bridging-Header.h"; sourceTree = "<group>"; };
		843FA7DE221DEDDF00B86B52 /* AddMangasCoordinator.swift */ = {isa = PBXFileReference; lastKnownFileType = sourcecode.swift; path = AddMangasCoordinator.swift; sourceTree = "<group>"; };
		843FA7E0221DF0C300B86B52 /* WebServerViewController.swift */ = {isa = PBXFileReference; lastKnownFileType = sourcecode.swift; path = WebServerViewController.swift; sourceTree = "<group>"; };
		843FA7E1221DF0C300B86B52 /* WebServerViewController.xib */ = {isa = PBXFileReference; lastKnownFileType = file.xib; path = WebServerViewController.xib; sourceTree = "<group>"; };
		843FA7E8221DFE9E00B86B52 /* CBZReader.swift */ = {isa = PBXFileReference; lastKnownFileType = sourcecode.swift; path = CBZReader.swift; sourceTree = "<group>"; };
		843FA7EA221E0BE900B86B52 /* PageViewController.swift */ = {isa = PBXFileReference; lastKnownFileType = sourcecode.swift; path = PageViewController.swift; sourceTree = "<group>"; };
		843FA7EB221E0BE900B86B52 /* PageViewController.xib */ = {isa = PBXFileReference; lastKnownFileType = file.xib; path = PageViewController.xib; sourceTree = "<group>"; };
		84A831E3221D90CA00CEE1C9 /* Kantan Manga.app */ = {isa = PBXFileReference; explicitFileType = wrapper.application; includeInIndex = 0; path = "Kantan Manga.app"; sourceTree = BUILT_PRODUCTS_DIR; };
		84A831E6221D90CA00CEE1C9 /* AppDelegate.swift */ = {isa = PBXFileReference; lastKnownFileType = sourcecode.swift; path = AppDelegate.swift; sourceTree = "<group>"; };
		84A831EE221D90CA00CEE1C9 /* MangaReader.xcdatamodel */ = {isa = PBXFileReference; lastKnownFileType = wrapper.xcdatamodel; path = MangaReader.xcdatamodel; sourceTree = "<group>"; };
		84A831F0221D90CC00CEE1C9 /* Assets.xcassets */ = {isa = PBXFileReference; lastKnownFileType = folder.assetcatalog; path = Assets.xcassets; sourceTree = "<group>"; };
		84A831F3221D90CC00CEE1C9 /* Base */ = {isa = PBXFileReference; lastKnownFileType = file.storyboard; name = Base; path = Base.lproj/LaunchScreen.storyboard; sourceTree = "<group>"; };
		84A831F5221D90CC00CEE1C9 /* Info.plist */ = {isa = PBXFileReference; lastKnownFileType = text.plist.xml; path = Info.plist; sourceTree = "<group>"; };
		84A831FA221D90CC00CEE1C9 /* Kantan-MangaTests.xctest */ = {isa = PBXFileReference; explicitFileType = wrapper.cfbundle; includeInIndex = 0; path = "Kantan-MangaTests.xctest"; sourceTree = BUILT_PRODUCTS_DIR; };
		84A831FE221D90CC00CEE1C9 /* MangaReaderTests.swift */ = {isa = PBXFileReference; lastKnownFileType = sourcecode.swift; path = MangaReaderTests.swift; sourceTree = "<group>"; };
		84A83200221D90CC00CEE1C9 /* Info.plist */ = {isa = PBXFileReference; lastKnownFileType = text.plist.xml; path = Info.plist; sourceTree = "<group>"; };
		84A83205221D90CC00CEE1C9 /* Kantan-MangaUITests.xctest */ = {isa = PBXFileReference; explicitFileType = wrapper.cfbundle; includeInIndex = 0; path = "Kantan-MangaUITests.xctest"; sourceTree = BUILT_PRODUCTS_DIR; };
		84A83218221D923800CEE1C9 /* AppCoordinator.swift */ = {isa = PBXFileReference; lastKnownFileType = sourcecode.swift; path = AppCoordinator.swift; sourceTree = "<group>"; };
		84A8321B221D951500CEE1C9 /* LibraryViewController.swift */ = {isa = PBXFileReference; lastKnownFileType = sourcecode.swift; path = LibraryViewController.swift; sourceTree = "<group>"; };
		84A8321C221D951500CEE1C9 /* LibraryViewController.xib */ = {isa = PBXFileReference; lastKnownFileType = file.xib; path = LibraryViewController.xib; sourceTree = "<group>"; };
		84A83220221D9F7000CEE1C9 /* CoreDataManager.swift */ = {isa = PBXFileReference; lastKnownFileType = sourcecode.swift; path = CoreDataManager.swift; sourceTree = "<group>"; };
		84A83222221DB10400CEE1C9 /* MangaCollectionViewCell.swift */ = {isa = PBXFileReference; lastKnownFileType = sourcecode.swift; path = MangaCollectionViewCell.swift; sourceTree = "<group>"; };
		84A83223221DB10400CEE1C9 /* MangaCollectionViewCell.xib */ = {isa = PBXFileReference; lastKnownFileType = file.xib; path = MangaCollectionViewCell.xib; sourceTree = "<group>"; };
		88397E2323735E2420DCBF59 /* Pods-Kantan-MangaUITests.debug.xcconfig */ = {isa = PBXFileReference; includeInIndex = 1; lastKnownFileType = text.xcconfig; name = "Pods-Kantan-MangaUITests.debug.xcconfig"; path = "Pods/Target Support Files/Pods-Kantan-MangaUITests/Pods-Kantan-MangaUITests.debug.xcconfig"; sourceTree = "<group>"; };
		8B52D48335DF1FCD9AF209A0 /* Pods-MangaReader.release.xcconfig */ = {isa = PBXFileReference; includeInIndex = 1; lastKnownFileType = text.xcconfig; name = "Pods-MangaReader.release.xcconfig"; path = "Pods/Target Support Files/Pods-MangaReader/Pods-MangaReader.release.xcconfig"; sourceTree = "<group>"; };
		8D98E5C099082172CC1B5D9F /* Pods-Kantan Manga.debug.xcconfig */ = {isa = PBXFileReference; includeInIndex = 1; lastKnownFileType = text.xcconfig; name = "Pods-Kantan Manga.debug.xcconfig"; path = "Pods/Target Support Files/Pods-Kantan Manga/Pods-Kantan Manga.debug.xcconfig"; sourceTree = "<group>"; };
		9BB91672C2D1A901F5249E39 /* Pods-Kantan MangaTests.release.xcconfig */ = {isa = PBXFileReference; includeInIndex = 1; lastKnownFileType = text.xcconfig; name = "Pods-Kantan MangaTests.release.xcconfig"; path = "Pods/Target Support Files/Pods-Kantan MangaTests/Pods-Kantan MangaTests.release.xcconfig"; sourceTree = "<group>"; };
		A2DA5F898D8C2D53A75BB008 /* Pods-Kantan MangaTests.debug.xcconfig */ = {isa = PBXFileReference; includeInIndex = 1; lastKnownFileType = text.xcconfig; name = "Pods-Kantan MangaTests.debug.xcconfig"; path = "Pods/Target Support Files/Pods-Kantan MangaTests/Pods-Kantan MangaTests.debug.xcconfig"; sourceTree = "<group>"; };
		A327A64E88F19F8643D71949 /* Pods-Kantan Manga.release.xcconfig */ = {isa = PBXFileReference; includeInIndex = 1; lastKnownFileType = text.xcconfig; name = "Pods-Kantan Manga.release.xcconfig"; path = "Pods/Target Support Files/Pods-Kantan Manga/Pods-Kantan Manga.release.xcconfig"; sourceTree = "<group>"; };
		AE5CA3834F7515F41553FC66 /* Pods-Kantan-MangaTests.debug.xcconfig */ = {isa = PBXFileReference; includeInIndex = 1; lastKnownFileType = text.xcconfig; name = "Pods-Kantan-MangaTests.debug.xcconfig"; path = "Pods/Target Support Files/Pods-Kantan-MangaTests/Pods-Kantan-MangaTests.debug.xcconfig"; sourceTree = "<group>"; };
		AEE10ABE2D65A69DEDEBECB1 /* Pods-Kantan MangaUITests.debug.xcconfig */ = {isa = PBXFileReference; includeInIndex = 1; lastKnownFileType = text.xcconfig; name = "Pods-Kantan MangaUITests.debug.xcconfig"; path = "Pods/Target Support Files/Pods-Kantan MangaUITests/Pods-Kantan MangaUITests.debug.xcconfig"; sourceTree = "<group>"; };
		B5312D435FC7B69256070F18 /* Pods-MangaReaderUITests.debug.xcconfig */ = {isa = PBXFileReference; includeInIndex = 1; lastKnownFileType = text.xcconfig; name = "Pods-MangaReaderUITests.debug.xcconfig"; path = "Pods/Target Support Files/Pods-MangaReaderUITests/Pods-MangaReaderUITests.debug.xcconfig"; sourceTree = "<group>"; };
		BA8018811D3665B1CC081AAA /* Pods-MangaReader.debug.xcconfig */ = {isa = PBXFileReference; includeInIndex = 1; lastKnownFileType = text.xcconfig; name = "Pods-MangaReader.debug.xcconfig"; path = "Pods/Target Support Files/Pods-MangaReader/Pods-MangaReader.debug.xcconfig"; sourceTree = "<group>"; };
		C94EFCDFF019ADD087B49048 /* Pods-MangaReaderTests.debug.xcconfig */ = {isa = PBXFileReference; includeInIndex = 1; lastKnownFileType = text.xcconfig; name = "Pods-MangaReaderTests.debug.xcconfig"; path = "Pods/Target Support Files/Pods-MangaReaderTests/Pods-MangaReaderTests.debug.xcconfig"; sourceTree = "<group>"; };
		D200AF6C1CEE3CDAFD863DDB /* Pods-Kantan-MangaUITests.release.xcconfig */ = {isa = PBXFileReference; includeInIndex = 1; lastKnownFileType = text.xcconfig; name = "Pods-Kantan-MangaUITests.release.xcconfig"; path = "Pods/Target Support Files/Pods-Kantan-MangaUITests/Pods-Kantan-MangaUITests.release.xcconfig"; sourceTree = "<group>"; };
		DAAD206ACD0500040A70A9EB /* Pods-MangaReaderTests.release.xcconfig */ = {isa = PBXFileReference; includeInIndex = 1; lastKnownFileType = text.xcconfig; name = "Pods-MangaReaderTests.release.xcconfig"; path = "Pods/Target Support Files/Pods-MangaReaderTests/Pods-MangaReaderTests.release.xcconfig"; sourceTree = "<group>"; };
		DE4F6B672107D039F561AF88 /* Pods_Kantan_Manga.framework */ = {isa = PBXFileReference; explicitFileType = wrapper.framework; includeInIndex = 0; path = Pods_Kantan_Manga.framework; sourceTree = BUILT_PRODUCTS_DIR; };
		FD200C244EEBB3C96B73AD4A /* Pods-Kantan-MangaTests.release.xcconfig */ = {isa = PBXFileReference; includeInIndex = 1; lastKnownFileType = text.xcconfig; name = "Pods-Kantan-MangaTests.release.xcconfig"; path = "Pods/Target Support Files/Pods-Kantan-MangaTests/Pods-Kantan-MangaTests.release.xcconfig"; sourceTree = "<group>"; };
/* End PBXFileReference section */

/* Begin PBXFrameworksBuildPhase section */
		84A831E0221D90CA00CEE1C9 /* Frameworks */ = {
			isa = PBXFrameworksBuildPhase;
			buildActionMask = 2147483647;
			files = (
				ED0C9C9A3BB0262753847EC3 /* Pods_Kantan_Manga.framework in Frameworks */,
				324BB96E2498369B006241E8 /* mecab.framework in Frameworks */,
			);
			runOnlyForDeploymentPostprocessing = 0;
		};
		84A831F7221D90CC00CEE1C9 /* Frameworks */ = {
			isa = PBXFrameworksBuildPhase;
			buildActionMask = 2147483647;
			files = (
				1873712DF054B5A5B988EC0E /* Pods_Kantan_MangaTests.framework in Frameworks */,
			);
			runOnlyForDeploymentPostprocessing = 0;
		};
		84A83202221D90CC00CEE1C9 /* Frameworks */ = {
			isa = PBXFrameworksBuildPhase;
			buildActionMask = 2147483647;
			files = (
				2254E6DD7D38442ABE3EBB89 /* Pods_Kantan_MangaUITests.framework in Frameworks */,
			);
			runOnlyForDeploymentPostprocessing = 0;
		};
/* End PBXFrameworksBuildPhase section */

/* Begin PBXGroup section */
		320ED4DE24832C9700F5BECF /* Mock Classes */ = {
			isa = PBXGroup;
			children = (
				320ED4D22483178C00F5BECF /* DummyDelegates.swift */,
				322C5B5B24830C2500C0BAB1 /* MockLibraryViewController.swift */,
				320ED4D62483189F00F5BECF /* MockNavigationController.swift */,
				320ED4D824831D2900F5BECF /* MockUploadServer.swift */,
				320ED4DA248326F300F5BECF /* MockAddMangasCoordinatorDelegate.swift */,
				320ED4DC2483289D00F5BECF /* MockAddMangaViewControllerDelegate.swift */,
				32C3512E24845D2800D1EB42 /* MockViewMangaCoordinatorDelegate.swift */,
				32C351322484645700D1EB42 /* MockOCR.swift */,
				3219C2AC25110D7D00915DE1 /* MockCollectionViewController.swift */,
				3219C2AE25110E2900915DE1 /* MockCollectionViewControllerDelgate.swift */,
			);
			path = "Mock Classes";
			sourceTree = "<group>";
		};
		324BB954249835DD006241E8 /* Products */ = {
			isa = PBXGroup;
			children = (
				324BB958249835DD006241E8 /* mecab.framework */,
			);
			name = Products;
			sourceTree = "<group>";
		};
		324BB98824983DF7006241E8 /* ipadic */ = {
			isa = PBXGroup;
			children = (
				324BB98924983DF7006241E8 /* rewrite.def */,
				324BB98A24983DF7006241E8 /* left-id.def */,
				324BB98B24983DF7006241E8 /* pos-id.def */,
				324BB98C24983DF7006241E8 /* matrix.bin */,
				324BB98D24983DF7006241E8 /* unk.dic */,
				324BB98E24983DF7006241E8 /* sys.dic */,
				324BB98F24983DF7006241E8 /* dicrc */,
				324BB99024983DF7006241E8 /* right-id.def */,
				324BB99124983DF7006241E8 /* char.bin */,
			);
			name = ipadic;
			path = "mecab-ios/ipadic";
			sourceTree = "<group>";
		};
		325813FC23C5050700C31E02 /* Resources */ = {
			isa = PBXGroup;
			children = (
				324BB98824983DF7006241E8 /* ipadic */,
				32326F882435613E00FCE8E5 /* cbz.svg */,
				323CD90923CB7107007FFC58 /* jamdict.db */,
				3258141023C5051A00C31E02 /* mecabrc */,
			);
			name = Resources;
			path = ../..;
			sourceTree = "<group>";
		};
		32634498247DD89B00F683AB /* Mecab */ = {
			isa = PBXGroup;
			children = (
				324BB9592498365E006241E8 /* mecabrc */,
				324BB953249835DD006241E8 /* mecab.xcodeproj */,
				320F277123C2046900D9930F /* Token.swift */,
				320F277223C2046900D9930F /* Tokenizer.swift */,
				32350AA7247C723C002D100D /* WordParser.swift */,
				325813FC23C5050700C31E02 /* Resources */,
			);
			path = Mecab;
			sourceTree = "<group>";
		};
		326344A0247DD92900F683AB /* File Extraction */ = {
			isa = PBXGroup;
			children = (
				843FA7E8221DFE9E00B86B52 /* CBZReader.swift */,
				326344A2247DD98B00F683AB /* Reader.swift */,
				326344A4247DDAF800F683AB /* CBRReader.swift */,
			);
			path = "File Extraction";
			sourceTree = "<group>";
		};
		326344A1247DD94200F683AB /* OCR */ = {
			isa = PBXGroup;
			children = (
				325199B32479D96400DA6908 /* ImageOCR.swift */,
				325199B62479D9E000DA6908 /* GoogleVisionOCR.swift */,
				325199C32479E20700DA6908 /* TesseractOCR.swift */,
			);
			path = OCR;
			sourceTree = "<group>";
		};
		326FDE7724A7F81A0042CB8A /* Settings */ = {
			isa = PBXGroup;
			children = (
				326FDE7824A7F8350042CB8A /* SettingsTableViewController.swift */,
				326FDE7E24A80BB20042CB8A /* AboutView.swift */,
				32E37986252A6A6000ED4BAC /* AcknowledgmentsView.swift */,
			);
			path = Settings;
			sourceTree = "<group>";
		};
		32A1516025325F61002B3920 /* Onboarding */ = {
			isa = PBXGroup;
			children = (
				32A1516A253260C0002B3920 /* OnboardingViewController.swift */,
				32A1516B253260C0002B3920 /* OnboardingViewController.xib */,
			);
			path = Onboarding;
			sourceTree = "<group>";
		};
		32AAD56E23DF7038009B3BCE /* Custom Views */ = {
			isa = PBXGroup;
			children = (
				32E322152481A531007BC017 /* ParsedInputField.swift */,
				325CFC1C2480582700110F31 /* DictionaryView.swift */,
				325CFC20248060AD00110F31 /* DictionaryEntryView.swift */,
				32E3221B2481A67D007BC017 /* JapaneseHelpViewController.swift */,
				3238DF3924D7840200DE8782 /* WordButton.swift */,
				322EF657250FB49700F35E72 /* AspectAlignImage.swift */,
				32A1517125326D76002B3920 /* CircleView.swift */,
			);
			path = "Custom Views";
			sourceTree = "<group>";
		};
		32C49CD82516ABBE000A9607 /* Transitions */ = {
			isa = PBXGroup;
			children = (
				32F1B9FB24369E1100AE367D /* OpenMangaAnimationController.swift */,
				32C49CD625168A0F000A9607 /* OpenCollectionAnimationController.swift */,
			);
			path = Transitions;
			sourceTree = "<group>";
		};
		32F1B9F824369CAA00AE367D /* Library */ = {
			isa = PBXGroup;
			children = (
				32C49CD82516ABBE000A9607 /* Transitions */,
				326FDE7724A7F81A0042CB8A /* Settings */,
				32F1B9F924369CC400AE367D /* Add Manga */,
				84A8321B221D951500CEE1C9 /* LibraryViewController.swift */,
				84A8321C221D951500CEE1C9 /* LibraryViewController.xib */,
				84A83222221DB10400CEE1C9 /* MangaCollectionViewCell.swift */,
				84A83223221DB10400CEE1C9 /* MangaCollectionViewCell.xib */,
				3249F2D5250BBC18004C514E /* MangaCollectionCollectionViewCell.swift */,
				3249F2D6250BBC18004C514E /* MangaCollectionCollectionViewCell.xib */,
				3219C2A7251100D200915DE1 /* CollectionViewController.swift */,
				3219C2A8251100D200915DE1 /* CollectionViewController.xib */,
			);
			path = Library;
			sourceTree = "<group>";
		};
		32F1B9F924369CC400AE367D /* Add Manga */ = {
			isa = PBXGroup;
			children = (
				843FA7E0221DF0C300B86B52 /* WebServerViewController.swift */,
				843FA7E1221DF0C300B86B52 /* WebServerViewController.xib */,
				32892C0823E39FBC000B1C3E /* AddMangaViewController.swift */,
				32892C0923E39FBC000B1C3E /* AddMangaViewController.xib */,
				32326F8424354ECC00FCE8E5 /* FileSourceViewController.swift */,
				32326F8524354ECC00FCE8E5 /* FileSourceViewController.xib */,
				32F1B9F2243685DC00AE367D /* SelectCollectionTableViewController.swift */,
				32F1B9F4243688EC00AE367D /* NewCollectionTableViewCell.swift */,
				32F1B9F5243688EC00AE367D /* NewCollectionTableViewCell.xib */,
			);
			path = "Add Manga";
			sourceTree = "<group>";
		};
		32F1B9FA24369CEB00AE367D /* Manga Viewer */ = {
			isa = PBXGroup;
			children = (
				843FA7EA221E0BE900B86B52 /* PageViewController.swift */,
				843FA7EB221E0BE900B86B52 /* PageViewController.xib */,
				328DFB08238D96300095CBAB /* MangaViewController.swift */,
				328DFB09238D96300095CBAB /* MangaViewController.xib */,
			);
			path = "Manga Viewer";
			sourceTree = "<group>";
		};
		7EAAD1907EAA228FF69A9323 /* Frameworks */ = {
			isa = PBXGroup;
			children = (
				DE4F6B672107D039F561AF88 /* Pods_Kantan_Manga.framework */,
				55D7326F35AB101E198FF621 /* Pods_Kantan_MangaTests.framework */,
				5534228050877F817D2A97BC /* Pods_Kantan_MangaUITests.framework */,
			);
			name = Frameworks;
			sourceTree = "<group>";
		};
		841B795A221F303900659FA2 /* Other */ = {
			isa = PBXGroup;
			children = (
				3232F32325276DED00DA77B8 /* demo1.cbz */,
				841B795B221F305A00659FA2 /* MangaDataSource.swift */,
				323205AD238DBCE4009E8362 /* SelectionView.swift */,
				3259D1B323C4D9A2003BA7C2 /* FuriganaUtils.swift */,
				325DA0B823C8F50700A627BD /* JapaneseDictionary.swift */,
				32FA3C7B24367428001EB0DF /* String+Extension.swift */,
				322ECF3824FF280B0013FD21 /* Bool+Extension.swift */,
				322EF654250FB05800F35E72 /* CGSize+Extension.swift */,
			);
			path = Other;
			sourceTree = "<group>";
		};
		84A831DA221D90CA00CEE1C9 = {
			isa = PBXGroup;
			children = (
				32326F8C243566FD00FCE8E5 /* cbz.png */,
				325199B92479DE0D00DA6908 /* tessdata */,
				84A831E5221D90CA00CEE1C9 /* MangaReader */,
				84A831FD221D90CC00CEE1C9 /* MangaReaderTests */,
				84A831E4221D90CA00CEE1C9 /* Products */,
				93D8060B8DF929B1DE48D612 /* Pods */,
				7EAAD1907EAA228FF69A9323 /* Frameworks */,
				843FA7DA221DE69200B86B52 /* MangaReader-Bridging-Header.h */,
			);
			sourceTree = "<group>";
		};
		84A831E4221D90CA00CEE1C9 /* Products */ = {
			isa = PBXGroup;
			children = (
				84A831E3221D90CA00CEE1C9 /* Kantan Manga.app */,
				84A831FA221D90CC00CEE1C9 /* Kantan-MangaTests.xctest */,
				84A83205221D90CC00CEE1C9 /* Kantan-MangaUITests.xctest */,
			);
			name = Products;
			sourceTree = "<group>";
		};
		84A831E5221D90CA00CEE1C9 /* MangaReader */ = {
			isa = PBXGroup;
			children = (
				326344A1247DD94200F683AB /* OCR */,
				326344A0247DD92900F683AB /* File Extraction */,
				32634498247DD89B00F683AB /* Mecab */,
				84A8321F221D9F5700CEE1C9 /* Model */,
				84A8321A221D94D400CEE1C9 /* Views */,
				84A83217221D922200CEE1C9 /* Coordinators */,
				841B795A221F303900659FA2 /* Other */,
				84A831E6221D90CA00CEE1C9 /* AppDelegate.swift */,
				84A831F0221D90CC00CEE1C9 /* Assets.xcassets */,
				84A831F2221D90CC00CEE1C9 /* LaunchScreen.storyboard */,
				84A831F5221D90CC00CEE1C9 /* Info.plist */,
				32B67063252E09FE00F89D7A /* GoogleService-Info.plist */,
			);
			path = MangaReader;
			sourceTree = "<group>";
		};
		84A831FD221D90CC00CEE1C9 /* MangaReaderTests */ = {
			isa = PBXGroup;
			children = (
				320ED4DE24832C9700F5BECF /* Mock Classes */,
				84A831FE221D90CC00CEE1C9 /* MangaReaderTests.swift */,
				32E322212481CD8D007BC017 /* CoordinatorsTest.swift */,
				84A83200221D90CC00CEE1C9 /* Info.plist */,
			);
			path = MangaReaderTests;
			sourceTree = "<group>";
		};
		84A83217221D922200CEE1C9 /* Coordinators */ = {
			isa = PBXGroup;
			children = (
				84A83218221D923800CEE1C9 /* AppCoordinator.swift */,
				843FA7DE221DEDDF00B86B52 /* AddMangasCoordinator.swift */,
				328DFB0C238D967C0095CBAB /* ViewMangaCoordinator.swift */,
				322C5B5F2483125A00C0BAB1 /* Coordinator.swift */,
				326FDE7A24A7FBFB0042CB8A /* SettingsCoordinator.swift */,
			);
			path = Coordinators;
			sourceTree = "<group>";
		};
		84A8321A221D94D400CEE1C9 /* Views */ = {
			isa = PBXGroup;
			children = (
				32A1516025325F61002B3920 /* Onboarding */,
				32AAD56E23DF7038009B3BCE /* Custom Views */,
				32F1B9FA24369CEB00AE367D /* Manga Viewer */,
				32F1B9F824369CAA00AE367D /* Library */,
			);
			path = Views;
			sourceTree = "<group>";
		};
		84A8321F221D9F5700CEE1C9 /* Model */ = {
			isa = PBXGroup;
			children = (
				84A831ED221D90CA00CEE1C9 /* MangaReader.xcdatamodeld */,
				84A83220221D9F7000CEE1C9 /* CoreDataManager.swift */,
				8418696B222495FD00C689DC /* Manga.swift */,
				8418696C222495FE00C689DC /* Manga+CoreDataProperties.swift */,
				329E30E623E9CEE000AD13A3 /* MangaCollection.swift */,
				329E30E823E9CFA100AD13A3 /* MangaCollection+CoreDataProperties.swift */,
				32AF5BCD2512567900E96C9F /* MangaCollectionable.swift */,
				32AF5BD0251256E600E96C9F /* EmptyMangaCollection.swift */,
			);
			path = Model;
			sourceTree = "<group>";
		};
		93D8060B8DF929B1DE48D612 /* Pods */ = {
			isa = PBXGroup;
			children = (
				BA8018811D3665B1CC081AAA /* Pods-MangaReader.debug.xcconfig */,
				8B52D48335DF1FCD9AF209A0 /* Pods-MangaReader.release.xcconfig */,
				C94EFCDFF019ADD087B49048 /* Pods-MangaReaderTests.debug.xcconfig */,
				DAAD206ACD0500040A70A9EB /* Pods-MangaReaderTests.release.xcconfig */,
				B5312D435FC7B69256070F18 /* Pods-MangaReaderUITests.debug.xcconfig */,
				06DADBF3922C1A6DDC6C798A /* Pods-MangaReaderUITests.release.xcconfig */,
				8D98E5C099082172CC1B5D9F /* Pods-Kantan Manga.debug.xcconfig */,
				A327A64E88F19F8643D71949 /* Pods-Kantan Manga.release.xcconfig */,
				A2DA5F898D8C2D53A75BB008 /* Pods-Kantan MangaTests.debug.xcconfig */,
				9BB91672C2D1A901F5249E39 /* Pods-Kantan MangaTests.release.xcconfig */,
				AEE10ABE2D65A69DEDEBECB1 /* Pods-Kantan MangaUITests.debug.xcconfig */,
				242210AC34B74187B27CDD7A /* Pods-Kantan MangaUITests.release.xcconfig */,
				617240BC1208769EA8C99836 /* Pods-Kantan-Manga.debug.xcconfig */,
				1CF76EB31FF2FE6AA0332A68 /* Pods-Kantan-Manga.release.xcconfig */,
				AE5CA3834F7515F41553FC66 /* Pods-Kantan-MangaTests.debug.xcconfig */,
				FD200C244EEBB3C96B73AD4A /* Pods-Kantan-MangaTests.release.xcconfig */,
				88397E2323735E2420DCBF59 /* Pods-Kantan-MangaUITests.debug.xcconfig */,
				D200AF6C1CEE3CDAFD863DDB /* Pods-Kantan-MangaUITests.release.xcconfig */,
			);
			name = Pods;
			sourceTree = "<group>";
		};
/* End PBXGroup section */

/* Begin PBXNativeTarget section */
		84A831E2221D90CA00CEE1C9 /* Kantan-Manga */ = {
			isa = PBXNativeTarget;
			buildConfigurationList = 84A8320E221D90CC00CEE1C9 /* Build configuration list for PBXNativeTarget "Kantan-Manga" */;
			buildPhases = (
				47EC031D6820EED60E125F73 /* [CP] Check Pods Manifest.lock */,
				84A831DF221D90CA00CEE1C9 /* Sources */,
				84A831E0221D90CA00CEE1C9 /* Frameworks */,
				84A831E1221D90CA00CEE1C9 /* Resources */,
				D1FBAE1E0464DE3A1AB9215B /* [CP] Embed Pods Frameworks */,
				8418695E222346F000C689DC /* ShellScript */,
				324BB9702498369B006241E8 /* Embed Frameworks */,
			);
			buildRules = (
			);
			dependencies = (
			);
			name = "Kantan-Manga";
			productName = MangaReader;
			productReference = 84A831E3221D90CA00CEE1C9 /* Kantan Manga.app */;
			productType = "com.apple.product-type.application";
		};
		84A831F9221D90CC00CEE1C9 /* Kantan-MangaTests */ = {
			isa = PBXNativeTarget;
			buildConfigurationList = 84A83211221D90CC00CEE1C9 /* Build configuration list for PBXNativeTarget "Kantan-MangaTests" */;
			buildPhases = (
				EA039F059F557E0A6B94B376 /* [CP] Check Pods Manifest.lock */,
				84A831F6221D90CC00CEE1C9 /* Sources */,
				84A831F7221D90CC00CEE1C9 /* Frameworks */,
				84A831F8221D90CC00CEE1C9 /* Resources */,
			);
			buildRules = (
			);
			dependencies = (
				84A831FC221D90CC00CEE1C9 /* PBXTargetDependency */,
			);
			name = "Kantan-MangaTests";
			productName = MangaReaderTests;
			productReference = 84A831FA221D90CC00CEE1C9 /* Kantan-MangaTests.xctest */;
			productType = "com.apple.product-type.bundle.unit-test";
		};
		84A83204221D90CC00CEE1C9 /* Kantan-MangaUITests */ = {
			isa = PBXNativeTarget;
			buildConfigurationList = 84A83214221D90CC00CEE1C9 /* Build configuration list for PBXNativeTarget "Kantan-MangaUITests" */;
			buildPhases = (
				1E148B4D9991442BC6BF10E8 /* [CP] Check Pods Manifest.lock */,
				84A83201221D90CC00CEE1C9 /* Sources */,
				84A83202221D90CC00CEE1C9 /* Frameworks */,
				84A83203221D90CC00CEE1C9 /* Resources */,
			);
			buildRules = (
			);
			dependencies = (
				84A83207221D90CC00CEE1C9 /* PBXTargetDependency */,
			);
			name = "Kantan-MangaUITests";
			productName = MangaReaderUITests;
			productReference = 84A83205221D90CC00CEE1C9 /* Kantan-MangaUITests.xctest */;
			productType = "com.apple.product-type.bundle.ui-testing";
		};
/* End PBXNativeTarget section */

/* Begin PBXProject section */
		84A831DB221D90CA00CEE1C9 /* Project object */ = {
			isa = PBXProject;
			attributes = {
				LastSwiftUpdateCheck = 1010;
				LastUpgradeCheck = 1200;
				ORGANIZATIONNAME = "";
				TargetAttributes = {
					84A831E2221D90CA00CEE1C9 = {
						CreatedOnToolsVersion = 10.1;
						LastSwiftMigration = 1100;
					};
					84A831F9221D90CC00CEE1C9 = {
						CreatedOnToolsVersion = 10.1;
						LastSwiftMigration = 1100;
						TestTargetID = 84A831E2221D90CA00CEE1C9;
					};
					84A83204221D90CC00CEE1C9 = {
						CreatedOnToolsVersion = 10.1;
						TestTargetID = 84A831E2221D90CA00CEE1C9;
					};
				};
			};
			buildConfigurationList = 84A831DE221D90CA00CEE1C9 /* Build configuration list for PBXProject "Kantan-Manga" */;
			compatibilityVersion = "Xcode 9.3";
			developmentRegion = en;
			hasScannedForEncodings = 0;
			knownRegions = (
				en,
				Base,
			);
			mainGroup = 84A831DA221D90CA00CEE1C9;
			productRefGroup = 84A831E4221D90CA00CEE1C9 /* Products */;
			projectDirPath = "";
			projectReferences = (
				{
					ProductGroup = 324BB954249835DD006241E8 /* Products */;
					ProjectRef = 324BB953249835DD006241E8 /* mecab.xcodeproj */;
				},
			);
			projectRoot = "";
			targets = (
				84A831E2221D90CA00CEE1C9 /* Kantan-Manga */,
				84A831F9221D90CC00CEE1C9 /* Kantan-MangaTests */,
				84A83204221D90CC00CEE1C9 /* Kantan-MangaUITests */,
			);
		};
/* End PBXProject section */

/* Begin PBXReferenceProxy section */
		324BB958249835DD006241E8 /* mecab.framework */ = {
			isa = PBXReferenceProxy;
			fileType = wrapper.framework;
			path = mecab.framework;
			remoteRef = 324BB957249835DD006241E8 /* PBXContainerItemProxy */;
			sourceTree = BUILT_PRODUCTS_DIR;
		};
/* End PBXReferenceProxy section */

/* Begin PBXResourcesBuildPhase section */
		84A831E1221D90CA00CEE1C9 /* Resources */ = {
			isa = PBXResourcesBuildPhase;
			buildActionMask = 2147483647;
			files = (
				324BB95A2498365E006241E8 /* mecabrc in Resources */,
				32326F8724354ECC00FCE8E5 /* FileSourceViewController.xib in Resources */,
				32892C0B23E39FBC000B1C3E /* AddMangaViewController.xib in Resources */,
				3232F32525276DED00DA77B8 /* demo1.cbz in Resources */,
				32B67064252E09FF00F89D7A /* GoogleService-Info.plist in Resources */,
				84A831F4221D90CC00CEE1C9 /* LaunchScreen.storyboard in Resources */,
				32F1B9F7243688EC00AE367D /* NewCollectionTableViewCell.xib in Resources */,
				32A1516D253260C0002B3920 /* OnboardingViewController.xib in Resources */,
				324BB99924983DF7006241E8 /* right-id.def in Resources */,
				3249F2D8250BBC18004C514E /* MangaCollectionCollectionViewCell.xib in Resources */,
				324BB99324983DF7006241E8 /* left-id.def in Resources */,
				84A831F1221D90CC00CEE1C9 /* Assets.xcassets in Resources */,
				32326F8D243566FD00FCE8E5 /* cbz.png in Resources */,
				324BB99724983DF7006241E8 /* sys.dic in Resources */,
				324BB99224983DF7006241E8 /* rewrite.def in Resources */,
				324BB99424983DF7006241E8 /* pos-id.def in Resources */,
				328DFB0B238D96300095CBAB /* MangaViewController.xib in Resources */,
				3219C2AA251100D200915DE1 /* CollectionViewController.xib in Resources */,
				324BB99624983DF7006241E8 /* unk.dic in Resources */,
				324BB99524983DF7006241E8 /* matrix.bin in Resources */,
				324BB99A24983DF7006241E8 /* char.bin in Resources */,
				325199BB2479DE0D00DA6908 /* tessdata in Resources */,
				84A8321E221D951500CEE1C9 /* LibraryViewController.xib in Resources */,
				324BB99824983DF7006241E8 /* dicrc in Resources */,
				843FA7ED221E0BE900B86B52 /* PageViewController.xib in Resources */,
				843FA7E3221DF0C300B86B52 /* WebServerViewController.xib in Resources */,
				32326F892435613E00FCE8E5 /* cbz.svg in Resources */,
				84A83225221DB10400CEE1C9 /* MangaCollectionViewCell.xib in Resources */,
				323CD90A23CB7107007FFC58 /* jamdict.db in Resources */,
			);
			runOnlyForDeploymentPostprocessing = 0;
		};
		84A831F8221D90CC00CEE1C9 /* Resources */ = {
			isa = PBXResourcesBuildPhase;
			buildActionMask = 2147483647;
			files = (
				325199CA2479E9B900DA6908 /* tessdata in Resources */,
			);
			runOnlyForDeploymentPostprocessing = 0;
		};
		84A83203221D90CC00CEE1C9 /* Resources */ = {
			isa = PBXResourcesBuildPhase;
			buildActionMask = 2147483647;
			files = (
				325199CC2479E9BC00DA6908 /* tessdata in Resources */,
			);
			runOnlyForDeploymentPostprocessing = 0;
		};
/* End PBXResourcesBuildPhase section */

/* Begin PBXShellScriptBuildPhase section */
		1E148B4D9991442BC6BF10E8 /* [CP] Check Pods Manifest.lock */ = {
			isa = PBXShellScriptBuildPhase;
			buildActionMask = 2147483647;
			files = (
			);
			inputPaths = (
				"${PODS_PODFILE_DIR_PATH}/Podfile.lock",
				"${PODS_ROOT}/Manifest.lock",
			);
			name = "[CP] Check Pods Manifest.lock";
			outputPaths = (
				"$(DERIVED_FILE_DIR)/Pods-Kantan-MangaUITests-checkManifestLockResult.txt",
			);
			runOnlyForDeploymentPostprocessing = 0;
			shellPath = /bin/sh;
			shellScript = "diff \"${PODS_PODFILE_DIR_PATH}/Podfile.lock\" \"${PODS_ROOT}/Manifest.lock\" > /dev/null\nif [ $? != 0 ] ; then\n    # print error to STDERR\n    echo \"error: The sandbox is not in sync with the Podfile.lock. Run 'pod install' or update your CocoaPods installation.\" >&2\n    exit 1\nfi\n# This output is used by Xcode 'outputs' to avoid re-running this script phase.\necho \"SUCCESS\" > \"${SCRIPT_OUTPUT_FILE_0}\"\n";
			showEnvVarsInLog = 0;
		};
		47EC031D6820EED60E125F73 /* [CP] Check Pods Manifest.lock */ = {
			isa = PBXShellScriptBuildPhase;
			buildActionMask = 2147483647;
			files = (
			);
			inputPaths = (
				"${PODS_PODFILE_DIR_PATH}/Podfile.lock",
				"${PODS_ROOT}/Manifest.lock",
			);
			name = "[CP] Check Pods Manifest.lock";
			outputPaths = (
				"$(DERIVED_FILE_DIR)/Pods-Kantan-Manga-checkManifestLockResult.txt",
			);
			runOnlyForDeploymentPostprocessing = 0;
			shellPath = /bin/sh;
			shellScript = "diff \"${PODS_PODFILE_DIR_PATH}/Podfile.lock\" \"${PODS_ROOT}/Manifest.lock\" > /dev/null\nif [ $? != 0 ] ; then\n    # print error to STDERR\n    echo \"error: The sandbox is not in sync with the Podfile.lock. Run 'pod install' or update your CocoaPods installation.\" >&2\n    exit 1\nfi\n# This output is used by Xcode 'outputs' to avoid re-running this script phase.\necho \"SUCCESS\" > \"${SCRIPT_OUTPUT_FILE_0}\"\n";
			showEnvVarsInLog = 0;
		};
		8418695E222346F000C689DC /* ShellScript */ = {
			isa = PBXShellScriptBuildPhase;
			buildActionMask = 2147483647;
			files = (
			);
			inputFileListPaths = (
			);
			inputPaths = (
			);
			outputFileListPaths = (
			);
			outputPaths = (
			);
			runOnlyForDeploymentPostprocessing = 0;
			shellPath = /bin/sh;
			shellScript = "if which swiftlint >/dev/null; then\nswiftlint\nelse\necho \"warning: SwiftLint not installed, download from https://github.com/realm/SwiftLint\"\nfi\n";
		};
		D1FBAE1E0464DE3A1AB9215B /* [CP] Embed Pods Frameworks */ = {
			isa = PBXShellScriptBuildPhase;
			buildActionMask = 2147483647;
			files = (
			);
			inputFileListPaths = (
				"${PODS_ROOT}/Target Support Files/Pods-Kantan-Manga/Pods-Kantan-Manga-frameworks-${CONFIGURATION}-input-files.xcfilelist",
			);
			name = "[CP] Embed Pods Frameworks";
			outputFileListPaths = (
				"${PODS_ROOT}/Target Support Files/Pods-Kantan-Manga/Pods-Kantan-Manga-frameworks-${CONFIGURATION}-output-files.xcfilelist",
			);
			runOnlyForDeploymentPostprocessing = 0;
			shellPath = /bin/sh;
			shellScript = "\"${PODS_ROOT}/Target Support Files/Pods-Kantan-Manga/Pods-Kantan-Manga-frameworks.sh\"\n";
			showEnvVarsInLog = 0;
		};
		EA039F059F557E0A6B94B376 /* [CP] Check Pods Manifest.lock */ = {
			isa = PBXShellScriptBuildPhase;
			buildActionMask = 2147483647;
			files = (
			);
			inputPaths = (
				"${PODS_PODFILE_DIR_PATH}/Podfile.lock",
				"${PODS_ROOT}/Manifest.lock",
			);
			name = "[CP] Check Pods Manifest.lock";
			outputPaths = (
				"$(DERIVED_FILE_DIR)/Pods-Kantan-MangaTests-checkManifestLockResult.txt",
			);
			runOnlyForDeploymentPostprocessing = 0;
			shellPath = /bin/sh;
			shellScript = "diff \"${PODS_PODFILE_DIR_PATH}/Podfile.lock\" \"${PODS_ROOT}/Manifest.lock\" > /dev/null\nif [ $? != 0 ] ; then\n    # print error to STDERR\n    echo \"error: The sandbox is not in sync with the Podfile.lock. Run 'pod install' or update your CocoaPods installation.\" >&2\n    exit 1\nfi\n# This output is used by Xcode 'outputs' to avoid re-running this script phase.\necho \"SUCCESS\" > \"${SCRIPT_OUTPUT_FILE_0}\"\n";
			showEnvVarsInLog = 0;
		};
/* End PBXShellScriptBuildPhase section */

/* Begin PBXSourcesBuildPhase section */
		84A831DF221D90CA00CEE1C9 /* Sources */ = {
			isa = PBXSourcesBuildPhase;
			buildActionMask = 2147483647;
			files = (
				323205AE238DBCE4009E8362 /* SelectionView.swift in Sources */,
				322EF658250FB49700F35E72 /* AspectAlignImage.swift in Sources */,
				320F277423C2046900D9930F /* Tokenizer.swift in Sources */,
				32C49CD725168A0F000A9607 /* OpenCollectionAnimationController.swift in Sources */,
				329E30E923E9CFA100AD13A3 /* MangaCollection+CoreDataProperties.swift in Sources */,
				32350AA8247C723C002D100D /* WordParser.swift in Sources */,
				32892C0A23E39FBC000B1C3E /* AddMangaViewController.swift in Sources */,
				84A83219221D923800CEE1C9 /* AppCoordinator.swift in Sources */,
				843FA7EC221E0BE900B86B52 /* PageViewController.swift in Sources */,
				325CFC1D2480582700110F31 /* DictionaryView.swift in Sources */,
				32F1B9F3243685DC00AE367D /* SelectCollectionTableViewController.swift in Sources */,
				32AF5BD1251256E600E96C9F /* EmptyMangaCollection.swift in Sources */,
				32F1B9FC24369E1100AE367D /* OpenMangaAnimationController.swift in Sources */,
				8418696D222495FE00C689DC /* Manga.swift in Sources */,
				32FA3C7C24367428001EB0DF /* String+Extension.swift in Sources */,
				325DA0B923C8F50700A627BD /* JapaneseDictionary.swift in Sources */,
				32AF5BCE2512567900E96C9F /* MangaCollectionable.swift in Sources */,
				843FA7DF221DEDDF00B86B52 /* AddMangasCoordinator.swift in Sources */,
				32A1517225326D76002B3920 /* CircleView.swift in Sources */,
				843FA7E9221DFE9E00B86B52 /* CBZReader.swift in Sources */,
				8418696E222495FE00C689DC /* Manga+CoreDataProperties.swift in Sources */,
				3249F2D7250BBC18004C514E /* MangaCollectionCollectionViewCell.swift in Sources */,
				325199B42479D96400DA6908 /* ImageOCR.swift in Sources */,
				328DFB0D238D967C0095CBAB /* ViewMangaCoordinator.swift in Sources */,
				32E3221C2481A67D007BC017 /* JapaneseHelpViewController.swift in Sources */,
				320F277323C2046900D9930F /* Token.swift in Sources */,
				84A831E7221D90CA00CEE1C9 /* AppDelegate.swift in Sources */,
				3259D1B423C4D9A2003BA7C2 /* FuriganaUtils.swift in Sources */,
				328DFB0A238D96300095CBAB /* MangaViewController.swift in Sources */,
				84A8321D221D951500CEE1C9 /* LibraryViewController.swift in Sources */,
				326FDE7B24A7FBFB0042CB8A /* SettingsCoordinator.swift in Sources */,
				843FA7E2221DF0C300B86B52 /* WebServerViewController.swift in Sources */,
				841B795C221F305A00659FA2 /* MangaDataSource.swift in Sources */,
				329E30E723E9CEE000AD13A3 /* MangaCollection.swift in Sources */,
				32E37987252A6A6000ED4BAC /* AcknowledgmentsView.swift in Sources */,
				32F1B9F6243688EC00AE367D /* NewCollectionTableViewCell.swift in Sources */,
				32E322182481A531007BC017 /* ParsedInputField.swift in Sources */,
				32326F8624354ECC00FCE8E5 /* FileSourceViewController.swift in Sources */,
				322EF655250FB05800F35E72 /* CGSize+Extension.swift in Sources */,
				325199B72479D9E000DA6908 /* GoogleVisionOCR.swift in Sources */,
				322C5B602483125A00C0BAB1 /* Coordinator.swift in Sources */,
				3219C2A9251100D200915DE1 /* CollectionViewController.swift in Sources */,
				326344A3247DD98B00F683AB /* Reader.swift in Sources */,
				3238DF3A24D7840200DE8782 /* WordButton.swift in Sources */,
				322ECF3924FF280B0013FD21 /* Bool+Extension.swift in Sources */,
				326344A5247DDAF800F683AB /* CBRReader.swift in Sources */,
				32A1516C253260C0002B3920 /* OnboardingViewController.swift in Sources */,
				84A83224221DB10400CEE1C9 /* MangaCollectionViewCell.swift in Sources */,
				326FDE7F24A80BB20042CB8A /* AboutView.swift in Sources */,
				84A83221221D9F7000CEE1C9 /* CoreDataManager.swift in Sources */,
				326FDE7924A7F8350042CB8A /* SettingsTableViewController.swift in Sources */,
				84A831EF221D90CA00CEE1C9 /* MangaReader.xcdatamodeld in Sources */,
				325199C42479E20700DA6908 /* TesseractOCR.swift in Sources */,
				325CFC21248060AD00110F31 /* DictionaryEntryView.swift in Sources */,
			);
			runOnlyForDeploymentPostprocessing = 0;
		};
		84A831F6221D90CC00CEE1C9 /* Sources */ = {
			isa = PBXSourcesBuildPhase;
			buildActionMask = 2147483647;
			files = (
				322C5B5C24830C2500C0BAB1 /* MockLibraryViewController.swift in Sources */,
				320ED4D924831D2900F5BECF /* MockUploadServer.swift in Sources */,
				3219C2B02511103600915DE1 /* MockCollectionViewControllerDelgate.swift in Sources */,
				320ED4D72483189F00F5BECF /* MockNavigationController.swift in Sources */,
				320ED4D32483178C00F5BECF /* DummyDelegates.swift in Sources */,
				320ED4DD2483289D00F5BECF /* MockAddMangaViewControllerDelegate.swift in Sources */,
				32E322222481CD8D007BC017 /* CoordinatorsTest.swift in Sources */,
				32C3512F24845D2800D1EB42 /* MockViewMangaCoordinatorDelegate.swift in Sources */,
				84A831FF221D90CC00CEE1C9 /* MangaReaderTests.swift in Sources */,
				32C351332484645700D1EB42 /* MockOCR.swift in Sources */,
				3219C2B22511103A00915DE1 /* MockCollectionViewController.swift in Sources */,
				320ED4DB248326F300F5BECF /* MockAddMangasCoordinatorDelegate.swift in Sources */,
			);
			runOnlyForDeploymentPostprocessing = 0;
		};
		84A83201221D90CC00CEE1C9 /* Sources */ = {
			isa = PBXSourcesBuildPhase;
			buildActionMask = 2147483647;
			files = (
			);
			runOnlyForDeploymentPostprocessing = 0;
		};
/* End PBXSourcesBuildPhase section */

/* Begin PBXTargetDependency section */
		84A831FC221D90CC00CEE1C9 /* PBXTargetDependency */ = {
			isa = PBXTargetDependency;
			target = 84A831E2221D90CA00CEE1C9 /* Kantan-Manga */;
			targetProxy = 84A831FB221D90CC00CEE1C9 /* PBXContainerItemProxy */;
		};
		84A83207221D90CC00CEE1C9 /* PBXTargetDependency */ = {
			isa = PBXTargetDependency;
			target = 84A831E2221D90CA00CEE1C9 /* Kantan-Manga */;
			targetProxy = 84A83206221D90CC00CEE1C9 /* PBXContainerItemProxy */;
		};
/* End PBXTargetDependency section */

/* Begin PBXVariantGroup section */
		84A831F2221D90CC00CEE1C9 /* LaunchScreen.storyboard */ = {
			isa = PBXVariantGroup;
			children = (
				84A831F3221D90CC00CEE1C9 /* Base */,
			);
			name = LaunchScreen.storyboard;
			sourceTree = "<group>";
		};
/* End PBXVariantGroup section */

/* Begin XCBuildConfiguration section */
		84A8320C221D90CC00CEE1C9 /* Debug */ = {
			isa = XCBuildConfiguration;
			buildSettings = {
				ALWAYS_SEARCH_USER_PATHS = NO;
				CLANG_ANALYZER_NONNULL = YES;
				CLANG_ANALYZER_NUMBER_OBJECT_CONVERSION = YES_AGGRESSIVE;
				CLANG_CXX_LANGUAGE_STANDARD = "gnu++14";
				CLANG_CXX_LIBRARY = "libc++";
				CLANG_ENABLE_MODULES = YES;
				CLANG_ENABLE_OBJC_ARC = YES;
				CLANG_ENABLE_OBJC_WEAK = YES;
				CLANG_WARN_BLOCK_CAPTURE_AUTORELEASING = YES;
				CLANG_WARN_BOOL_CONVERSION = YES;
				CLANG_WARN_COMMA = YES;
				CLANG_WARN_CONSTANT_CONVERSION = YES;
				CLANG_WARN_DEPRECATED_OBJC_IMPLEMENTATIONS = YES;
				CLANG_WARN_DIRECT_OBJC_ISA_USAGE = YES_ERROR;
				CLANG_WARN_DOCUMENTATION_COMMENTS = YES;
				CLANG_WARN_EMPTY_BODY = YES;
				CLANG_WARN_ENUM_CONVERSION = YES;
				CLANG_WARN_INFINITE_RECURSION = YES;
				CLANG_WARN_INT_CONVERSION = YES;
				CLANG_WARN_NON_LITERAL_NULL_CONVERSION = YES;
				CLANG_WARN_OBJC_IMPLICIT_RETAIN_SELF = YES;
				CLANG_WARN_OBJC_LITERAL_CONVERSION = YES;
				CLANG_WARN_OBJC_ROOT_CLASS = YES_ERROR;
				CLANG_WARN_QUOTED_INCLUDE_IN_FRAMEWORK_HEADER = YES;
				CLANG_WARN_RANGE_LOOP_ANALYSIS = YES;
				CLANG_WARN_STRICT_PROTOTYPES = YES;
				CLANG_WARN_SUSPICIOUS_MOVE = YES;
				CLANG_WARN_UNGUARDED_AVAILABILITY = YES_AGGRESSIVE;
				CLANG_WARN_UNREACHABLE_CODE = YES;
				CLANG_WARN__DUPLICATE_METHOD_MATCH = YES;
				CODE_SIGN_IDENTITY = "iPhone Developer";
				COPY_PHASE_STRIP = NO;
				DEBUG_INFORMATION_FORMAT = dwarf;
				ENABLE_STRICT_OBJC_MSGSEND = YES;
				ENABLE_TESTABILITY = YES;
				GCC_C_LANGUAGE_STANDARD = gnu11;
				GCC_DYNAMIC_NO_PIC = NO;
				GCC_NO_COMMON_BLOCKS = YES;
				GCC_OPTIMIZATION_LEVEL = 0;
				GCC_PREPROCESSOR_DEFINITIONS = (
					"DEBUG=1",
					"$(inherited)",
				);
				GCC_WARN_64_TO_32_BIT_CONVERSION = YES;
				GCC_WARN_ABOUT_RETURN_TYPE = YES_ERROR;
				GCC_WARN_UNDECLARED_SELECTOR = YES;
				GCC_WARN_UNINITIALIZED_AUTOS = YES_AGGRESSIVE;
				GCC_WARN_UNUSED_FUNCTION = YES;
				GCC_WARN_UNUSED_VARIABLE = YES;
				IPHONEOS_DEPLOYMENT_TARGET = 13.0;
				MTL_ENABLE_DEBUG_INFO = INCLUDE_SOURCE;
				MTL_FAST_MATH = YES;
				ONLY_ACTIVE_ARCH = YES;
				SDKROOT = iphoneos;
				SWIFT_ACTIVE_COMPILATION_CONDITIONS = DEBUG;
				SWIFT_OPTIMIZATION_LEVEL = "-Onone";
			};
			name = Debug;
		};
		84A8320D221D90CC00CEE1C9 /* Release */ = {
			isa = XCBuildConfiguration;
			buildSettings = {
				ALWAYS_SEARCH_USER_PATHS = NO;
				CLANG_ANALYZER_NONNULL = YES;
				CLANG_ANALYZER_NUMBER_OBJECT_CONVERSION = YES_AGGRESSIVE;
				CLANG_CXX_LANGUAGE_STANDARD = "gnu++14";
				CLANG_CXX_LIBRARY = "libc++";
				CLANG_ENABLE_MODULES = YES;
				CLANG_ENABLE_OBJC_ARC = YES;
				CLANG_ENABLE_OBJC_WEAK = YES;
				CLANG_WARN_BLOCK_CAPTURE_AUTORELEASING = YES;
				CLANG_WARN_BOOL_CONVERSION = YES;
				CLANG_WARN_COMMA = YES;
				CLANG_WARN_CONSTANT_CONVERSION = YES;
				CLANG_WARN_DEPRECATED_OBJC_IMPLEMENTATIONS = YES;
				CLANG_WARN_DIRECT_OBJC_ISA_USAGE = YES_ERROR;
				CLANG_WARN_DOCUMENTATION_COMMENTS = YES;
				CLANG_WARN_EMPTY_BODY = YES;
				CLANG_WARN_ENUM_CONVERSION = YES;
				CLANG_WARN_INFINITE_RECURSION = YES;
				CLANG_WARN_INT_CONVERSION = YES;
				CLANG_WARN_NON_LITERAL_NULL_CONVERSION = YES;
				CLANG_WARN_OBJC_IMPLICIT_RETAIN_SELF = YES;
				CLANG_WARN_OBJC_LITERAL_CONVERSION = YES;
				CLANG_WARN_OBJC_ROOT_CLASS = YES_ERROR;
				CLANG_WARN_QUOTED_INCLUDE_IN_FRAMEWORK_HEADER = YES;
				CLANG_WARN_RANGE_LOOP_ANALYSIS = YES;
				CLANG_WARN_STRICT_PROTOTYPES = YES;
				CLANG_WARN_SUSPICIOUS_MOVE = YES;
				CLANG_WARN_UNGUARDED_AVAILABILITY = YES_AGGRESSIVE;
				CLANG_WARN_UNREACHABLE_CODE = YES;
				CLANG_WARN__DUPLICATE_METHOD_MATCH = YES;
				CODE_SIGN_IDENTITY = "iPhone Developer";
				COPY_PHASE_STRIP = NO;
				DEBUG_INFORMATION_FORMAT = "dwarf-with-dsym";
				ENABLE_NS_ASSERTIONS = NO;
				ENABLE_STRICT_OBJC_MSGSEND = YES;
				GCC_C_LANGUAGE_STANDARD = gnu11;
				GCC_NO_COMMON_BLOCKS = YES;
				GCC_WARN_64_TO_32_BIT_CONVERSION = YES;
				GCC_WARN_ABOUT_RETURN_TYPE = YES_ERROR;
				GCC_WARN_UNDECLARED_SELECTOR = YES;
				GCC_WARN_UNINITIALIZED_AUTOS = YES_AGGRESSIVE;
				GCC_WARN_UNUSED_FUNCTION = YES;
				GCC_WARN_UNUSED_VARIABLE = YES;
				IPHONEOS_DEPLOYMENT_TARGET = 13.0;
				MTL_ENABLE_DEBUG_INFO = NO;
				MTL_FAST_MATH = YES;
				SDKROOT = iphoneos;
				SWIFT_COMPILATION_MODE = wholemodule;
				SWIFT_OPTIMIZATION_LEVEL = "-O";
				VALIDATE_PRODUCT = YES;
			};
			name = Release;
		};
		84A8320F221D90CC00CEE1C9 /* Debug */ = {
			isa = XCBuildConfiguration;
			baseConfigurationReference = 617240BC1208769EA8C99836 /* Pods-Kantan-Manga.debug.xcconfig */;
			buildSettings = {
				ASSETCATALOG_COMPILER_APPICON_NAME = AppIcon;
				CLANG_ENABLE_MODULES = YES;
				CODE_SIGN_STYLE = Automatic;
				CURRENT_PROJECT_VERSION = 51;
				DEVELOPMENT_TEAM = 25JHVANVX3;
				ENABLE_BITCODE = NO;
				INFOPLIST_FILE = MangaReader/Info.plist;
				LD_RUNPATH_SEARCH_PATHS = (
					"$(inherited)",
					"@executable_path/Frameworks",
				);
				MARKETING_VERSION = 1.1.0;
				OTHER_LDFLAGS = (
					"$(inherited)",
					"-ObjC",
					"-weak_library",
					"/usr/lib/libc++.dylib",
					"-l\"c++\"",
					"-l\"sqlite3\"",
					"-l\"stdc++\"",
					"-l\"z\"",
					"-framework",
					"\"AVFoundation\"",
					"-framework",
					"\"Accelerate\"",
					"-framework",
					"\"CFNetwork\"",
					"-framework",
					"\"CoreGraphics\"",
					"-framework",
					"\"CoreMedia\"",
					"-framework",
					"\"CoreVideo\"",
					"-framework",
					"\"FIRAnalyticsConnector\"",
					"-framework",
					"\"FirebaseAnalytics\"",
					"-framework",
					"\"FirebaseCore\"",
					"-framework",
					"\"FirebaseCoreDiagnostics\"",
					"-framework",
					"\"FirebaseMLCommon\"",
					"-framework",
					"\"FirebaseMLVision\"",
					"-framework",
					"\"Foundation\"",
					"-framework",
					"\"GCDWebServer\"",
					"-framework",
					"\"GTMSessionFetcher\"",
					"-framework",
					"\"GoogleAPIClientForREST\"",
					"-framework",
					"\"GoogleAppMeasurement\"",
					"-framework",
					"\"GoogleDataTransport\"",
					"-framework",
					"\"GoogleToolboxForMac\"",
					"-framework",
					"\"GoogleUtilities\"",
					"-framework",
					"\"LocalAuthentication\"",
					"-framework",
					"\"MobileCoreServices\"",
					"-framework",
					"\"SQLite\"",
					"-framework",
					"\"Security\"",
					"-framework",
					"\"StoreKit\"",
					"-framework",
					"\"SystemConfiguration\"",
					"-framework",
					"\"TesseractOCR\"",
					"-framework",
					"\"UIKit\"",
					"-framework",
					"\"ZIPFoundation\"",
					"-framework",
					"\"nanopb\"",
					"-framework",
					"\"protobuf\"",
				);
				PRODUCT_BUNDLE_IDENTIFIER = com.kantanmanga;
				PRODUCT_NAME = "Kantan Manga";
				SWIFT_OBJC_BRIDGING_HEADER = "MangaReader-Bridging-Header.h";
				SWIFT_OPTIMIZATION_LEVEL = "-Onone";
				SWIFT_VERSION = 5.0;
				TARGETED_DEVICE_FAMILY = "1,2";
			};
			name = Debug;
		};
		84A83210221D90CC00CEE1C9 /* Release */ = {
			isa = XCBuildConfiguration;
			baseConfigurationReference = 1CF76EB31FF2FE6AA0332A68 /* Pods-Kantan-Manga.release.xcconfig */;
			buildSettings = {
				ASSETCATALOG_COMPILER_APPICON_NAME = AppIcon;
				CLANG_ENABLE_MODULES = YES;
				CODE_SIGN_STYLE = Automatic;
				CURRENT_PROJECT_VERSION = 51;
				DEVELOPMENT_TEAM = 25JHVANVX3;
				ENABLE_BITCODE = NO;
				INFOPLIST_FILE = MangaReader/Info.plist;
				LD_RUNPATH_SEARCH_PATHS = (
					"$(inherited)",
					"@executable_path/Frameworks",
				);
				MARKETING_VERSION = 1.1.0;
				OTHER_LDFLAGS = (
					"$(inherited)",
					"-ObjC",
					"-weak_library",
					"/usr/lib/libc++.dylib",
					"-l\"c++\"",
					"-l\"sqlite3\"",
					"-l\"stdc++\"",
					"-l\"z\"",
					"-framework",
					"\"AVFoundation\"",
					"-framework",
					"\"Accelerate\"",
					"-framework",
					"\"CFNetwork\"",
					"-framework",
					"\"CoreGraphics\"",
					"-framework",
					"\"CoreMedia\"",
					"-framework",
					"\"CoreVideo\"",
					"-framework",
					"\"FIRAnalyticsConnector\"",
					"-framework",
					"\"FirebaseAnalytics\"",
					"-framework",
					"\"FirebaseCore\"",
					"-framework",
					"\"FirebaseCoreDiagnostics\"",
					"-framework",
					"\"FirebaseMLCommon\"",
					"-framework",
					"\"FirebaseMLVision\"",
					"-framework",
					"\"Foundation\"",
					"-framework",
					"\"GCDWebServer\"",
					"-framework",
					"\"GTMSessionFetcher\"",
					"-framework",
					"\"GoogleAPIClientForREST\"",
					"-framework",
					"\"GoogleAppMeasurement\"",
					"-framework",
					"\"GoogleDataTransport\"",
					"-framework",
					"\"GoogleToolboxForMac\"",
					"-framework",
					"\"GoogleUtilities\"",
					"-framework",
					"\"LocalAuthentication\"",
					"-framework",
					"\"MobileCoreServices\"",
					"-framework",
					"\"SQLite\"",
					"-framework",
					"\"Security\"",
					"-framework",
					"\"StoreKit\"",
					"-framework",
					"\"SystemConfiguration\"",
					"-framework",
					"\"TesseractOCR\"",
					"-framework",
					"\"UIKit\"",
					"-framework",
					"\"ZIPFoundation\"",
					"-framework",
					"\"nanopb\"",
					"-framework",
					"\"protobuf\"",
				);
				PRODUCT_BUNDLE_IDENTIFIER = com.kantanmanga;
				PRODUCT_NAME = "Kantan Manga";
				SWIFT_OBJC_BRIDGING_HEADER = "MangaReader-Bridging-Header.h";
				SWIFT_VERSION = 5.0;
				TARGETED_DEVICE_FAMILY = "1,2";
			};
			name = Release;
		};
		84A83212221D90CC00CEE1C9 /* Debug */ = {
			isa = XCBuildConfiguration;
			baseConfigurationReference = AE5CA3834F7515F41553FC66 /* Pods-Kantan-MangaTests.debug.xcconfig */;
			buildSettings = {
				ALWAYS_EMBED_SWIFT_STANDARD_LIBRARIES = YES;
				BUNDLE_LOADER = "$(TEST_HOST)";
				CODE_SIGN_STYLE = Automatic;
				DEVELOPMENT_TEAM = 25JHVANVX3;
				INFOPLIST_FILE = MangaReaderTests/Info.plist;
				LD_RUNPATH_SEARCH_PATHS = (
					"$(inherited)",
					"@executable_path/Frameworks",
					"@loader_path/Frameworks",
				);
				PRODUCT_BUNDLE_IDENTIFIER = com.bakura.MangaReaderTests;
				PRODUCT_NAME = "$(TARGET_NAME)";
				SWIFT_VERSION = 5.0;
				TARGETED_DEVICE_FAMILY = "1,2";
				TEST_HOST = "$(BUILT_PRODUCTS_DIR)/Kantan Manga.app/Kantan Manga";
			};
			name = Debug;
		};
		84A83213221D90CC00CEE1C9 /* Release */ = {
			isa = XCBuildConfiguration;
			baseConfigurationReference = FD200C244EEBB3C96B73AD4A /* Pods-Kantan-MangaTests.release.xcconfig */;
			buildSettings = {
				ALWAYS_EMBED_SWIFT_STANDARD_LIBRARIES = YES;
				BUNDLE_LOADER = "$(TEST_HOST)";
				CODE_SIGN_STYLE = Automatic;
				DEVELOPMENT_TEAM = 25JHVANVX3;
				INFOPLIST_FILE = MangaReaderTests/Info.plist;
				LD_RUNPATH_SEARCH_PATHS = (
					"$(inherited)",
					"@executable_path/Frameworks",
					"@loader_path/Frameworks",
				);
				PRODUCT_BUNDLE_IDENTIFIER = com.bakura.MangaReaderTests;
				PRODUCT_NAME = "$(TARGET_NAME)";
				SWIFT_VERSION = 5.0;
				TARGETED_DEVICE_FAMILY = "1,2";
				TEST_HOST = "$(BUILT_PRODUCTS_DIR)/Kantan Manga.app/Kantan Manga";
			};
			name = Release;
		};
		84A83215221D90CC00CEE1C9 /* Debug */ = {
			isa = XCBuildConfiguration;
			baseConfigurationReference = 88397E2323735E2420DCBF59 /* Pods-Kantan-MangaUITests.debug.xcconfig */;
			buildSettings = {
				ALWAYS_EMBED_SWIFT_STANDARD_LIBRARIES = YES;
				CODE_SIGN_STYLE = Automatic;
				DEVELOPMENT_TEAM = 25JHVANVX3;
				INFOPLIST_FILE = MangaReaderUITests/Info.plist;
				LD_RUNPATH_SEARCH_PATHS = (
					"$(inherited)",
					"@executable_path/Frameworks",
					"@loader_path/Frameworks",
				);
				PRODUCT_BUNDLE_IDENTIFIER = com.bakura.MangaReaderUITests;
				PRODUCT_NAME = "$(TARGET_NAME)";
				SWIFT_VERSION = 4.2;
				TARGETED_DEVICE_FAMILY = "1,2";
				TEST_TARGET_NAME = MangaReader;
			};
			name = Debug;
		};
		84A83216221D90CC00CEE1C9 /* Release */ = {
			isa = XCBuildConfiguration;
			baseConfigurationReference = D200AF6C1CEE3CDAFD863DDB /* Pods-Kantan-MangaUITests.release.xcconfig */;
			buildSettings = {
				ALWAYS_EMBED_SWIFT_STANDARD_LIBRARIES = YES;
				CODE_SIGN_STYLE = Automatic;
				DEVELOPMENT_TEAM = 25JHVANVX3;
				INFOPLIST_FILE = MangaReaderUITests/Info.plist;
				LD_RUNPATH_SEARCH_PATHS = (
					"$(inherited)",
					"@executable_path/Frameworks",
					"@loader_path/Frameworks",
				);
				PRODUCT_BUNDLE_IDENTIFIER = com.bakura.MangaReaderUITests;
				PRODUCT_NAME = "$(TARGET_NAME)";
				SWIFT_VERSION = 4.2;
				TARGETED_DEVICE_FAMILY = "1,2";
				TEST_TARGET_NAME = MangaReader;
			};
			name = Release;
		};
/* End XCBuildConfiguration section */

/* Begin XCConfigurationList section */
		84A831DE221D90CA00CEE1C9 /* Build configuration list for PBXProject "Kantan-Manga" */ = {
			isa = XCConfigurationList;
			buildConfigurations = (
				84A8320C221D90CC00CEE1C9 /* Debug */,
				84A8320D221D90CC00CEE1C9 /* Release */,
			);
			defaultConfigurationIsVisible = 0;
			defaultConfigurationName = Release;
		};
		84A8320E221D90CC00CEE1C9 /* Build configuration list for PBXNativeTarget "Kantan-Manga" */ = {
			isa = XCConfigurationList;
			buildConfigurations = (
				84A8320F221D90CC00CEE1C9 /* Debug */,
				84A83210221D90CC00CEE1C9 /* Release */,
			);
			defaultConfigurationIsVisible = 0;
			defaultConfigurationName = Release;
		};
		84A83211221D90CC00CEE1C9 /* Build configuration list for PBXNativeTarget "Kantan-MangaTests" */ = {
			isa = XCConfigurationList;
			buildConfigurations = (
				84A83212221D90CC00CEE1C9 /* Debug */,
				84A83213221D90CC00CEE1C9 /* Release */,
			);
			defaultConfigurationIsVisible = 0;
			defaultConfigurationName = Release;
		};
		84A83214221D90CC00CEE1C9 /* Build configuration list for PBXNativeTarget "Kantan-MangaUITests" */ = {
			isa = XCConfigurationList;
			buildConfigurations = (
				84A83215221D90CC00CEE1C9 /* Debug */,
				84A83216221D90CC00CEE1C9 /* Release */,
			);
			defaultConfigurationIsVisible = 0;
			defaultConfigurationName = Release;
		};
/* End XCConfigurationList section */

/* Begin XCVersionGroup section */
		84A831ED221D90CA00CEE1C9 /* MangaReader.xcdatamodeld */ = {
			isa = XCVersionGroup;
			children = (
				84A831EE221D90CA00CEE1C9 /* MangaReader.xcdatamodel */,
			);
			currentVersion = 84A831EE221D90CA00CEE1C9 /* MangaReader.xcdatamodel */;
			path = MangaReader.xcdatamodeld;
			sourceTree = "<group>";
			versionGroupType = wrapper.xcdatamodel;
		};
/* End XCVersionGroup section */
	};
	rootObject = 84A831DB221D90CA00CEE1C9 /* Project object */;
}
